<?xml version="1.0" encoding="utf-8"?>
<Project ToolsVersion="4.0" xmlns="http://schemas.microsoft.com/developer/msbuild/2003">
  <ItemGroup>
    <Filter Include="Source Files">
      <UniqueIdentifier>{4FC737F1-C7A5-4376-A066-2A32D752A2FF}</UniqueIdentifier>
      <Extensions>cpp;c;cc;cxx;def;odl;idl;hpj;bat;asm;asmx</Extensions>
    </Filter>
    <Filter Include="Header Files">
      <UniqueIdentifier>{93995380-89BD-4b04-88EB-625FBE52EBFB}</UniqueIdentifier>
      <Extensions>h;hh;hpp;hxx;hm;inl;inc;xsd</Extensions>
    </Filter>
    <Filter Include="Resource Files">
      <UniqueIdentifier>{67DA6AB6-F800-4c08-8B7A-83BB121AAD01}</UniqueIdentifier>
      <Extensions>rc;ico;cur;bmp;dlg;rc2;rct;bin;rgs;gif;jpg;jpeg;jpe;resx;tiff;tif;png;wav;mfcribbon-ms</Extensions>
    </Filter>
    <Filter Include="Header Files\Container">
      <UniqueIdentifier>{c3da7fa8-067b-45e8-87ba-7f7a47f78d7d}</UniqueIdentifier>
    </Filter>
    <Filter Include="Shaders">
      <UniqueIdentifier>{82ba992a-7eb4-4df7-a21a-1ea49b4eb038}</UniqueIdentifier>
    </Filter>
    <Filter Include="Shader Pipelines">
      <UniqueIdentifier>{e02b1c8e-3b5f-4a2b-89a8-a191c6012c21}</UniqueIdentifier>
    </Filter>
    <Filter Include="Shaders\include">
      <UniqueIdentifier>{7a476166-9a7f-420e-9d39-0a4d6482af3f}</UniqueIdentifier>
    </Filter>
    <Filter Include="Header Files\util">
      <UniqueIdentifier>{806230e0-6965-4248-a01a-b0aaf7389f52}</UniqueIdentifier>
    </Filter>
    <Filter Include="Header Files\Allocator">
      <UniqueIdentifier>{0b593504-d8d5-422f-835e-e4d2fdeeb7a4}</UniqueIdentifier>
    </Filter>
    <Filter Include="Source Files\Allocator">
      <UniqueIdentifier>{94952b57-80de-4a53-8e7b-4d065c4bb0d5}</UniqueIdentifier>
    </Filter>
    <Filter Include="Source Files\Physics">
      <UniqueIdentifier>{ceeaaffb-74a6-42aa-8583-5da089a98721}</UniqueIdentifier>
    </Filter>
    <Filter Include="Header Files\Entity">
      <UniqueIdentifier>{d4c36c08-3ca7-4c0e-b8ad-edfe714bb475}</UniqueIdentifier>
    </Filter>
    <Filter Include="Header Files\Physics">
      <UniqueIdentifier>{8e1f8408-2fe9-4124-8432-ab2a415facbd}</UniqueIdentifier>
    </Filter>
    <Filter Include="Header Files\AI">
      <UniqueIdentifier>{a95b73b8-e8c2-4a6b-9b96-e47543509784}</UniqueIdentifier>
    </Filter>
    <Filter Include="Source Files\Container">
      <UniqueIdentifier>{e10c45c8-c6fe-469f-994f-5cd6fe516894}</UniqueIdentifier>
    </Filter>
    <Filter Include="Header Files\Render">
      <UniqueIdentifier>{ffc072b1-65d1-4165-aaae-7cc01f059d6e}</UniqueIdentifier>
    </Filter>
    <Filter Include="Header Files\Render\Graphics">
      <UniqueIdentifier>{49652880-1e00-4464-8090-59064e240e18}</UniqueIdentifier>
    </Filter>
    <Filter Include="Header Files\Render\gl">
      <UniqueIdentifier>{5614856d-6358-42ee-b5ed-64e0e21022ce}</UniqueIdentifier>
    </Filter>
    <Filter Include="Source Files\Render">
      <UniqueIdentifier>{5ee99ac7-fbec-41cc-a575-2f0bd9a57729}</UniqueIdentifier>
    </Filter>
    <Filter Include="Source Files\Render\gl">
      <UniqueIdentifier>{a4e231ce-fef3-49eb-b69e-d6f142882c8c}</UniqueIdentifier>
    </Filter>
    <Filter Include="Source Files\Render\Graphics">
      <UniqueIdentifier>{23e969ac-2d1d-477e-8f6a-a8188031e271}</UniqueIdentifier>
    </Filter>
    <Filter Include="Source Files\AI">
      <UniqueIdentifier>{24c38349-713d-426b-8d3f-9d59cd8fcdd0}</UniqueIdentifier>
    </Filter>
    <Filter Include="Header Files\AI\Conditions">
      <UniqueIdentifier>{07cf6c62-cc1c-4a3d-a679-b789eefe642f}</UniqueIdentifier>
    </Filter>
    <Filter Include="Header Files\AI\Steering">
      <UniqueIdentifier>{8ca0b2ba-77f7-4149-911a-ec4c67bb56e3}</UniqueIdentifier>
    </Filter>
    <Filter Include="Source Files\AI\Navigation">
      <UniqueIdentifier>{184e5c93-2bc5-48b1-94fd-89236205ad1b}</UniqueIdentifier>
    </Filter>
    <Filter Include="Header Files\AI\Decision Tree">
      <UniqueIdentifier>{70ddb8cc-aeed-45cb-8a99-6646e88d4f5f}</UniqueIdentifier>
    </Filter>
    <Filter Include="Source Files\AI\Steering">
      <UniqueIdentifier>{bf203482-a532-4ec1-a349-de98c103366b}</UniqueIdentifier>
    </Filter>
    <Filter Include="Source Files\AI\Decisions">
      <UniqueIdentifier>{9722b3d2-e3c7-42f2-88d4-69994f1fecc4}</UniqueIdentifier>
    </Filter>
    <Filter Include="Source Files\Entity">
      <UniqueIdentifier>{b0af94ff-bf79-4e2b-9fed-9a2a7174f18f}</UniqueIdentifier>
    </Filter>
    <Filter Include="Source Files\AI\Conditions">
      <UniqueIdentifier>{1ee87ea5-3d17-40b9-9cf3-06fe886dc689}</UniqueIdentifier>
    </Filter>
    <Filter Include="Header Files\Events">
      <UniqueIdentifier>{05f457ad-a2c3-4baf-a181-05d81c7abd76}</UniqueIdentifier>
    </Filter>
    <Filter Include="Header Files\Editor">
      <UniqueIdentifier>{917b89b7-a842-4cef-8056-9c63a78f1c05}</UniqueIdentifier>
    </Filter>
    <Filter Include="Source Files\Editor">
      <UniqueIdentifier>{633544a4-e453-4b42-bc26-a5f6ede6c1ab}</UniqueIdentifier>
    </Filter>
    <Filter Include="Source Files\Converter">
      <UniqueIdentifier>{1cb8950f-257c-4239-b301-65fee806d41f}</UniqueIdentifier>
    </Filter>
    <Filter Include="Source Files\Render\Graphics\Profiler">
      <UniqueIdentifier>{4aebb6e8-175d-4166-88f5-cb6093379c59}</UniqueIdentifier>
    </Filter>
    <Filter Include="Header Files\File">
      <UniqueIdentifier>{248bfd50-c7d4-4d47-a9f3-e4a4d2e713e0}</UniqueIdentifier>
    </Filter>
    <Filter Include="Header Files\Navigation">
      <UniqueIdentifier>{2c0367ea-7bb1-4975-8778-859b7f2a54ac}</UniqueIdentifier>
    </Filter>
    <Filter Include="Header Files\Converter">
      <UniqueIdentifier>{8a5d2184-34ad-4cd0-b1ad-7170b4c30eee}</UniqueIdentifier>
    </Filter>
    <Filter Include="Header Files\Text Parser">
      <UniqueIdentifier>{9942faeb-09c7-4b93-928b-d1930324f0f4}</UniqueIdentifier>
    </Filter>
    <Filter Include="Source Files\Text Parser">
      <UniqueIdentifier>{b36dd6f5-1249-4dbc-ad9f-d58828eb803c}</UniqueIdentifier>
    </Filter>
    <Filter Include="Header Files\Render\Graphics\Commands">
      <UniqueIdentifier>{1d0a9662-c3ff-48c0-a84f-1d210a2f147a}</UniqueIdentifier>
    </Filter>
    <Filter Include="Source Files\File">
      <UniqueIdentifier>{9d79818b-63e6-42ee-b9b4-8b478a36f85e}</UniqueIdentifier>
    </Filter>
    <Filter Include="Header Files\Input">
      <UniqueIdentifier>{30930ff3-e05e-497c-9e5f-a16b9dd1588c}</UniqueIdentifier>
    </Filter>
    <Filter Include="Source Files\Input">
      <UniqueIdentifier>{83f4dcc4-cbdd-424d-ac0c-4de6d30948e5}</UniqueIdentifier>
    </Filter>
    <Filter Include="Header Files\Actions">
      <UniqueIdentifier>{a3c44381-709b-4051-b455-8b68eca39437}</UniqueIdentifier>
    </Filter>
    <Filter Include="Source Files\Actions">
      <UniqueIdentifier>{2a3ae0c1-ca63-4342-988b-896e88b3f493}</UniqueIdentifier>
    </Filter>
    <Filter Include="Header Files\AI\State Machine">
      <UniqueIdentifier>{85ddcee5-bd26-4a3d-9e96-90c3d50bd6ee}</UniqueIdentifier>
    </Filter>
    <Filter Include="Source Files\unity">
      <UniqueIdentifier>{7250a31e-9de9-4e53-99b2-f1ad7b3aa74b}</UniqueIdentifier>
    </Filter>
    <Filter Include="Source Files\Render\Graphics\Commands">
      <UniqueIdentifier>{807e9711-a7a0-4e5f-8e32-7d17c27ac795}</UniqueIdentifier>
    </Filter>
  </ItemGroup>
  <ItemGroup>
    <ClInclude Include="Engine.h">
      <Filter>Header Files</Filter>
    </ClInclude>
    <ClInclude Include="SystemAspect.h">
      <Filter>Header Files</Filter>
    </ClInclude>
    <ClInclude Include="rtti.h">
      <Filter>Header Files</Filter>
    </ClInclude>
    <ClInclude Include="Object.h">
      <Filter>Header Files</Filter>
    </ClInclude>
    <ClInclude Include="Vertex.h">
      <Filter>Header Files\Render\Graphics</Filter>
    </ClInclude>
    <ClInclude Include="VertexArray.h">
      <Filter>Header Files\Render\gl</Filter>
    </ClInclude>
    <ClInclude Include="libraries.h">
      <Filter>Header Files</Filter>
    </ClInclude>
    <ClInclude Include="thread.h">
      <Filter>Header Files</Filter>
    </ClInclude>
    <ClInclude Include="Matrix.h">
      <Filter>Header Files</Filter>
    </ClInclude>
    <ClInclude Include="MeshFactory.h">
      <Filter>Header Files</Filter>
    </ClInclude>
    <ClInclude Include="Logfile.h">
      <Filter>Header Files</Filter>
    </ClInclude>
    <ClInclude Include="MeshInstance.h">
      <Filter>Header Files\Render\Graphics</Filter>
    </ClInclude>
    <ClInclude Include="SharedFramebuffer.h">
      <Filter>Header Files\Render\gl</Filter>
    </ClInclude>
    <ClInclude Include="VirtualBaseClass.h">
      <Filter>Header Files\util</Filter>
    </ClInclude>
    <ClInclude Include="stack.h">
      <Filter>Header Files\Container</Filter>
    </ClInclude>
    <ClInclude Include="PoolAllocator.h">
      <Filter>Header Files\Allocator</Filter>
    </ClInclude>
    <ClInclude Include="StackAllocator.h">
      <Filter>Header Files\Allocator</Filter>
    </ClInclude>
    <ClInclude Include="Light.h">
      <Filter>Header Files\Render\Graphics</Filter>
    </ClInclude>
    <ClInclude Include="SceneFactory.h">
      <Filter>Header Files</Filter>
    </ClInclude>
    <ClInclude Include="thread_save_vector.h">
      <Filter>Header Files\Container</Filter>
    </ClInclude>
    <ClInclude Include="FontAtlas.h">
      <Filter>Header Files\Render\Graphics</Filter>
    </ClInclude>
    <ClInclude Include="Text.h">
      <Filter>Header Files\Render\Graphics</Filter>
    </ClInclude>
    <ClInclude Include="Font.h">
      <Filter>Header Files\Render\gl</Filter>
    </ClInclude>
    <ClInclude Include="MaterialFactory.h">
      <Filter>Header Files</Filter>
    </ClInclude>
    <ClInclude Include="PhysicsAspect.h">
      <Filter>Header Files\Physics</Filter>
    </ClInclude>
    <ClInclude Include="LoadFileCallback.h">
      <Filter>Header Files</Filter>
    </ClInclude>
    <ClInclude Include="TextureManager.h">
      <Filter>Header Files\Render\Graphics</Filter>
    </ClInclude>
    <ClInclude Include="memory.h">
      <Filter>Header Files</Filter>
    </ClInclude>
    <ClInclude Include="TextureFile.h">
      <Filter>Header Files\Render\Graphics</Filter>
    </ClInclude>
    <ClInclude Include="vxFile.h">
      <Filter>Header Files\util</Filter>
    </ClInclude>
    <ClInclude Include="Material.h">
      <Filter>Header Files</Filter>
    </ClInclude>
    <ClInclude Include="Entity.h">
      <Filter>Header Files\Entity</Filter>
    </ClInclude>
    <ClInclude Include="Pool.h">
      <Filter>Header Files</Filter>
    </ClInclude>
    <ClInclude Include="PlayerController.h">
      <Filter>Header Files</Filter>
    </ClInclude>
    <ClInclude Include="RingBuffer.h">
      <Filter>Header Files\Container</Filter>
    </ClInclude>
    <ClInclude Include="ComponentInput.h">
      <Filter>Header Files\Entity</Filter>
    </ClInclude>
    <ClInclude Include="Component.h">
      <Filter>Header Files\Entity</Filter>
    </ClInclude>
    <ClInclude Include="Transform.h">
      <Filter>Header Files</Filter>
    </ClInclude>
    <ClInclude Include="BVH.h">
      <Filter>Header Files\Container</Filter>
    </ClInclude>
    <ClInclude Include="utility.h">
      <Filter>Header Files\util</Filter>
    </ClInclude>
    <ClInclude Include="RenderAspect.h">
      <Filter>Header Files\Render</Filter>
    </ClInclude>
    <ClInclude Include="Scene.h">
      <Filter>Header Files</Filter>
    </ClInclude>
    <ClInclude Include="enums.h">
      <Filter>Header Files</Filter>
    </ClInclude>
    <ClInclude Include="Spawn.h">
      <Filter>Header Files</Filter>
    </ClInclude>
    <ClInclude Include="Actor.h">
      <Filter>Header Files</Filter>
    </ClInclude>
    <ClInclude Include="ComponentRender.h">
      <Filter>Header Files\Entity</Filter>
    </ClInclude>
    <ClInclude Include="PhysicsDefines.h">
      <Filter>Header Files\Physics</Filter>
    </ClInclude>
    <ClInclude Include="ComponentActor.h">
      <Filter>Header Files\Entity</Filter>
    </ClInclude>
    <ClInclude Include="Condition.h">
      <Filter>Header Files\AI\Conditions</Filter>
    </ClInclude>
    <ClInclude Include="DistanceCondition.h">
      <Filter>Header Files\AI\Conditions</Filter>
    </ClInclude>
    <ClInclude Include="Face.h">
      <Filter>Header Files\AI\Steering</Filter>
    </ClInclude>
    <ClInclude Include="Seek.h">
      <Filter>Header Files\AI\Steering</Filter>
    </ClInclude>
    <ClInclude Include="Align.h">
      <Filter>Header Files\AI\Steering</Filter>
    </ClInclude>
    <ClInclude Include="Wander.h">
      <Filter>Header Files\AI\Steering</Filter>
    </ClInclude>
    <ClInclude Include="ComponentsForward.h">
      <Filter>Header Files\Entity</Filter>
    </ClInclude>
    <ClInclude Include="NavGraph.h">
      <Filter>Header Files\Navigation</Filter>
    </ClInclude>
    <ClInclude Include="NavNode.h">
      <Filter>Header Files\Navigation</Filter>
    </ClInclude>
    <ClInclude Include="NavConnection.h">
      <Filter>Header Files\Navigation</Filter>
    </ClInclude>
    <ClInclude Include="AStar.h">
      <Filter>Header Files\AI</Filter>
    </ClInclude>
    <ClInclude Include="DecisionTreeNode.h">
      <Filter>Header Files\AI\Decision Tree</Filter>
    </ClInclude>
    <ClInclude Include="Decision.h">
      <Filter>Header Files\AI\Decision Tree</Filter>
    </ClInclude>
    <ClInclude Include="Steering.h">
      <Filter>Header Files\AI\Steering</Filter>
    </ClInclude>
    <ClInclude Include="Arrive.h">
      <Filter>Header Files\AI\Steering</Filter>
    </ClInclude>
    <ClInclude Include="Locator.h">
      <Filter>Header Files</Filter>
    </ClInclude>
    <ClInclude Include="AABB.h">
      <Filter>Header Files</Filter>
    </ClInclude>
    <ClInclude Include="Ray.h">
      <Filter>Header Files</Filter>
    </ClInclude>
    <ClInclude Include="Heap.h">
      <Filter>Header Files\Container</Filter>
    </ClInclude>
    <ClInclude Include="TargetState.h">
      <Filter>Header Files\AI\Decision Tree</Filter>
    </ClInclude>
    <ClInclude Include="PhysicsFactory.h">
      <Filter>Header Files\Entity</Filter>
    </ClInclude>
    <ClInclude Include="SmallObject.h">
      <Filter>Header Files</Filter>
    </ClInclude>
    <ClInclude Include="SmallObjAllocator.h">
      <Filter>Header Files\Allocator</Filter>
    </ClInclude>
    <ClInclude Include="Waypoint.h">
      <Filter>Header Files\AI</Filter>
    </ClInclude>
    <ClInclude Include="InfluenceMap.h">
      <Filter>Header Files\AI</Filter>
    </ClInclude>
    <ClInclude Include="ActorAspect.h">
      <Filter>Header Files\AI</Filter>
    </ClInclude>
    <ClInclude Include="developer.h">
      <Filter>Header Files</Filter>
    </ClInclude>
    <ClInclude Include="EventManager.h">
      <Filter>Header Files\Events</Filter>
    </ClInclude>
    <ClInclude Include="EventsIngame.h">
      <Filter>Header Files\Events</Filter>
    </ClInclude>
    <ClInclude Include="EventsAI.h">
      <Filter>Header Files\Events</Filter>
    </ClInclude>
    <ClInclude Include="EditorEngine.h">
      <Filter>Header Files\Editor</Filter>
    </ClInclude>
    <ClInclude Include="LevelEditor.h">
      <Filter>Header Files\Editor</Filter>
    </ClInclude>
    <ClInclude Include="EventEditor.h">
      <Filter>Header Files\Events</Filter>
    </ClInclude>
    <ClInclude Include="EditorScene.h">
      <Filter>Header Files\Editor</Filter>
    </ClInclude>
    <ClInclude Include="SceneBase.h">
      <Filter>Header Files</Filter>
    </ClInclude>
    <ClInclude Include="SceneFile.h">
      <Filter>Header Files</Filter>
    </ClInclude>
    <ClInclude Include="EditorRenderAspect.h">
      <Filter>Header Files\Editor</Filter>
    </ClInclude>
    <ClInclude Include="ImageBindingManager.h">
      <Filter>Header Files\Render</Filter>
    </ClInclude>
    <ClInclude Include="ProfilerGraph.h">
      <Filter>Header Files\Render\Graphics</Filter>
    </ClInclude>
    <ClInclude Include="VoxelRenderer.h">
      <Filter>Header Files\Render</Filter>
    </ClInclude>
    <ClInclude Include="RenderUpdateTask.h">
      <Filter>Header Files\Render</Filter>
    </ClInclude>
    <ClInclude Include="SceneRenderer.h">
      <Filter>Header Files\Render</Filter>
    </ClInclude>
    <ClInclude Include="LightBufferManager.h">
      <Filter>Header Files\Render</Filter>
    </ClInclude>
    <ClInclude Include="GpuFunctions.h">
      <Filter>Header Files\Render</Filter>
    </ClInclude>
    <ClInclude Include="ScreenshotFactory.h">
      <Filter>Header Files\Render</Filter>
    </ClInclude>
    <ClInclude Include="Editor.h">
      <Filter>Header Files\Editor</Filter>
    </ClInclude>
    <ClInclude Include="GpuProfiler.h">
      <Filter>Header Files\Render</Filter>
    </ClInclude>
    <ClInclude Include="GpuStructs.h">
      <Filter>Header Files\Render</Filter>
    </ClInclude>
    <ClInclude Include="EngineConfig.h">
      <Filter>Header Files</Filter>
    </ClInclude>
    <ClInclude Include="RenderAspectDescription.h">
      <Filter>Header Files\Render</Filter>
    </ClInclude>
    <ClInclude Include="DebugRenderSettings.h">
      <Filter>Header Files\Render</Filter>
    </ClInclude>
    <ClInclude Include="DrawCommand.h">
      <Filter>Header Files\Render\Graphics</Filter>
    </ClInclude>
    <ClInclude Include="ProgramUniformBinding.h">
      <Filter>Header Files\Render\Graphics</Filter>
    </ClInclude>
    <ClInclude Include="DDS_File.h">
      <Filter>Header Files\Render\Graphics</Filter>
    </ClInclude>
    <ClInclude Include="Triangle.h">
      <Filter>Header Files</Filter>
    </ClInclude>
    <ClInclude Include="Plane.h">
      <Filter>Header Files</Filter>
    </ClInclude>
    <ClInclude Include="CreateActorData.h">
      <Filter>Header Files\Events</Filter>
    </ClInclude>
    <ClInclude Include="Primitive.h">
      <Filter>Header Files</Filter>
    </ClInclude>
    <ClInclude Include="CreateSceneDescription.h">
      <Filter>Header Files</Filter>
    </ClInclude>
    <ClInclude Include="FileEntry.h">
      <Filter>Header Files\File</Filter>
    </ClInclude>
    <ClInclude Include="FileFactory.h">
      <Filter>Header Files\File</Filter>
    </ClInclude>
    <ClInclude Include="NavMesh.h">
      <Filter>Header Files\Navigation</Filter>
    </ClInclude>
    <ClInclude Include="NavMeshTriangle.h">
      <Filter>Header Files\Navigation</Filter>
    </ClInclude>
    <ClInclude Include="ConverterEditorSceneToSceneFile.h">
      <Filter>Header Files\Converter</Filter>
    </ClInclude>
    <ClInclude Include="ConverterSceneFileToScene.h">
      <Filter>Header Files\Converter</Filter>
    </ClInclude>
    <ClInclude Include="Graphics\State.h">
      <Filter>Header Files\Render\Graphics</Filter>
    </ClInclude>
    <ClInclude Include="Graphics\Segment.h">
      <Filter>Header Files\Render\Graphics</Filter>
    </ClInclude>
    <ClInclude Include="Graphics\CommandList.h">
      <Filter>Header Files\Render\Graphics</Filter>
    </ClInclude>
    <ClInclude Include="Graphics\Commands.h">
      <Filter>Header Files\Render\Graphics</Filter>
    </ClInclude>
    <ClInclude Include="Reference.h">
      <Filter>Header Files</Filter>
    </ClInclude>
    <ClInclude Include="Graphics\Renderer.h">
      <Filter>Header Files\Render\Graphics</Filter>
    </ClInclude>
    <ClInclude Include="Graphics\StaticMeshRenderer.h">
      <Filter>Header Files\Render\Graphics</Filter>
    </ClInclude>
    <ClInclude Include="gl\ObjectManager.h">
      <Filter>Header Files\Render\gl</Filter>
    </ClInclude>
    <ClInclude Include="gl\BufferManager.h">
      <Filter>Header Files\Render\gl</Filter>
    </ClInclude>
    <ClInclude Include="gl\BufferBindingManager.h">
      <Filter>Header Files\Render\gl</Filter>
    </ClInclude>
    <ClInclude Include="Graphics\ShadowRenderer.h">
      <Filter>Header Files\Render\Graphics</Filter>
    </ClInclude>
    <ClInclude Include="RenderCommand.h">
      <Filter>Header Files\Render</Filter>
    </ClInclude>
    <ClInclude Include="RenderCommandFinalImage.h">
      <Filter>Header Files\Render</Filter>
    </ClInclude>
    <ClInclude Include="Graphics\Commands\ProgramUniformCommand.h">
      <Filter>Header Files\Render\Graphics\Commands</Filter>
    </ClInclude>
    <ClInclude Include="FileAspect.h">
      <Filter>Header Files\File</Filter>
    </ClInclude>
    <ClInclude Include="EntityAspect.h">
      <Filter>Header Files\Entity</Filter>
    </ClInclude>
    <ClInclude Include="input\Keys.h">
      <Filter>Header Files\Input</Filter>
    </ClInclude>
    <ClInclude Include="EngineGlobals.h">
      <Filter>Header Files</Filter>
    </ClInclude>
    <ClInclude Include="ActionPlayerLookAround.h">
      <Filter>Header Files\Actions</Filter>
    </ClInclude>
    <ClInclude Include="ActionPlayerMove.h">
      <Filter>Header Files\Actions</Filter>
    </ClInclude>
    <ClInclude Include="ActionUpdateGpuTransform.h">
      <Filter>Header Files\Actions</Filter>
    </ClInclude>
    <ClInclude Include="Action.h">
      <Filter>Header Files\Actions</Filter>
    </ClInclude>
    <ClInclude Include="ai\Squad.h">
      <Filter>Header Files\AI</Filter>
    </ClInclude>
    <ClInclude Include="TextureFileManager.h">
      <Filter>Header Files\File</Filter>
    </ClInclude>
    <ClInclude Include="State.h">
      <Filter>Header Files\AI\State Machine</Filter>
    </ClInclude>
    <ClInclude Include="StateMachine.h">
      <Filter>Header Files\AI\State Machine</Filter>
    </ClInclude>
    <ClInclude Include="Transition.h">
      <Filter>Header Files\AI\State Machine</Filter>
    </ClInclude>
    <ClInclude Include="DecisionTreeTransition.h">
      <Filter>Header Files\AI\State Machine</Filter>
    </ClInclude>
    <ClInclude Include="dds.h">
      <Filter>Header Files</Filter>
    </ClInclude>
    <ClInclude Include="Graphics\Surface.h">
      <Filter>Header Files\Render\Graphics</Filter>
    </ClInclude>
    <ClInclude Include="ActionFollowPath.h">
      <Filter>Header Files\Actions</Filter>
    </ClInclude>
    <ClInclude Include="ConditionActorHasPath.h">
      <Filter>Header Files\AI\Conditions</Filter>
    </ClInclude>
    <ClInclude Include="ConditionActorFollowingPath.h">
      <Filter>Header Files\AI\Conditions</Filter>
    </ClInclude>
    <ClInclude Include="ActionSetFollowPath.h">
      <Filter>Header Files\Actions</Filter>
    </ClInclude>
    <ClInclude Include="NavMeshGraph.h">
      <Filter>Header Files\Navigation</Filter>
    </ClInclude>
    <ClInclude Include="Timer.h">
      <Filter>Header Files</Filter>
    </ClInclude>
    <ClInclude Include="PseudoRandom.h">
      <Filter>Header Files</Filter>
    </ClInclude>
    <ClInclude Include="ActionPrintText.h">
      <Filter>Header Files\Actions</Filter>
    </ClInclude>
    <ClInclude Include="ActionActorCreatePath.h">
      <Filter>Header Files\Actions</Filter>
    </ClInclude>
    <ClInclude Include="CpuProfiler.h">
      <Filter>Header Files</Filter>
    </ClInclude>
    <ClInclude Include="DoubleBufferRaw.h">
      <Filter>Header Files\Container</Filter>
    </ClInclude>
    <ClInclude Include="ActionManager.h">
      <Filter>Header Files\Actions</Filter>
    </ClInclude>
    <ClInclude Include="EditorObjectColors.h">
      <Filter>Header Files\Editor</Filter>
    </ClInclude>
    <ClInclude Include="SegmentFactory.h">
      <Filter>Header Files\Render\Graphics</Filter>
    </ClInclude>
    <ClInclude Include="Graphics\CommandFactory.h">
      <Filter>Header Files\Render\Graphics</Filter>
    </ClInclude>
    <ClInclude Include="ParserNode.h">
      <Filter>Header Files\Text Parser</Filter>
    </ClInclude>
    <ClInclude Include="ParserConverter.h">
      <Filter>Header Files\Text Parser</Filter>
    </ClInclude>
    <ClInclude Include="Graphics\Commands\ViewportCommand.h">
      <Filter>Header Files\Render\Graphics\Commands</Filter>
    </ClInclude>
    <ClInclude Include="Graphics\Commands\Command.h">
      <Filter>Header Files\Render\Graphics\Commands</Filter>
    </ClInclude>
    <ClInclude Include="Graphics\Commands\PointSizeCommand.h">
      <Filter>Header Files\Render\Graphics\Commands</Filter>
    </ClInclude>
    <ClInclude Include="Graphics\Commands\DrawArraysIndirectCommand.h">
      <Filter>Header Files\Render\Graphics\Commands</Filter>
    </ClInclude>
    <ClInclude Include="Graphics\Commands\DrawElementsIndirectCommand.h">
      <Filter>Header Files\Render\Graphics\Commands</Filter>
    </ClInclude>
    <ClInclude Include="Graphics\Commands\MultiDrawElementsIndirectCountCommand.h">
      <Filter>Header Files\Render\Graphics\Commands</Filter>
    </ClInclude>
    <ClInclude Include="Graphics\Commands\MultiDrawArraysIndirectCountCommand.h">
      <Filter>Header Files\Render\Graphics\Commands</Filter>
    </ClInclude>
    <ClInclude Include="Graphics\Commands\ClearColorCommand.h">
      <Filter>Header Files\Render\Graphics\Commands</Filter>
    </ClInclude>
    <ClInclude Include="Graphics\Commands\FramebufferTextureCommand.h">
      <Filter>Header Files\Render\Graphics\Commands</Filter>
    </ClInclude>
    <ClInclude Include="Graphics\Commands\PolygonOffsetCommand.h">
      <Filter>Header Files\Render\Graphics\Commands</Filter>
    </ClInclude>
    <ClInclude Include="Graphics\Commands\ClearCommand.h">
      <Filter>Header Files\Render\Graphics\Commands</Filter>
    </ClInclude>
    <ClInclude Include="Graphics\Commands\BarrierCommand.h">
      <Filter>Header Files\Render\Graphics\Commands</Filter>
    </ClInclude>
    <ClInclude Include="Graphics\CommandListFactory.h">
      <Filter>Header Files\Render\Graphics</Filter>
    </ClInclude>
    <ClInclude Include="Graphics\Commands\DrawArraysCommand.h">
      <Filter>Header Files\Render\Graphics\Commands</Filter>
    </ClInclude>
    <ClInclude Include="LookWhereYoureGoing.h">
      <Filter>Header Files\AI\Steering</Filter>
    </ClInclude>
    <ClInclude Include="EditorMeshInstance.h">
      <Filter>Header Files\Editor</Filter>
    </ClInclude>
    <ClInclude Include="copy.h">
      <Filter>Header Files\util</Filter>
    </ClInclude>
  </ItemGroup>
  <ItemGroup>
    <ClCompile Include="main.cpp">
      <Filter>Source Files</Filter>
    </ClCompile>
    <ClCompile Include="SystemAspect.cpp">
      <Filter>Source Files</Filter>
    </ClCompile>
    <ClCompile Include="Engine.cpp">
      <Filter>Source Files</Filter>
    </ClCompile>
    <ClCompile Include="Rtti.cpp">
      <Filter>Source Files</Filter>
    </ClCompile>
    <ClCompile Include="rtti_defines.cpp">
      <Filter>Source Files</Filter>
    </ClCompile>
    <ClCompile Include="Vertex.cpp">
      <Filter>Source Files\Render\Graphics</Filter>
    </ClCompile>
    <ClCompile Include="thread.cpp">
      <Filter>Source Files</Filter>
    </ClCompile>
    <ClCompile Include="MeshFactory.cpp">
      <Filter>Source Files</Filter>
    </ClCompile>
    <ClCompile Include="Logfile.cpp">
      <Filter>Source Files</Filter>
    </ClCompile>
    <ClCompile Include="MeshInstance.cpp">
      <Filter>Source Files\Render\Graphics</Filter>
    </ClCompile>
    <ClCompile Include="Material.cpp">
      <Filter>Source Files\Render\Graphics</Filter>
    </ClCompile>
    <ClCompile Include="SceneFactory.cpp">
      <Filter>Source Files</Filter>
    </ClCompile>
    <ClCompile Include="FontAtlas.cpp">
      <Filter>Source Files\Render\Graphics</Filter>
    </ClCompile>
    <ClCompile Include="Text.cpp">
      <Filter>Source Files\Render\Graphics</Filter>
    </ClCompile>
    <ClCompile Include="Font.cpp">
      <Filter>Source Files\Render\gl</Filter>
    </ClCompile>
    <ClCompile Include="MaterialFactory.cpp">
      <Filter>Source Files</Filter>
    </ClCompile>
    <ClCompile Include="PhysicsAspect.cpp">
      <Filter>Source Files\Physics</Filter>
    </ClCompile>
    <ClCompile Include="TextureFile.cpp">
      <Filter>Source Files\Render\Graphics</Filter>
    </ClCompile>
    <ClCompile Include="TextureManager.cpp">
      <Filter>Source Files\Render\gl</Filter>
    </ClCompile>
    <ClCompile Include="Pool.cpp">
      <Filter>Source Files</Filter>
    </ClCompile>
    <ClCompile Include="BVH.cpp">
      <Filter>Source Files\Container</Filter>
    </ClCompile>
    <ClCompile Include="RenderAspect.cpp">
      <Filter>Source Files\Render</Filter>
    </ClCompile>
    <ClCompile Include="EventManager.cpp">
      <Filter>Source Files</Filter>
    </ClCompile>
    <ClCompile Include="StateMachine.cpp">
      <Filter>Source Files\AI</Filter>
    </ClCompile>
    <ClCompile Include="Transition.cpp">
      <Filter>Source Files\AI</Filter>
    </ClCompile>
    <ClCompile Include="ActionManager.cpp">
      <Filter>Source Files\AI</Filter>
    </ClCompile>
    <ClCompile Include="NavMesh.cpp">
      <Filter>Source Files</Filter>
    </ClCompile>
    <ClCompile Include="NavGraph.cpp">
      <Filter>Source Files\AI\Navigation</Filter>
    </ClCompile>
    <ClCompile Include="AStar.cpp">
      <Filter>Source Files\AI</Filter>
    </ClCompile>
    <ClCompile Include="Align.cpp">
      <Filter>Source Files\AI\Steering</Filter>
    </ClCompile>
    <ClCompile Include="Seek.cpp">
      <Filter>Source Files\AI\Steering</Filter>
    </ClCompile>
    <ClCompile Include="Arrive.cpp">
      <Filter>Source Files\AI\Steering</Filter>
    </ClCompile>
    <ClCompile Include="Locator.cpp">
      <Filter>Source Files</Filter>
    </ClCompile>
    <ClCompile Include="AABB.cpp">
      <Filter>Source Files</Filter>
    </ClCompile>
    <ClCompile Include="SmallObject.cpp">
      <Filter>Source Files</Filter>
    </ClCompile>
    <ClCompile Include="SmallObjAllocator.cpp">
      <Filter>Source Files\Allocator</Filter>
    </ClCompile>
    <ClCompile Include="InfluenceMap.cpp">
      <Filter>Source Files</Filter>
    </ClCompile>
    <ClCompile Include="Decision.cpp">
      <Filter>Source Files\AI\Decisions</Filter>
    </ClCompile>
    <ClCompile Include="DecisionTreeTransition.cpp">
      <Filter>Source Files\AI\Decisions</Filter>
    </ClCompile>
    <ClCompile Include="developer.cpp">
      <Filter>Source Files</Filter>
    </ClCompile>
    <ClCompile Include="EntityAspect.cpp">
      <Filter>Source Files\Entity</Filter>
    </ClCompile>
    <ClCompile Include="ActorAspect.cpp">
      <Filter>Source Files\AI</Filter>
    </ClCompile>
    <ClCompile Include="EditorEngine.cpp">
      <Filter>Source Files\Editor</Filter>
    </ClCompile>
    <ClCompile Include="LevelEditor.cpp">
      <Filter>Source Files\Editor</Filter>
    </ClCompile>
    <ClCompile Include="EditorScene.cpp">
      <Filter>Source Files\Editor</Filter>
    </ClCompile>
    <ClCompile Include="Scene.cpp">
      <Filter>Source Files</Filter>
    </ClCompile>
    <ClCompile Include="SceneBase.cpp">
      <Filter>Source Files</Filter>
    </ClCompile>
    <ClCompile Include="SceneFile.cpp">
      <Filter>Source Files</Filter>
    </ClCompile>
    <ClCompile Include="EditorRenderAspect.cpp">
      <Filter>Source Files\Editor</Filter>
    </ClCompile>
    <ClCompile Include="ImageBindingManager.cpp">
      <Filter>Source Files\Render</Filter>
    </ClCompile>
    <ClCompile Include="PlayerController.cpp">
      <Filter>Source Files\Entity</Filter>
    </ClCompile>
    <ClCompile Include="Light.cpp">
      <Filter>Source Files</Filter>
    </ClCompile>
    <ClCompile Include="VoxelRenderer.cpp">
      <Filter>Source Files\Render</Filter>
    </ClCompile>
    <ClCompile Include="LightBufferManager.cpp">
      <Filter>Source Files\Render</Filter>
    </ClCompile>
    <ClCompile Include="SceneRenderer.cpp">
      <Filter>Source Files\Render</Filter>
    </ClCompile>
    <ClCompile Include="GpuFunctions.cpp">
      <Filter>Source Files\Render</Filter>
    </ClCompile>
    <ClCompile Include="ScreenshotFactory.cpp">
      <Filter>Source Files\Render</Filter>
    </ClCompile>
    <ClCompile Include="ConverterSceneFileToScene.cpp">
      <Filter>Source Files\Converter</Filter>
    </ClCompile>
    <ClCompile Include="ConverterEditorSceneToSceneFile.cpp">
      <Filter>Source Files\Converter</Filter>
    </ClCompile>
    <ClCompile Include="EngineConfig.cpp">
      <Filter>Source Files</Filter>
    </ClCompile>
    <ClCompile Include="RenderCommand.cpp">
      <Filter>Source Files\Render</Filter>
    </ClCompile>
    <ClCompile Include="RenderCommandFinalImage.cpp">
      <Filter>Source Files\Render</Filter>
    </ClCompile>
    <ClCompile Include="DrawCommand.cpp">
      <Filter>Source Files\Render\Graphics</Filter>
    </ClCompile>
    <ClCompile Include="GpuProfiler.cpp">
      <Filter>Source Files\Render\Graphics\Profiler</Filter>
    </ClCompile>
    <ClCompile Include="ProfilerGraph.cpp">
      <Filter>Source Files\Render\Graphics\Profiler</Filter>
    </ClCompile>
    <ClCompile Include="DDS_File.cpp">
      <Filter>Source Files\Render\Graphics</Filter>
    </ClCompile>
    <ClCompile Include="Triangle.cpp">
      <Filter>Source Files</Filter>
    </ClCompile>
    <ClCompile Include="NavMeshGraph.cpp">
      <Filter>Source Files\AI</Filter>
    </ClCompile>
    <ClCompile Include="Graphics\State.cpp">
      <Filter>Source Files\Render\Graphics</Filter>
    </ClCompile>
    <ClCompile Include="Graphics\Segment.cpp">
      <Filter>Source Files\Render\Graphics</Filter>
    </ClCompile>
    <ClCompile Include="Graphics\CommandList.cpp">
      <Filter>Source Files\Render\Graphics</Filter>
    </ClCompile>
    <ClCompile Include="Graphics\Renderer.cpp">
      <Filter>Source Files\Render\Graphics</Filter>
    </ClCompile>
    <ClCompile Include="gl\BufferBindingManager.cpp">
      <Filter>Source Files\Render\gl</Filter>
    </ClCompile>
    <ClCompile Include="gl\BufferManager.cpp">
      <Filter>Source Files\Render\gl</Filter>
    </ClCompile>
    <ClCompile Include="gl\ObjectManager.cpp">
      <Filter>Source Files\Render\gl</Filter>
    </ClCompile>
    <ClCompile Include="Graphics\ShadowRenderer.cpp">
      <Filter>Source Files\Render\Graphics</Filter>
    </ClCompile>
    <ClCompile Include="FileEntry.cpp">
      <Filter>Source Files\File</Filter>
    </ClCompile>
    <ClCompile Include="FileFactory.cpp">
      <Filter>Source Files\File</Filter>
    </ClCompile>
    <ClCompile Include="FileAspect.cpp">
      <Filter>Source Files\File</Filter>
    </ClCompile>
    <ClCompile Include="ActionUpdateGpuTransform.cpp">
      <Filter>Source Files\Actions</Filter>
    </ClCompile>
    <ClCompile Include="ActionPlayerLookAround.cpp">
      <Filter>Source Files\Actions</Filter>
    </ClCompile>
    <ClCompile Include="ActionPlayerMove.cpp">
      <Filter>Source Files\Actions</Filter>
    </ClCompile>
    <ClCompile Include="ai\Squad.cpp">
      <Filter>Source Files\AI</Filter>
    </ClCompile>
    <ClCompile Include="TextureFileManager.cpp">
      <Filter>Source Files\File</Filter>
    </ClCompile>
    <ClCompile Include="Graphics\Surface.cpp">
      <Filter>Source Files\Render\Graphics</Filter>
    </ClCompile>
    <ClCompile Include="ActionFollowPath.cpp">
      <Filter>Source Files\Actions</Filter>
    </ClCompile>
    <ClCompile Include="ConditionActorHasPath.cpp">
      <Filter>Source Files\AI\Conditions</Filter>
    </ClCompile>
    <ClCompile Include="ConditionActorFollowingPath.cpp">
      <Filter>Source Files\AI\Conditions</Filter>
    </ClCompile>
    <ClCompile Include="ActionSetFollowPath.cpp">
      <Filter>Source Files\Actions</Filter>
    </ClCompile>
    <ClCompile Include="unity\Unity_vxEngine1.cpp">
      <Filter>Source Files\unity</Filter>
    </ClCompile>
    <ClCompile Include="Timer.cpp">
      <Filter>Source Files</Filter>
    </ClCompile>
    <ClCompile Include="ActionPrintText.cpp">
      <Filter>Source Files\Actions</Filter>
    </ClCompile>
    <ClCompile Include="ActionActorCreatePath.cpp">
      <Filter>Source Files\Actions</Filter>
    </ClCompile>
    <ClCompile Include="CpuProfiler.cpp">
      <Filter>Source Files</Filter>
    </ClCompile>
    <ClCompile Include="DoubleBufferRaw.cpp">
      <Filter>Source Files\Container</Filter>
    </ClCompile>
    <ClCompile Include="SegmentFactory.cpp">
      <Filter>Source Files\Render\Graphics</Filter>
    </ClCompile>
    <ClCompile Include="ParserNode.cpp">
      <Filter>Source Files\Text Parser</Filter>
    </ClCompile>
    <ClCompile Include="Graphics\CommandFactory.cpp">
      <Filter>Source Files\Render\Graphics</Filter>
    </ClCompile>
    <ClCompile Include="Graphics\Commands\ViewportCommand.cpp">
      <Filter>Source Files\Render\Graphics\Commands</Filter>
    </ClCompile>
    <ClCompile Include="Graphics\Commands\ProgramUniformCommand.cpp">
      <Filter>Source Files\Render\Graphics\Commands</Filter>
    </ClCompile>
    <ClCompile Include="Graphics\Commands\DrawElementsIndirectCommand.cpp">
      <Filter>Source Files\Render\Graphics\Commands</Filter>
    </ClCompile>
    <ClCompile Include="Graphics\Commands\MultiDrawElementsIndirectCountCommand.cpp">
      <Filter>Source Files\Render\Graphics\Commands</Filter>
    </ClCompile>
    <ClCompile Include="Graphics\Commands\MultiDrawArraysIndirectCountCommand.cpp">
      <Filter>Source Files\Render\Graphics\Commands</Filter>
    </ClCompile>
    <ClCompile Include="Graphics\Commands\ClearColorCommand.cpp">
      <Filter>Source Files\Render\Graphics\Commands</Filter>
    </ClCompile>
    <ClCompile Include="Graphics\Commands\FramebufferTextureCommand.cpp">
      <Filter>Source Files\Render\Graphics\Commands</Filter>
    </ClCompile>
    <ClCompile Include="Graphics\Commands\PolygonOffsetCommand.cpp">
      <Filter>Source Files\Render\Graphics\Commands</Filter>
    </ClCompile>
    <ClCompile Include="Graphics\Commands\BarrierCommand.cpp">
      <Filter>Source Files\Render\Graphics\Commands</Filter>
    </ClCompile>
    <ClCompile Include="Graphics\Commands\ClearCommand.cpp">
      <Filter>Source Files\Render\Graphics\Commands</Filter>
    </ClCompile>
    <ClCompile Include="Graphics\Commands\DrawArraysIndirectCommand.cpp">
      <Filter>Source Files\Render\Graphics\Commands</Filter>
    </ClCompile>
    <ClCompile Include="Graphics\Commands\PointSizeCommand.cpp">
      <Filter>Source Files\Render\Graphics\Commands</Filter>
    </ClCompile>
    <ClCompile Include="Graphics\CommandListFactory.cpp">
      <Filter>Source Files\Render\Graphics</Filter>
    </ClCompile>
    <ClCompile Include="Graphics\Commands\DrawArraysCommand.cpp">
      <Filter>Source Files\Render\Graphics\Commands</Filter>
    </ClCompile>
    <ClCompile Include="LookWhereYoureGoing.cpp">
      <Filter>Source Files\AI\Steering</Filter>
    </ClCompile>
  </ItemGroup>
  <ItemGroup>
    <None Include="..\..\game\data\shaders\include\buffers.glsl">
      <Filter>Shaders\include</Filter>
    </None>
    <None Include="..\..\game\data\shaders\include\uniform_buffers.glsl">
      <Filter>Shaders\include</Filter>
    </None>
    <None Include="..\..\game\data\shaders\include\math.glsl">
      <Filter>Shaders\include</Filter>
    </None>
    <None Include="..\..\game\data\shaders\include\structs.glsl">
      <Filter>Shaders\include</Filter>
    </None>
    <None Include="..\..\game\data\shaders\draw_aabb.pipe">
      <Filter>Shader Pipelines</Filter>
    </None>
    <None Include="..\..\game\data\shaders\draw_final_image.pipe">
      <Filter>Shader Pipelines</Filter>
    </None>
    <None Include="..\..\game\data\shaders\forward_render.pipe">
      <Filter>Shader Pipelines</Filter>
    </None>
    <None Include="..\..\game\data\shaders\graph.pipe">
      <Filter>Shader Pipelines</Filter>
    </None>
    <None Include="..\..\game\data\shaders\navmesh.pipe">
      <Filter>Shader Pipelines</Filter>
    </None>
    <None Include="..\..\game\data\shaders\text.pipe">
      <Filter>Shader Pipelines</Filter>
    </None>
    <None Include="..\..\game\data\shaders\voxel_debug.pipe">
      <Filter>Shader Pipelines</Filter>
    </None>
    <None Include="..\..\game\data\shaders\voxelize.pipe">
      <Filter>Shader Pipelines</Filter>
    </None>
    <None Include="..\..\game\data\shaders\programs\draw_aabb.fs.glsl">
      <Filter>Shaders</Filter>
    </None>
    <None Include="..\..\game\data\shaders\programs\draw_aabb.gs.glsl">
      <Filter>Shaders</Filter>
    </None>
    <None Include="..\..\game\data\shaders\programs\draw_aabb.vs.glsl">
      <Filter>Shaders</Filter>
    </None>
    <None Include="..\..\game\data\shaders\programs\draw_final_image.fs.glsl">
      <Filter>Shaders</Filter>
    </None>
    <None Include="..\..\game\data\shaders\programs\graph.fs.glsl">
      <Filter>Shaders</Filter>
    </None>
    <None Include="..\..\game\data\shaders\programs\graph.vs.glsl">
      <Filter>Shaders</Filter>
    </None>
    <None Include="..\..\game\data\shaders\programs\navmesh.fs.glsl">
      <Filter>Shaders</Filter>
    </None>
    <None Include="..\..\game\data\shaders\programs\navmesh.vs.glsl">
      <Filter>Shaders</Filter>
    </None>
    <None Include="..\..\game\data\shaders\programs\screenquad.fs.glsl">
      <Filter>Shaders</Filter>
    </None>
    <None Include="..\..\game\data\shaders\programs\screenquad.gs.glsl">
      <Filter>Shaders</Filter>
    </None>
    <None Include="..\..\game\data\shaders\programs\screenquad.vs.glsl">
      <Filter>Shaders</Filter>
    </None>
    <None Include="..\..\game\data\shaders\programs\text.fs.glsl">
      <Filter>Shaders</Filter>
    </None>
    <None Include="..\..\game\data\shaders\programs\text.vs.glsl">
      <Filter>Shaders</Filter>
    </None>
    <None Include="..\..\game\data\shaders\programs\voxel_debug.fs.glsl">
      <Filter>Shaders</Filter>
    </None>
    <None Include="..\..\game\data\shaders\programs\voxel_debug.gs.glsl">
      <Filter>Shaders</Filter>
    </None>
    <None Include="..\..\game\data\shaders\programs\voxel_debug.vs.glsl">
      <Filter>Shaders</Filter>
    </None>
    <None Include="..\..\game\data\shaders\programs\voxelize.fs.glsl">
      <Filter>Shaders</Filter>
    </None>
    <None Include="..\..\game\data\shaders\programs\voxelize.gs.glsl">
      <Filter>Shaders</Filter>
    </None>
    <None Include="..\..\game\data\shaders\programs\voxelize.vs.glsl">
      <Filter>Shaders</Filter>
    </None>
    <None Include="..\..\game\data\shaders\programs\create_aabb.vs.glsl">
      <Filter>Shaders</Filter>
    </None>
    <None Include="..\..\game\data\shaders\programs\create_aabb.gs.glsl">
      <Filter>Shaders</Filter>
    </None>
    <None Include="..\..\game\data\shaders\programs\create_aabb.fs.glsl">
      <Filter>Shaders</Filter>
    </None>
    <None Include="..\..\game\data\shaders\programs\shadow.vs.glsl">
      <Filter>Shaders</Filter>
    </None>
    <None Include="..\..\game\data\shaders\programs\shadow.gs.glsl">
      <Filter>Shaders</Filter>
    </None>
    <None Include="..\..\game\data\shaders\shadow.pipe">
      <Filter>Shader Pipelines</Filter>
    </None>
    <None Include="..\..\game\data\shaders\coneTrace.pipe">
      <Filter>Shader Pipelines</Filter>
    </None>
    <None Include="..\..\game\data\shaders\blurpass2.pipe">
      <Filter>Shader Pipelines</Filter>
    </None>
    <None Include="..\..\game\data\shaders\programs\blurpass2.frag">
      <Filter>Shaders</Filter>
    </None>
    <None Include="..\..\game\data\shaders\programs\screenquadRay.gs.glsl">
      <Filter>Shaders</Filter>
    </None>
    <None Include="..\..\game\data\shaders\include\quaternion.glsl">
      <Filter>Shaders\include</Filter>
    </None>
    <None Include="..\..\game\data\shaders\include\mesh.glsl">
      <Filter>Shaders\include</Filter>
    </None>
    <None Include="..\..\game\data\shaders\drawFinalImageAlbedo.pipe">
      <Filter>Shader Pipelines</Filter>
    </None>
    <None Include="..\..\game\data\shaders\programs\drawFinalImageAlbedo.frag">
      <Filter>Shaders</Filter>
    </None>
    <None Include="..\..\game\data\shaders\programs\drawFinalImageNormals.frag">
      <Filter>Shaders</Filter>
    </None>
    <None Include="..\..\game\data\shaders\programs\voxelMipmap.comp">
      <Filter>Shaders</Filter>
    </None>
    <None Include="..\..\game\data\shaders\voxelMipmap.pipe">
      <Filter>Shader Pipelines</Filter>
    </None>
    <None Include="..\..\game\data\shaders\programs\voxelMipmap.vert">
      <Filter>Shaders</Filter>
    </None>
    <None Include="..\..\game\data\shaders\shadowVsm.pipe">
      <Filter>Shader Pipelines</Filter>
    </None>
    <None Include="..\..\game\data\shaders\blurShadowY.pipe">
      <Filter>Shader Pipelines</Filter>
    </None>
    <None Include="..\..\game\data\shaders\blurpass.pipe">
      <Filter>Shader Pipelines</Filter>
    </None>
    <None Include="..\..\game\data\shaders\programs\editorDrawPoint.frag">
      <Filter>Shaders</Filter>
    </None>
    <None Include="..\..\game\data\shaders\programs\editorDrawPoint.vert">
      <Filter>Shaders</Filter>
    </None>
    <None Include="..\..\game\data\shaders\programs\editorDrawLights.frag">
      <Filter>Shaders</Filter>
    </None>
    <None Include="..\..\game\data\shaders\programs\editorDrawLights.geom">
      <Filter>Shaders</Filter>
    </None>
    <None Include="..\..\game\data\shaders\programs\editorDrawLights.vert">
      <Filter>Shaders</Filter>
    </None>
    <None Include="..\..\game\data\shaders\editorDrawPoint.pipe">
      <Filter>Shader Pipelines</Filter>
    </None>
    <None Include="..\..\game\data\shaders\programs\influenceMap.frag">
      <Filter>Shaders</Filter>
    </None>
    <None Include="..\..\game\data\shaders\programs\influenceMap.vert">
      <Filter>Shaders</Filter>
    </None>
    <None Include="..\..\game\data\shaders\influenceMap.pipe">
      <Filter>Shader Pipelines</Filter>
    </None>
    <None Include="..\..\game\data\shaders\programs\influenceMap.geom">
      <Filter>Shaders</Filter>
    </None>
    <None Include="..\..\game\data\shaders\programs\editorDrawPointColor.frag">
      <Filter>Shaders</Filter>
    </None>
    <None Include="..\..\game\data\shaders\programs\editorDrawPointColor.vert">
      <Filter>Shaders</Filter>
    </None>
    <None Include="..\..\game\data\shaders\programs\editor.frag">
      <Filter>Shaders</Filter>
    </None>
    <None Include="..\..\game\data\shaders\drawFinalImageNormals.pipe">
      <Filter>Shader Pipelines</Filter>
    </None>
    <None Include="..\..\game\data\shaders\editorDrawLights.pipe">
      <Filter>Shader Pipelines</Filter>
    </None>
    <None Include="..\..\game\data\shaders\editorDrawSpawn.pipe">
      <Filter>Shader Pipelines</Filter>
    </None>
    <None Include="..\..\game\data\shaders\editorDrawPointColor.pipe">
      <Filter>Shader Pipelines</Filter>
    </None>
    <None Include="..\..\game\data\shaders\programs\editorDrawMesh.vert">
      <Filter>Shaders</Filter>
    </None>
    <None Include="..\..\game\data\shaders\programs\editorDrawMesh.frag">
      <Filter>Shaders</Filter>
    </None>
    <None Include="..\..\game\data\shaders\editorDrawMesh.pipe">
      <Filter>Shader Pipelines</Filter>
    </None>
    <None Include="..\..\game\data\shaders\editorDrawNavmeshConnection.pipe">
      <Filter>Shader Pipelines</Filter>
    </None>
    <None Include="..\..\game\data\shaders\programs\blurpass.frag">
      <Filter>Shaders</Filter>
    </None>
    <None Include="..\..\game\data\shaders\programs\editorDrawSpawn.frag">
      <Filter>Shaders</Filter>
    </None>
    <None Include="..\..\game\data\shaders\programs\editorDrawSpawn.geom">
      <Filter>Shaders</Filter>
    </None>
    <None Include="..\..\game\data\shaders\programs\editorDrawSpawn.vert">
      <Filter>Shaders</Filter>
    </None>
    <None Include="..\..\game\data\shaders\programs\editorDrawInfluenceCell.frag">
      <Filter>Shaders</Filter>
    </None>
    <None Include="..\..\game\data\shaders\programs\editorDrawInfluenceCell.vert">
      <Filter>Shaders</Filter>
    </None>
    <None Include="..\..\game\data\shaders\editorDrawInfluenceCell.pipe">
      <Filter>Shader Pipelines</Filter>
    </None>
    <None Include="..\..\game\data\shaders\programs\createConeTraceList.frag">
      <Filter>Shaders</Filter>
    </None>
    <None Include="..\..\game\data\shaders\createConeTraceList.pipe">
      <Filter>Shader Pipelines</Filter>
    </None>
    <None Include="..\..\game\data\shaders\include\atomicCounters.glsl">
      <Filter>Shaders\include</Filter>
    </None>
    <None Include="..\..\game\data\shaders\programs\coneTrace.vert">
      <Filter>Shaders</Filter>
    </None>
    <None Include="..\..\game\data\shaders\programs\createConeTraceList.geom">
      <Filter>Shaders</Filter>
    </None>
    <None Include="..\..\game\data\shaders\programs\drawDynamicMesh.vert">
      <Filter>Shaders</Filter>
    </None>
    <None Include="..\..\game\data\shaders\drawMeshToGBuffer.pipe">
      <Filter>Shader Pipelines</Filter>
    </None>
    <None Include="..\..\game\data\shaders\programs\drawMeshToGBuffer.frag">
      <Filter>Shaders</Filter>
    </None>
    <None Include="..\..\game\data\shaders\programs\drawMesh.vert">
      <Filter>Shaders</Filter>
    </None>
    <None Include="..\..\game\data\shaders\editorSelectedMesh.pipe">
      <Filter>Shader Pipelines</Filter>
    </None>
    <None Include="..\..\game\data\shaders\programs\editorSelectedMesh.frag">
      <Filter>Shaders</Filter>
    </None>
    <None Include="..\..\game\data\shaders\programs\shadow.frag">
      <Filter>Shaders</Filter>
    </None>
    <None Include="..\..\game\data\shaders\programs\createLightCmdBuffer.vert">
      <Filter>Shaders</Filter>
    </None>
    <None Include="..\..\game\data\shaders\programs\resetLightCmdBuffer.vert">
      <Filter>Shaders</Filter>
    </None>
    <None Include="..\..\game\data\shaders\resetLightCmdBuffer.pipe">
      <Filter>Shader Pipelines</Filter>
    </None>
  </ItemGroup>
</Project>