<?xml version="1.0" encoding="utf-8"?>
<Project ToolsVersion="4.0" xmlns="http://schemas.microsoft.com/developer/msbuild/2003">
  <ItemGroup>
    <Filter Include="Source Files">
      <UniqueIdentifier>{4FC737F1-C7A5-4376-A066-2A32D752A2FF}</UniqueIdentifier>
      <Extensions>cpp;c;cc;cxx;def;odl;idl;hpj;bat;asm;asmx</Extensions>
    </Filter>
    <Filter Include="Header Files">
      <UniqueIdentifier>{93995380-89BD-4b04-88EB-625FBE52EBFB}</UniqueIdentifier>
      <Extensions>h;hh;hpp;hxx;hm;inl;inc;xsd</Extensions>
    </Filter>
    <Filter Include="Resource Files">
      <UniqueIdentifier>{67DA6AB6-F800-4c08-8B7A-83BB121AAD01}</UniqueIdentifier>
      <Extensions>rc;ico;cur;bmp;dlg;rc2;rct;bin;rgs;gif;jpg;jpeg;jpe;resx;tiff;tif;png;wav;mfcribbon-ms</Extensions>
    </Filter>
    <Filter Include="Header Files\ai">
      <UniqueIdentifier>{5f634bc2-45f0-4679-9434-dec647474def}</UniqueIdentifier>
    </Filter>
    <Filter Include="Source Files\ai">
      <UniqueIdentifier>{a980ad47-f748-4a51-abd0-6d7a7e041e18}</UniqueIdentifier>
    </Filter>
    <Filter Include="Header Files\input">
      <UniqueIdentifier>{e10af6ed-787f-4dd1-b295-75247d023063}</UniqueIdentifier>
    </Filter>
  </ItemGroup>
  <ItemGroup>
    <ClInclude Include="ai\Squad.h">
      <Filter>Header Files\ai</Filter>
    </ClInclude>
    <ClInclude Include="input\Keys.h">
      <Filter>Header Files\input</Filter>
    </ClInclude>
    <ClInclude Include="Wander.h">
      <Filter>Header Files</Filter>
    </ClInclude>
    <ClInclude Include="Action.h">
      <Filter>Header Files</Filter>
    </ClInclude>
    <ClInclude Include="ActionActorCreatePath.h">
      <Filter>Header Files</Filter>
    </ClInclude>
    <ClInclude Include="ActionFollowPath.h">
      <Filter>Header Files</Filter>
    </ClInclude>
    <ClInclude Include="ActionManager.h">
      <Filter>Header Files</Filter>
    </ClInclude>
    <ClInclude Include="ActionPlayerLookAround.h">
      <Filter>Header Files</Filter>
    </ClInclude>
    <ClInclude Include="ActionPlayerMove.h">
      <Filter>Header Files</Filter>
    </ClInclude>
    <ClInclude Include="ActionPrintText.h">
      <Filter>Header Files</Filter>
    </ClInclude>
    <ClInclude Include="ActionSetFollowPath.h">
      <Filter>Header Files</Filter>
    </ClInclude>
    <ClInclude Include="ActionUpdateGpuTransform.h">
      <Filter>Header Files</Filter>
    </ClInclude>
    <ClInclude Include="ActorAspect.h">
      <Filter>Header Files</Filter>
    </ClInclude>
    <ClInclude Include="Align.h">
      <Filter>Header Files</Filter>
    </ClInclude>
    <ClInclude Include="Arrive.h">
      <Filter>Header Files</Filter>
    </ClInclude>
    <ClInclude Include="AStar.h">
      <Filter>Header Files</Filter>
    </ClInclude>
    <ClInclude Include="BVH.h">
      <Filter>Header Files</Filter>
    </ClInclude>
    <ClInclude Include="CollisionAvoidance.h">
      <Filter>Header Files</Filter>
    </ClInclude>
    <ClInclude Include="ComponentActor.h">
      <Filter>Header Files</Filter>
    </ClInclude>
    <ClInclude Include="ComponentInput.h">
      <Filter>Header Files</Filter>
    </ClInclude>
    <ClInclude Include="ComponentRender.h">
      <Filter>Header Files</Filter>
    </ClInclude>
    <ClInclude Include="ComponentRenderManager.h">
      <Filter>Header Files</Filter>
    </ClInclude>
    <ClInclude Include="ComponentsForward.h">
      <Filter>Header Files</Filter>
    </ClInclude>
    <ClInclude Include="ComponentUsable.h">
      <Filter>Header Files</Filter>
    </ClInclude>
    <ClInclude Include="ComponentUsableManager.h">
      <Filter>Header Files</Filter>
    </ClInclude>
    <ClInclude Include="Condition.h">
      <Filter>Header Files</Filter>
    </ClInclude>
    <ClInclude Include="ConditionActorFollowingPath.h">
      <Filter>Header Files</Filter>
    </ClInclude>
    <ClInclude Include="ConditionActorHasPath.h">
      <Filter>Header Files</Filter>
    </ClInclude>
    <ClInclude Include="CpuProfiler.h">
      <Filter>Header Files</Filter>
    </ClInclude>
    <ClInclude Include="Decision.h">
      <Filter>Header Files</Filter>
    </ClInclude>
    <ClInclude Include="DecisionTreeNode.h">
      <Filter>Header Files</Filter>
    </ClInclude>
    <ClInclude Include="DecisionTreeTransition.h">
      <Filter>Header Files</Filter>
    </ClInclude>
    <ClInclude Include="developer.h">
      <Filter>Header Files</Filter>
    </ClInclude>
    <ClInclude Include="DistanceCondition.h">
      <Filter>Header Files</Filter>
    </ClInclude>
    <ClInclude Include="Editor.h">
      <Filter>Header Files</Filter>
    </ClInclude>
    <ClInclude Include="EditorEngine.h">
      <Filter>Header Files</Filter>
    </ClInclude>
    <ClInclude Include="EditorObjectColors.h">
      <Filter>Header Files</Filter>
    </ClInclude>
    <ClInclude Include="EditorPhysicsAspect.h">
      <Filter>Header Files</Filter>
    </ClInclude>
    <ClInclude Include="Engine.h">
      <Filter>Header Files</Filter>
    </ClInclude>
    <ClInclude Include="EngineGlobals.h">
      <Filter>Header Files</Filter>
    </ClInclude>
    <ClInclude Include="EntityAspect.h">
      <Filter>Header Files</Filter>
    </ClInclude>
    <ClInclude Include="EventEditor.h">
      <Filter>Header Files</Filter>
    </ClInclude>
    <ClInclude Include="EventsAI.h">
      <Filter>Header Files</Filter>
    </ClInclude>
    <ClInclude Include="Face.h">
      <Filter>Header Files</Filter>
    </ClInclude>
    <ClInclude Include="Heap.h">
      <Filter>Header Files</Filter>
    </ClInclude>
    <ClInclude Include="LevelEditor.h">
      <Filter>Header Files</Filter>
    </ClInclude>
    <ClInclude Include="libraries.h">
      <Filter>Header Files</Filter>
    </ClInclude>
    <ClInclude Include="LookWhereYoureGoing.h">
      <Filter>Header Files</Filter>
    </ClInclude>
    <ClInclude Include="Matrix.h">
      <Filter>Header Files</Filter>
    </ClInclude>
    <ClInclude Include="memory.h">
      <Filter>Header Files</Filter>
    </ClInclude>
    <ClInclude Include="MeshFactory.h">
      <Filter>Header Files</Filter>
    </ClInclude>
    <ClInclude Include="Object.h">
      <Filter>Header Files</Filter>
    </ClInclude>
    <ClInclude Include="PhysicsAspect.h">
      <Filter>Header Files</Filter>
    </ClInclude>
    <ClInclude Include="PhysicsDefines.h">
      <Filter>Header Files</Filter>
    </ClInclude>
    <ClInclude Include="PhysicsFactory.h">
      <Filter>Header Files</Filter>
    </ClInclude>
    <ClInclude Include="PlayerController.h">
      <Filter>Header Files</Filter>
    </ClInclude>
    <ClInclude Include="Primitive.h">
      <Filter>Header Files</Filter>
    </ClInclude>
    <ClInclude Include="PseudoRandom.h">
      <Filter>Header Files</Filter>
    </ClInclude>
    <ClInclude Include="QuadTree.h">
      <Filter>Header Files</Filter>
    </ClInclude>
    <ClInclude Include="RingBuffer.h">
      <Filter>Header Files</Filter>
    </ClInclude>
    <ClInclude Include="rtti.h">
      <Filter>Header Files</Filter>
    </ClInclude>
    <ClInclude Include="ScreenshotFactory.h">
      <Filter>Header Files</Filter>
    </ClInclude>
    <ClInclude Include="Seek.h">
      <Filter>Header Files</Filter>
    </ClInclude>
    <ClInclude Include="SharedFramebuffer.h">
      <Filter>Header Files</Filter>
    </ClInclude>
    <ClInclude Include="SmallObjAllocator.h">
      <Filter>Header Files</Filter>
    </ClInclude>
    <ClInclude Include="SmallObject.h">
      <Filter>Header Files</Filter>
    </ClInclude>
    <ClInclude Include="stack.h">
      <Filter>Header Files</Filter>
    </ClInclude>
    <ClInclude Include="State.h">
      <Filter>Header Files</Filter>
    </ClInclude>
    <ClInclude Include="StateMachine.h">
      <Filter>Header Files</Filter>
    </ClInclude>
    <ClInclude Include="Steering.h">
      <Filter>Header Files</Filter>
    </ClInclude>
    <ClInclude Include="SystemAspect.h">
      <Filter>Header Files</Filter>
    </ClInclude>
    <ClInclude Include="TargetState.h">
      <Filter>Header Files</Filter>
    </ClInclude>
    <ClInclude Include="Task.h">
      <Filter>Header Files</Filter>
    </ClInclude>
    <ClInclude Include="TaskManager.h">
      <Filter>Header Files</Filter>
    </ClInclude>
    <ClInclude Include="TaskSceneCreateActorsGpu.h">
      <Filter>Header Files</Filter>
    </ClInclude>
    <ClInclude Include="TaskSceneCreateStaticMeshes.h">
      <Filter>Header Files</Filter>
    </ClInclude>
    <ClInclude Include="Text.h">
      <Filter>Header Files</Filter>
    </ClInclude>
    <ClInclude Include="thread.h">
      <Filter>Header Files</Filter>
    </ClInclude>
    <ClInclude Include="thread_save_vector.h">
      <Filter>Header Files</Filter>
    </ClInclude>
    <ClInclude Include="Transition.h">
      <Filter>Header Files</Filter>
    </ClInclude>
    <ClInclude Include="VirtualBaseClass.h">
      <Filter>Header Files</Filter>
    </ClInclude>
    <ClInclude Include="ActionPlayAnimation.h">
      <Filter>Header Files</Filter>
    </ClInclude>
    <ClInclude Include="ComponentActorManager.h">
      <Filter>Header Files</Filter>
    </ClInclude>
    <ClInclude Include="ComponentInputManager.h">
      <Filter>Header Files</Filter>
    </ClInclude>
    <ClInclude Include="ComponentPhysics.h">
      <Filter>Header Files</Filter>
    </ClInclude>
    <ClInclude Include="ComponentPhysicsManager.h">
      <Filter>Header Files</Filter>
    </ClInclude>
    <ClInclude Include="CreatedActorData.h">
      <Filter>Header Files</Filter>
    </ClInclude>
  </ItemGroup>
  <ItemGroup>
    <ClCompile Include="Sound.cpp">
      <Filter>Source Files</Filter>
    </ClCompile>
    <ClCompile Include="StateMachine.cpp">
      <Filter>Source Files</Filter>
    </ClCompile>
    <ClCompile Include="SystemAspect.cpp">
      <Filter>Source Files</Filter>
    </ClCompile>
    <ClCompile Include="Text.cpp">
      <Filter>Source Files</Filter>
    </ClCompile>
    <ClCompile Include="thread.cpp">
      <Filter>Source Files</Filter>
    </ClCompile>
    <ClCompile Include="Transition.cpp">
      <Filter>Source Files</Filter>
    </ClCompile>
    <ClCompile Include="ActionActorCreatePath.cpp">
      <Filter>Source Files</Filter>
    </ClCompile>
    <ClCompile Include="ActionFollowPath.cpp">
      <Filter>Source Files</Filter>
    </ClCompile>
    <ClCompile Include="ActionManager.cpp">
      <Filter>Source Files</Filter>
    </ClCompile>
    <ClCompile Include="ActionPlayerLookAround.cpp">
      <Filter>Source Files</Filter>
    </ClCompile>
    <ClCompile Include="ActionPlayerMove.cpp">
      <Filter>Source Files</Filter>
    </ClCompile>
    <ClCompile Include="ActionPrintText.cpp">
      <Filter>Source Files</Filter>
    </ClCompile>
    <ClCompile Include="ActionSetFollowPath.cpp">
      <Filter>Source Files</Filter>
    </ClCompile>
    <ClCompile Include="ActionUpdateGpuTransform.cpp">
      <Filter>Source Files</Filter>
    </ClCompile>
    <ClCompile Include="ActorAspect.cpp">
      <Filter>Source Files</Filter>
    </ClCompile>
    <ClCompile Include="Align.cpp">
      <Filter>Source Files</Filter>
    </ClCompile>
    <ClCompile Include="Arrive.cpp">
      <Filter>Source Files</Filter>
    </ClCompile>
    <ClCompile Include="AStar.cpp">
      <Filter>Source Files</Filter>
    </ClCompile>
    <ClCompile Include="BVH.cpp">
      <Filter>Source Files</Filter>
    </ClCompile>
    <ClCompile Include="CollisionAvoidance.cpp">
      <Filter>Source Files</Filter>
    </ClCompile>
    <ClCompile Include="ConditionActorFollowingPath.cpp">
      <Filter>Source Files</Filter>
    </ClCompile>
    <ClCompile Include="ConditionActorHasPath.cpp">
      <Filter>Source Files</Filter>
    </ClCompile>
    <ClCompile Include="CpuProfiler.cpp">
      <Filter>Source Files</Filter>
    </ClCompile>
    <ClCompile Include="Decision.cpp">
      <Filter>Source Files</Filter>
    </ClCompile>
    <ClCompile Include="DecisionTreeTransition.cpp">
      <Filter>Source Files</Filter>
    </ClCompile>
    <ClCompile Include="developer.cpp">
      <Filter>Source Files</Filter>
    </ClCompile>
    <ClCompile Include="EditorEngine.cpp">
      <Filter>Source Files</Filter>
    </ClCompile>
    <ClCompile Include="EditorPhysicsAspect.cpp">
      <Filter>Source Files</Filter>
    </ClCompile>
    <ClCompile Include="Engine.cpp">
      <Filter>Source Files</Filter>
    </ClCompile>
    <ClCompile Include="EntityAspect.cpp">
      <Filter>Source Files</Filter>
    </ClCompile>
    <ClCompile Include="LevelEditor.cpp">
      <Filter>Source Files</Filter>
    </ClCompile>
    <ClCompile Include="LookWhereYoureGoing.cpp">
      <Filter>Source Files</Filter>
    </ClCompile>
    <ClCompile Include="main.cpp">
      <Filter>Source Files</Filter>
    </ClCompile>
    <ClCompile Include="MeshFactory.cpp">
      <Filter>Source Files</Filter>
    </ClCompile>
    <ClCompile Include="PhysicsAspect.cpp">
      <Filter>Source Files</Filter>
    </ClCompile>
    <ClCompile Include="PlayerController.cpp">
      <Filter>Source Files</Filter>
    </ClCompile>
    <ClCompile Include="QuadTree.cpp">
      <Filter>Source Files</Filter>
    </ClCompile>
    <ClCompile Include="Rtti.cpp">
      <Filter>Source Files</Filter>
    </ClCompile>
    <ClCompile Include="rtti_defines.cpp">
      <Filter>Source Files</Filter>
    </ClCompile>
    <ClCompile Include="ScreenshotFactory.cpp">
      <Filter>Source Files</Filter>
    </ClCompile>
    <ClCompile Include="Seek.cpp">
      <Filter>Source Files</Filter>
    </ClCompile>
    <ClCompile Include="SmallObjAllocator.cpp">
      <Filter>Source Files</Filter>
    </ClCompile>
    <ClCompile Include="SmallObject.cpp">
      <Filter>Source Files</Filter>
    </ClCompile>
    <ClCompile Include="ai\Squad.cpp">
      <Filter>Source Files\ai</Filter>
    </ClCompile>
    <ClCompile Include="ComponentRenderManager.cpp">
      <Filter>Source Files</Filter>
    </ClCompile>
    <ClCompile Include="ComponentUsableManager.cpp">
      <Filter>Source Files</Filter>
    </ClCompile>
    <ClCompile Include="TaskManager.cpp">
      <Filter>Source Files</Filter>
    </ClCompile>
    <ClCompile Include="TaskSceneCreateActorsGpu.cpp">
      <Filter>Source Files</Filter>
    </ClCompile>
    <ClCompile Include="TaskSceneCreateStaticMeshes.cpp">
      <Filter>Source Files</Filter>
    </ClCompile>
    <ClCompile Include="ActionPlayAnimation.cpp">
      <Filter>Source Files</Filter>
    </ClCompile>
    <ClCompile Include="ComponentActorManager.cpp">
      <Filter>Source Files</Filter>
    </ClCompile>
    <ClCompile Include="ComponentInputManager.cpp">
      <Filter>Source Files</Filter>
    </ClCompile>
    <ClCompile Include="ComponentPhysicsManager.cpp">
      <Filter>Source Files</Filter>
    </ClCompile>
  </ItemGroup>
</Project>