<?xml version="1.0" encoding="utf-8"?>
<Project ToolsVersion="4.0" xmlns="http://schemas.microsoft.com/developer/msbuild/2003">
  <ItemGroup>
    <Filter Include="Source Files">
      <UniqueIdentifier>{4FC737F1-C7A5-4376-A066-2A32D752A2FF}</UniqueIdentifier>
      <Extensions>cpp;c;cc;cxx;def;odl;idl;hpj;bat;asm;asmx</Extensions>
    </Filter>
    <Filter Include="Header Files">
      <UniqueIdentifier>{93995380-89BD-4b04-88EB-625FBE52EBFB}</UniqueIdentifier>
      <Extensions>h;hh;hpp;hxx;hm;inl;inc;xsd</Extensions>
    </Filter>
    <Filter Include="Resource Files">
      <UniqueIdentifier>{67DA6AB6-F800-4c08-8B7A-83BB121AAD01}</UniqueIdentifier>
      <Extensions>rc;ico;cur;bmp;dlg;rc2;rct;bin;rgs;gif;jpg;jpeg;jpe;resx;tiff;tif;png;wav;mfcribbon-ms</Extensions>
    </Filter>
    <Filter Include="Header Files\Container">
      <UniqueIdentifier>{c3da7fa8-067b-45e8-87ba-7f7a47f78d7d}</UniqueIdentifier>
    </Filter>
    <Filter Include="Header Files\util">
      <UniqueIdentifier>{806230e0-6965-4248-a01a-b0aaf7389f52}</UniqueIdentifier>
    </Filter>
    <Filter Include="Header Files\Allocator">
      <UniqueIdentifier>{0b593504-d8d5-422f-835e-e4d2fdeeb7a4}</UniqueIdentifier>
    </Filter>
    <Filter Include="Source Files\Allocator">
      <UniqueIdentifier>{94952b57-80de-4a53-8e7b-4d065c4bb0d5}</UniqueIdentifier>
    </Filter>
    <Filter Include="Source Files\Physics">
      <UniqueIdentifier>{ceeaaffb-74a6-42aa-8583-5da089a98721}</UniqueIdentifier>
    </Filter>
    <Filter Include="Header Files\Entity">
      <UniqueIdentifier>{d4c36c08-3ca7-4c0e-b8ad-edfe714bb475}</UniqueIdentifier>
    </Filter>
    <Filter Include="Header Files\Physics">
      <UniqueIdentifier>{8e1f8408-2fe9-4124-8432-ab2a415facbd}</UniqueIdentifier>
    </Filter>
    <Filter Include="Header Files\AI">
      <UniqueIdentifier>{a95b73b8-e8c2-4a6b-9b96-e47543509784}</UniqueIdentifier>
    </Filter>
    <Filter Include="Source Files\Container">
      <UniqueIdentifier>{e10c45c8-c6fe-469f-994f-5cd6fe516894}</UniqueIdentifier>
    </Filter>
    <Filter Include="Source Files\AI">
      <UniqueIdentifier>{24c38349-713d-426b-8d3f-9d59cd8fcdd0}</UniqueIdentifier>
    </Filter>
    <Filter Include="Header Files\AI\Conditions">
      <UniqueIdentifier>{07cf6c62-cc1c-4a3d-a679-b789eefe642f}</UniqueIdentifier>
    </Filter>
    <Filter Include="Header Files\AI\Steering">
      <UniqueIdentifier>{8ca0b2ba-77f7-4149-911a-ec4c67bb56e3}</UniqueIdentifier>
    </Filter>
    <Filter Include="Header Files\AI\Decision Tree">
      <UniqueIdentifier>{70ddb8cc-aeed-45cb-8a99-6646e88d4f5f}</UniqueIdentifier>
    </Filter>
    <Filter Include="Source Files\AI\Steering">
      <UniqueIdentifier>{bf203482-a532-4ec1-a349-de98c103366b}</UniqueIdentifier>
    </Filter>
    <Filter Include="Source Files\AI\Decisions">
      <UniqueIdentifier>{9722b3d2-e3c7-42f2-88d4-69994f1fecc4}</UniqueIdentifier>
    </Filter>
    <Filter Include="Source Files\Entity">
      <UniqueIdentifier>{b0af94ff-bf79-4e2b-9fed-9a2a7174f18f}</UniqueIdentifier>
    </Filter>
    <Filter Include="Source Files\AI\Conditions">
      <UniqueIdentifier>{1ee87ea5-3d17-40b9-9cf3-06fe886dc689}</UniqueIdentifier>
    </Filter>
    <Filter Include="Header Files\Events">
      <UniqueIdentifier>{05f457ad-a2c3-4baf-a181-05d81c7abd76}</UniqueIdentifier>
    </Filter>
    <Filter Include="Header Files\Editor">
      <UniqueIdentifier>{917b89b7-a842-4cef-8056-9c63a78f1c05}</UniqueIdentifier>
    </Filter>
    <Filter Include="Source Files\Editor">
      <UniqueIdentifier>{633544a4-e453-4b42-bc26-a5f6ede6c1ab}</UniqueIdentifier>
    </Filter>
    <Filter Include="Header Files\Input">
      <UniqueIdentifier>{30930ff3-e05e-497c-9e5f-a16b9dd1588c}</UniqueIdentifier>
    </Filter>
    <Filter Include="Source Files\Input">
      <UniqueIdentifier>{83f4dcc4-cbdd-424d-ac0c-4de6d30948e5}</UniqueIdentifier>
    </Filter>
    <Filter Include="Header Files\Actions">
      <UniqueIdentifier>{a3c44381-709b-4051-b455-8b68eca39437}</UniqueIdentifier>
    </Filter>
    <Filter Include="Source Files\Actions">
      <UniqueIdentifier>{2a3ae0c1-ca63-4342-988b-896e88b3f493}</UniqueIdentifier>
    </Filter>
    <Filter Include="Header Files\AI\State Machine">
      <UniqueIdentifier>{85ddcee5-bd26-4a3d-9e96-90c3d50bd6ee}</UniqueIdentifier>
    </Filter>
    <Filter Include="Source Files\unity">
      <UniqueIdentifier>{7250a31e-9de9-4e53-99b2-f1ad7b3aa74b}</UniqueIdentifier>
    </Filter>
    <Filter Include="Header Files\Tasks">
      <UniqueIdentifier>{20628dff-e3b0-4c77-9b20-ea1915f00b4a}</UniqueIdentifier>
    </Filter>
    <Filter Include="Source Files\Tasks">
      <UniqueIdentifier>{804da7a2-1d69-4c37-8b18-27ea380c5b73}</UniqueIdentifier>
    </Filter>
  </ItemGroup>
  <ItemGroup>
    <ClInclude Include="Engine.h">
      <Filter>Header Files</Filter>
    </ClInclude>
    <ClInclude Include="SystemAspect.h">
      <Filter>Header Files</Filter>
    </ClInclude>
    <ClInclude Include="rtti.h">
      <Filter>Header Files</Filter>
    </ClInclude>
    <ClInclude Include="Object.h">
      <Filter>Header Files</Filter>
    </ClInclude>
    <ClInclude Include="libraries.h">
      <Filter>Header Files</Filter>
    </ClInclude>
    <ClInclude Include="Matrix.h">
      <Filter>Header Files</Filter>
    </ClInclude>
    <ClInclude Include="VirtualBaseClass.h">
      <Filter>Header Files\util</Filter>
    </ClInclude>
    <ClInclude Include="stack.h">
      <Filter>Header Files\Container</Filter>
    </ClInclude>
    <ClInclude Include="thread_save_vector.h">
      <Filter>Header Files\Container</Filter>
    </ClInclude>
    <ClInclude Include="PhysicsAspect.h">
      <Filter>Header Files\Physics</Filter>
    </ClInclude>
    <ClInclude Include="memory.h">
      <Filter>Header Files</Filter>
    </ClInclude>
    <ClInclude Include="Pool.h">
      <Filter>Header Files</Filter>
    </ClInclude>
    <ClInclude Include="PlayerController.h">
      <Filter>Header Files</Filter>
    </ClInclude>
    <ClInclude Include="RingBuffer.h">
      <Filter>Header Files\Container</Filter>
    </ClInclude>
    <ClInclude Include="ComponentInput.h">
      <Filter>Header Files\Entity</Filter>
    </ClInclude>
    <ClInclude Include="BVH.h">
      <Filter>Header Files\Container</Filter>
    </ClInclude>
    <ClInclude Include="ComponentRender.h">
      <Filter>Header Files\Entity</Filter>
    </ClInclude>
    <ClInclude Include="PhysicsDefines.h">
      <Filter>Header Files\Physics</Filter>
    </ClInclude>
    <ClInclude Include="ComponentActor.h">
      <Filter>Header Files\Entity</Filter>
    </ClInclude>
    <ClInclude Include="Condition.h">
      <Filter>Header Files\AI\Conditions</Filter>
    </ClInclude>
    <ClInclude Include="DistanceCondition.h">
      <Filter>Header Files\AI\Conditions</Filter>
    </ClInclude>
    <ClInclude Include="Face.h">
      <Filter>Header Files\AI\Steering</Filter>
    </ClInclude>
    <ClInclude Include="Seek.h">
      <Filter>Header Files\AI\Steering</Filter>
    </ClInclude>
    <ClInclude Include="Align.h">
      <Filter>Header Files\AI\Steering</Filter>
    </ClInclude>
    <ClInclude Include="Wander.h">
      <Filter>Header Files\AI\Steering</Filter>
    </ClInclude>
    <ClInclude Include="ComponentsForward.h">
      <Filter>Header Files\Entity</Filter>
    </ClInclude>
    <ClInclude Include="AStar.h">
      <Filter>Header Files\AI</Filter>
    </ClInclude>
    <ClInclude Include="DecisionTreeNode.h">
      <Filter>Header Files\AI\Decision Tree</Filter>
    </ClInclude>
    <ClInclude Include="Decision.h">
      <Filter>Header Files\AI\Decision Tree</Filter>
    </ClInclude>
    <ClInclude Include="Steering.h">
      <Filter>Header Files\AI\Steering</Filter>
    </ClInclude>
    <ClInclude Include="Arrive.h">
      <Filter>Header Files\AI\Steering</Filter>
    </ClInclude>
    <ClInclude Include="Heap.h">
      <Filter>Header Files\Container</Filter>
    </ClInclude>
    <ClInclude Include="TargetState.h">
      <Filter>Header Files\AI\Decision Tree</Filter>
    </ClInclude>
    <ClInclude Include="PhysicsFactory.h">
      <Filter>Header Files\Entity</Filter>
    </ClInclude>
    <ClInclude Include="ActorAspect.h">
      <Filter>Header Files\AI</Filter>
    </ClInclude>
    <ClInclude Include="developer.h">
      <Filter>Header Files</Filter>
    </ClInclude>
    <ClInclude Include="EventsIngame.h">
      <Filter>Header Files\Events</Filter>
    </ClInclude>
    <ClInclude Include="EventsAI.h">
      <Filter>Header Files\Events</Filter>
    </ClInclude>
    <ClInclude Include="EditorEngine.h">
      <Filter>Header Files\Editor</Filter>
    </ClInclude>
    <ClInclude Include="LevelEditor.h">
      <Filter>Header Files\Editor</Filter>
    </ClInclude>
    <ClInclude Include="EventEditor.h">
      <Filter>Header Files\Events</Filter>
    </ClInclude>
    <ClInclude Include="Editor.h">
      <Filter>Header Files\Editor</Filter>
    </ClInclude>
    <ClInclude Include="Primitive.h">
      <Filter>Header Files</Filter>
    </ClInclude>
    <ClInclude Include="EntityAspect.h">
      <Filter>Header Files\Entity</Filter>
    </ClInclude>
    <ClInclude Include="input\Keys.h">
      <Filter>Header Files\Input</Filter>
    </ClInclude>
    <ClInclude Include="EngineGlobals.h">
      <Filter>Header Files</Filter>
    </ClInclude>
    <ClInclude Include="ActionPlayerLookAround.h">
      <Filter>Header Files\Actions</Filter>
    </ClInclude>
    <ClInclude Include="ActionPlayerMove.h">
      <Filter>Header Files\Actions</Filter>
    </ClInclude>
    <ClInclude Include="ActionUpdateGpuTransform.h">
      <Filter>Header Files\Actions</Filter>
    </ClInclude>
    <ClInclude Include="Action.h">
      <Filter>Header Files\Actions</Filter>
    </ClInclude>
    <ClInclude Include="ai\Squad.h">
      <Filter>Header Files\AI</Filter>
    </ClInclude>
    <ClInclude Include="State.h">
      <Filter>Header Files\AI\State Machine</Filter>
    </ClInclude>
    <ClInclude Include="StateMachine.h">
      <Filter>Header Files\AI\State Machine</Filter>
    </ClInclude>
    <ClInclude Include="Transition.h">
      <Filter>Header Files\AI\State Machine</Filter>
    </ClInclude>
    <ClInclude Include="DecisionTreeTransition.h">
      <Filter>Header Files\AI\State Machine</Filter>
    </ClInclude>
    <ClInclude Include="ActionFollowPath.h">
      <Filter>Header Files\Actions</Filter>
    </ClInclude>
    <ClInclude Include="ConditionActorHasPath.h">
      <Filter>Header Files\AI\Conditions</Filter>
    </ClInclude>
    <ClInclude Include="ConditionActorFollowingPath.h">
      <Filter>Header Files\AI\Conditions</Filter>
    </ClInclude>
    <ClInclude Include="ActionSetFollowPath.h">
      <Filter>Header Files\Actions</Filter>
    </ClInclude>
    <ClInclude Include="Timer.h">
      <Filter>Header Files</Filter>
    </ClInclude>
    <ClInclude Include="ActionPrintText.h">
      <Filter>Header Files\Actions</Filter>
    </ClInclude>
    <ClInclude Include="ActionActorCreatePath.h">
      <Filter>Header Files\Actions</Filter>
    </ClInclude>
    <ClInclude Include="CpuProfiler.h">
      <Filter>Header Files</Filter>
    </ClInclude>
    <ClInclude Include="ActionManager.h">
      <Filter>Header Files\Actions</Filter>
    </ClInclude>
    <ClInclude Include="EditorObjectColors.h">
      <Filter>Header Files\Editor</Filter>
    </ClInclude>
    <ClInclude Include="LookWhereYoureGoing.h">
      <Filter>Header Files\AI\Steering</Filter>
    </ClInclude>
    <ClInclude Include="PseudoRandom.h">
      <Filter>Header Files</Filter>
    </ClInclude>
    <ClInclude Include="EditorPhysicsAspect.h">
      <Filter>Header Files\Physics</Filter>
    </ClInclude>
    <ClInclude Include="QuadTree.h">
      <Filter>Header Files</Filter>
    </ClInclude>
    <ClInclude Include="CollisionAvoidance.h">
      <Filter>Header Files\AI\Steering</Filter>
    </ClInclude>
    <ClInclude Include="ComponentRenderManager.h">
      <Filter>Header Files\Entity</Filter>
    </ClInclude>
    <ClInclude Include="TaskSceneCreateStaticMeshes.h">
      <Filter>Header Files\Tasks</Filter>
    </ClInclude>
    <ClInclude Include="TaskSceneCreateActorsGpu.h">
      <Filter>Header Files\Tasks</Filter>
    </ClInclude>
    <ClInclude Include="ComponentPhysics.h">
      <Filter>Header Files\Entity</Filter>
    </ClInclude>
    <ClInclude Include="ComponentPhysicsManager.h">
      <Filter>Header Files\Entity</Filter>
    </ClInclude>
    <ClInclude Include="ComponentInputManager.h">
      <Filter>Header Files\Entity</Filter>
    </ClInclude>
    <ClInclude Include="ComponentActorManager.h">
      <Filter>Header Files\Entity</Filter>
    </ClInclude>
    <ClInclude Include="CreatedActorData.h">
      <Filter>Header Files\Entity</Filter>
    </ClInclude>
    <ClInclude Include="ActionPlayAnimation.h">
      <Filter>Header Files\Actions</Filter>
    </ClInclude>
    <ClInclude Include="TaskPhysxCreateJoints.h">
      <Filter>Header Files\Tasks</Filter>
    </ClInclude>
    <ClInclude Include="PhysicsCpuDispatcher.h">
      <Filter>Header Files\Physics</Filter>
    </ClInclude>
    <ClInclude Include="ComponentAction.h">
      <Filter>Header Files\Entity</Filter>
    </ClInclude>
    <ClInclude Include="ComponentActionManager.h">
      <Filter>Header Files\Entity</Filter>
    </ClInclude>
    <ClInclude Include="Entity.h">
      <Filter>Header Files\Entity</Filter>
    </ClInclude>
  </ItemGroup>
  <ItemGroup>
    <ClCompile Include="main.cpp">
      <Filter>Source Files</Filter>
    </ClCompile>
    <ClCompile Include="SystemAspect.cpp">
      <Filter>Source Files</Filter>
    </ClCompile>
    <ClCompile Include="Engine.cpp">
      <Filter>Source Files</Filter>
    </ClCompile>
    <ClCompile Include="Rtti.cpp">
      <Filter>Source Files</Filter>
    </ClCompile>
    <ClCompile Include="rtti_defines.cpp">
      <Filter>Source Files</Filter>
    </ClCompile>
    <ClCompile Include="PhysicsAspect.cpp">
      <Filter>Source Files\Physics</Filter>
    </ClCompile>
    <ClCompile Include="BVH.cpp">
      <Filter>Source Files\Container</Filter>
    </ClCompile>
    <ClCompile Include="StateMachine.cpp">
      <Filter>Source Files\AI</Filter>
    </ClCompile>
    <ClCompile Include="Transition.cpp">
      <Filter>Source Files\AI</Filter>
    </ClCompile>
    <ClCompile Include="ActionManager.cpp">
      <Filter>Source Files\AI</Filter>
    </ClCompile>
    <ClCompile Include="AStar.cpp">
      <Filter>Source Files\AI</Filter>
    </ClCompile>
    <ClCompile Include="Align.cpp">
      <Filter>Source Files\AI\Steering</Filter>
    </ClCompile>
    <ClCompile Include="Seek.cpp">
      <Filter>Source Files\AI\Steering</Filter>
    </ClCompile>
    <ClCompile Include="Arrive.cpp">
      <Filter>Source Files\AI\Steering</Filter>
    </ClCompile>
    <ClCompile Include="Decision.cpp">
      <Filter>Source Files\AI\Decisions</Filter>
    </ClCompile>
    <ClCompile Include="DecisionTreeTransition.cpp">
      <Filter>Source Files\AI\Decisions</Filter>
    </ClCompile>
    <ClCompile Include="developer.cpp">
      <Filter>Source Files</Filter>
    </ClCompile>
    <ClCompile Include="EntityAspect.cpp">
      <Filter>Source Files\Entity</Filter>
    </ClCompile>
    <ClCompile Include="ActorAspect.cpp">
      <Filter>Source Files\AI</Filter>
    </ClCompile>
    <ClCompile Include="EditorEngine.cpp">
      <Filter>Source Files\Editor</Filter>
    </ClCompile>
    <ClCompile Include="LevelEditor.cpp">
      <Filter>Source Files\Editor</Filter>
    </ClCompile>
    <ClCompile Include="PlayerController.cpp">
      <Filter>Source Files\Entity</Filter>
    </ClCompile>
    <ClCompile Include="ActionUpdateGpuTransform.cpp">
      <Filter>Source Files\Actions</Filter>
    </ClCompile>
    <ClCompile Include="ActionPlayerLookAround.cpp">
      <Filter>Source Files\Actions</Filter>
    </ClCompile>
    <ClCompile Include="ActionPlayerMove.cpp">
      <Filter>Source Files\Actions</Filter>
    </ClCompile>
    <ClCompile Include="ai\Squad.cpp">
      <Filter>Source Files\AI</Filter>
    </ClCompile>
    <ClCompile Include="ActionFollowPath.cpp">
      <Filter>Source Files\Actions</Filter>
    </ClCompile>
    <ClCompile Include="ConditionActorHasPath.cpp">
      <Filter>Source Files\AI\Conditions</Filter>
    </ClCompile>
    <ClCompile Include="ConditionActorFollowingPath.cpp">
      <Filter>Source Files\AI\Conditions</Filter>
    </ClCompile>
    <ClCompile Include="ActionSetFollowPath.cpp">
      <Filter>Source Files\Actions</Filter>
    </ClCompile>
    <ClCompile Include="unity\Unity_vxEngine1.cpp">
      <Filter>Source Files\unity</Filter>
    </ClCompile>
    <ClCompile Include="ActionPrintText.cpp">
      <Filter>Source Files\Actions</Filter>
    </ClCompile>
    <ClCompile Include="ActionActorCreatePath.cpp">
      <Filter>Source Files\Actions</Filter>
    </ClCompile>
    <ClCompile Include="CpuProfiler.cpp">
      <Filter>Source Files</Filter>
    </ClCompile>
    <ClCompile Include="LookWhereYoureGoing.cpp">
      <Filter>Source Files\AI\Steering</Filter>
    </ClCompile>
    <ClCompile Include="EditorPhysicsAspect.cpp">
      <Filter>Source Files\Physics</Filter>
    </ClCompile>
    <ClCompile Include="QuadTree.cpp">
      <Filter>Source Files</Filter>
    </ClCompile>
    <ClCompile Include="CollisionAvoidance.cpp">
      <Filter>Source Files\AI\Steering</Filter>
    </ClCompile>
    <ClCompile Include="ComponentRenderManager.cpp">
      <Filter>Source Files\Entity</Filter>
    </ClCompile>
    <ClCompile Include="TaskSceneCreateStaticMeshes.cpp">
      <Filter>Source Files\Tasks</Filter>
    </ClCompile>
    <ClCompile Include="TaskSceneCreateActorsGpu.cpp">
      <Filter>Source Files\Tasks</Filter>
    </ClCompile>
    <ClCompile Include="ComponentPhysicsManager.cpp">
      <Filter>Source Files\Entity</Filter>
    </ClCompile>
    <ClCompile Include="ComponentInputManager.cpp">
      <Filter>Source Files\Entity</Filter>
    </ClCompile>
    <ClCompile Include="ComponentActorManager.cpp">
      <Filter>Source Files\Entity</Filter>
    </ClCompile>
    <ClCompile Include="ActionPlayAnimation.cpp">
      <Filter>Source Files\Actions</Filter>
    </ClCompile>
    <ClCompile Include="TaskPhysxCreateJoints.cpp">
      <Filter>Source Files\Tasks</Filter>
    </ClCompile>
    <ClCompile Include="PhysicsCpuDispatcher.cpp">
      <Filter>Source Files\Physics</Filter>
    </ClCompile>
    <ClCompile Include="ComponentActionManager.cpp">
      <Filter>Source Files\Entity</Filter>
    </ClCompile>
    <ClCompile Include="Entity.cpp">
      <Filter>Source Files\Entity</Filter>
    </ClCompile>
  </ItemGroup>
</Project>