<?xml version="1.0" encoding="utf-8"?>
<Project ToolsVersion="4.0" xmlns="http://schemas.microsoft.com/developer/msbuild/2003">
  <ItemGroup>
    <Filter Include="Source Files">
      <UniqueIdentifier>{4FC737F1-C7A5-4376-A066-2A32D752A2FF}</UniqueIdentifier>
      <Extensions>cpp;c;cc;cxx;def;odl;idl;hpj;bat;asm;asmx</Extensions>
    </Filter>
    <Filter Include="Header Files">
      <UniqueIdentifier>{93995380-89BD-4b04-88EB-625FBE52EBFB}</UniqueIdentifier>
      <Extensions>h;hh;hpp;hxx;hm;inl;inc;xsd</Extensions>
    </Filter>
    <Filter Include="Resource Files">
      <UniqueIdentifier>{67DA6AB6-F800-4c08-8B7A-83BB121AAD01}</UniqueIdentifier>
      <Extensions>rc;ico;cur;bmp;dlg;rc2;rct;bin;rgs;gif;jpg;jpeg;jpe;resx;tiff;tif;png;wav;mfcribbon-ms</Extensions>
    </Filter>
    <Filter Include="Shaders">
      <UniqueIdentifier>{cb05b2bf-a8de-4244-bcda-a767347c7fc0}</UniqueIdentifier>
    </Filter>
    <Filter Include="Header Files\Tasks">
      <UniqueIdentifier>{acd92bc5-8351-4a1c-9110-a90e31c88433}</UniqueIdentifier>
    </Filter>
    <Filter Include="Source Files\Tasks">
      <UniqueIdentifier>{43d312a1-b43f-4c8e-898c-af615f49da02}</UniqueIdentifier>
    </Filter>
    <Filter Include="Header Files\Gpu">
      <UniqueIdentifier>{9f126c40-d39a-43b0-9715-9bc48e3332c4}</UniqueIdentifier>
    </Filter>
    <Filter Include="Shaders\draw quad">
      <UniqueIdentifier>{e3ee47c7-3d3c-4c01-af6b-410060a4c8f2}</UniqueIdentifier>
    </Filter>
    <Filter Include="Header Files\RenderPass">
      <UniqueIdentifier>{3f0a05dc-d901-4d8b-a5b4-e682219cd32a}</UniqueIdentifier>
    </Filter>
    <Filter Include="Shaders\ao">
      <UniqueIdentifier>{e3325321-421f-4f8c-acad-49568a03a04b}</UniqueIdentifier>
    </Filter>
    <Filter Include="Shaders\create gbuffer">
      <UniqueIdentifier>{c0397c63-136b-4df8-84e8-19a52375ddf1}</UniqueIdentifier>
    </Filter>
    <Filter Include="Shaders\create radiosity buffer">
      <UniqueIdentifier>{d621decb-3d3f-40a4-b1fa-07ee204a4f2a}</UniqueIdentifier>
    </Filter>
    <Filter Include="Header Files\math">
      <UniqueIdentifier>{d1518f71-b303-466f-a769-211daa75df82}</UniqueIdentifier>
    </Filter>
    <Filter Include="Source Files\RenderPass">
      <UniqueIdentifier>{8c6d3612-fef3-49b9-887d-08478163003f}</UniqueIdentifier>
    </Filter>
    <Filter Include="Shaders\final">
      <UniqueIdentifier>{8ac29fe5-861d-410d-81d6-20b50bb3295a}</UniqueIdentifier>
    </Filter>
    <Filter Include="Shaders\shadng">
      <UniqueIdentifier>{4485ffa2-6b42-4005-a754-ea11f94d8c76}</UniqueIdentifier>
    </Filter>
  </ItemGroup>
  <ItemGroup>
    <ClInclude Include="d3dHelper.h">
      <Filter>Header Files</Filter>
    </ClInclude>
    <ClInclude Include="d3dx12.h">
      <Filter>Header Files</Filter>
    </ClInclude>
    <ClInclude Include="dllExport.h">
      <Filter>Header Files</Filter>
    </ClInclude>
    <ClInclude Include="RenderAspect.h">
      <Filter>Header Files</Filter>
    </ClInclude>
    <ClInclude Include="TaskUploadGeometry.h">
      <Filter>Header Files\Tasks</Filter>
    </ClInclude>
    <ClInclude Include="ResourceBarrier.h">
      <Filter>Header Files</Filter>
    </ClInclude>
    <ClInclude Include="BufferView.h">
      <Filter>Header Files</Filter>
    </ClInclude>
    <ClInclude Include="d3d.h">
      <Filter>Header Files</Filter>
    </ClInclude>
    <ClInclude Include="DescriptorHeap.h">
      <Filter>Header Files</Filter>
    </ClInclude>
    <ClInclude Include="Device.h">
      <Filter>Header Files</Filter>
    </ClInclude>
    <ClInclude Include="Heap.h">
      <Filter>Header Files</Filter>
    </ClInclude>
    <ClInclude Include="UploadManager.h">
      <Filter>Header Files</Filter>
    </ClInclude>
    <ClInclude Include="MeshManager.h">
      <Filter>Header Files</Filter>
    </ClInclude>
    <ClInclude Include="Vertex.h">
      <Filter>Header Files</Filter>
    </ClInclude>
    <ClInclude Include="MaterialManager.h">
      <Filter>Header Files</Filter>
    </ClInclude>
    <ClInclude Include="Freelist.h">
      <Filter>Header Files</Filter>
    </ClInclude>
    <ClInclude Include="TextureManager.h">
      <Filter>Header Files</Filter>
    </ClInclude>
    <ClInclude Include="GpuCameraBufferData.h">
      <Filter>Header Files\Gpu</Filter>
    </ClInclude>
    <ClInclude Include="Quaternion.h">
      <Filter>Header Files</Filter>
    </ClInclude>
    <ClInclude Include="ConverterMesh.h">
      <Filter>Header Files</Filter>
    </ClInclude>
    <ClInclude Include="AdjacencyTreeBuilder.h">
      <Filter>Header Files</Filter>
    </ClInclude>
    <ClInclude Include="GpuTransform.h">
      <Filter>Header Files\Gpu</Filter>
    </ClInclude>
    <ClInclude Include="ShaderManager.h">
      <Filter>Header Files</Filter>
    </ClInclude>
    <ClInclude Include="GpuLight.h">
      <Filter>Header Files\Gpu</Filter>
    </ClInclude>
    <ClInclude Include="Gpu.h">
      <Filter>Header Files\Gpu</Filter>
    </ClInclude>
    <ClInclude Include="GpuMath.h">
      <Filter>Header Files\Gpu</Filter>
    </ClInclude>
    <ClInclude Include="RenderPass.h">
      <Filter>Header Files\RenderPass</Filter>
    </ClInclude>
    <ClInclude Include="RenderPassZBuffer.h">
      <Filter>Header Files\RenderPass</Filter>
    </ClInclude>
    <ClInclude Include="ResourceManager.h">
      <Filter>Header Files</Filter>
    </ClInclude>
    <ClInclude Include="ResourceView.h">
      <Filter>Header Files</Filter>
    </ClInclude>
    <ClInclude Include="mat3.h">
      <Filter>Header Files\math</Filter>
    </ClInclude>
    <ClInclude Include="RenderPassZBufferCreateMipmaps.h">
      <Filter>Header Files\RenderPass</Filter>
    </ClInclude>
    <ClInclude Include="GpuSaoBuffer.h">
      <Filter>Header Files\Gpu</Filter>
    </ClInclude>
    <ClInclude Include="RenderPassAo.h">
      <Filter>Header Files\RenderPass</Filter>
    </ClInclude>
    <ClInclude Include="CreateResourceDesc.h">
      <Filter>Header Files</Filter>
    </ClInclude>
    <ClInclude Include="GBufferRenderer.h">
      <Filter>Header Files\RenderPass</Filter>
    </ClInclude>
    <ClInclude Include="Debug.h">
      <Filter>Header Files</Filter>
    </ClInclude>
    <ClInclude Include="CommandList.h">
      <Filter>Header Files</Filter>
    </ClInclude>
    <ClInclude Include="RenderPassShading.h">
      <Filter>Header Files\RenderPass</Filter>
    </ClInclude>
    <ClInclude Include="RenderPassFinal.h">
      <Filter>Header Files\RenderPass</Filter>
    </ClInclude>
  </ItemGroup>
  <ItemGroup>
    <ClCompile Include="dllExport.cpp">
      <Filter>Source Files</Filter>
    </ClCompile>
    <ClCompile Include="RenderAspect.cpp">
      <Filter>Source Files</Filter>
    </ClCompile>
    <ClCompile Include="TaskUploadGeometry.cpp">
      <Filter>Source Files\Tasks</Filter>
    </ClCompile>
    <ClCompile Include="BufferView.cpp">
      <Filter>Source Files</Filter>
    </ClCompile>
    <ClCompile Include="DescriptorHeap.cpp">
      <Filter>Source Files</Filter>
    </ClCompile>
    <ClCompile Include="Device.cpp">
      <Filter>Source Files</Filter>
    </ClCompile>
    <ClCompile Include="Heap.cpp">
      <Filter>Source Files</Filter>
    </ClCompile>
    <ClCompile Include="UploadManager.cpp">
      <Filter>Source Files</Filter>
    </ClCompile>
    <ClCompile Include="MeshManager.cpp">
      <Filter>Source Files</Filter>
    </ClCompile>
    <ClCompile Include="MaterialManager.cpp">
      <Filter>Source Files</Filter>
    </ClCompile>
    <ClCompile Include="TextureManager.cpp">
      <Filter>Source Files</Filter>
    </ClCompile>
    <ClCompile Include="ConverterMesh.cpp">
      <Filter>Source Files</Filter>
    </ClCompile>
    <ClCompile Include="ShaderManager.cpp">
      <Filter>Source Files</Filter>
    </ClCompile>
    <ClCompile Include="ResourceManager.cpp">
      <Filter>Source Files</Filter>
    </ClCompile>
    <ClCompile Include="RenderPassZBufferCreateMipmaps.cpp">
      <Filter>Source Files\RenderPass</Filter>
    </ClCompile>
    <ClCompile Include="RenderPassZBuffer.cpp">
      <Filter>Source Files\RenderPass</Filter>
    </ClCompile>
    <ClCompile Include="GBufferRenderer.cpp">
      <Filter>Source Files\RenderPass</Filter>
    </ClCompile>
    <ClCompile Include="Debug.cpp">
      <Filter>Source Files</Filter>
    </ClCompile>
    <ClCompile Include="RenderPass.cpp">
      <Filter>Source Files\RenderPass</Filter>
    </ClCompile>
    <ClCompile Include="CommandList.cpp">
      <Filter>Source Files</Filter>
    </ClCompile>
    <ClCompile Include="RenderPassAo.cpp">
      <Filter>Source Files\RenderPass</Filter>
    </ClCompile>
    <ClCompile Include="RenderPassShading.cpp">
      <Filter>Source Files\RenderPass</Filter>
    </ClCompile>
    <ClCompile Include="RenderPassFinal.cpp">
      <Filter>Source Files\RenderPass</Filter>
    </ClCompile>
  </ItemGroup>
  <ItemGroup>
    <FxCompile Include="PixelShader.hlsl">
      <Filter>Shaders</Filter>
    </FxCompile>
    <FxCompile Include="PsGBuffer.hlsl">
      <Filter>Shaders\create gbuffer</Filter>
    </FxCompile>
    <FxCompile Include="VertexShader.hlsl">
      <Filter>Shaders</Filter>
    </FxCompile>
    <FxCompile Include="MeshVertex.hlsl">
      <Filter>Shaders\create gbuffer</Filter>
    </FxCompile>
    <FxCompile Include="DrawQuadVs.hlsl">
      <Filter>Shaders\draw quad</Filter>
    </FxCompile>
    <FxCompile Include="DrawQuadGs.hlsl">
      <Filter>Shaders\draw quad</Filter>
    </FxCompile>
    <FxCompile Include="DeepGBufferGs.hlsl">
      <Filter>Shaders\create gbuffer</Filter>
    </FxCompile>
    <FxCompile Include="CreateRadiosityPS.hlsl">
      <Filter>Shaders\create radiosity buffer</Filter>
    </FxCompile>
    <FxCompile Include="CreateZBufferPS.hlsl">
      <Filter>Shaders\ao</Filter>
    </FxCompile>
    <FxCompile Include="SAO_minify.hlsl">
      <Filter>Shaders\ao</Filter>
    </FxCompile>
    <FxCompile Include="SAO_aoPS.hlsl">
      <Filter>Shaders\ao</Filter>
    </FxCompile>
    <FxCompile Include="SAO_blurX.hlsl">
      <Filter>Shaders\ao</Filter>
    </FxCompile>
    <FxCompile Include="SAO_blurY.hlsl">
      <Filter>Shaders\ao</Filter>
    </FxCompile>
    <FxCompile Include="FinalPS.hlsl">
      <Filter>Shaders\final</Filter>
    </FxCompile>
    <FxCompile Include="ShadePS.hlsl">
      <Filter>Shaders\shadng</Filter>
    </FxCompile>
  </ItemGroup>
</Project>