<?xml version="1.0" encoding="utf-8"?>
<Project ToolsVersion="4.0" xmlns="http://schemas.microsoft.com/developer/msbuild/2003">
  <ItemGroup>
    <Filter Include="Source Files">
      <UniqueIdentifier>{4FC737F1-C7A5-4376-A066-2A32D752A2FF}</UniqueIdentifier>
      <Extensions>cpp;c;cc;cxx;def;odl;idl;hpj;bat;asm;asmx</Extensions>
    </Filter>
    <Filter Include="Header Files">
      <UniqueIdentifier>{93995380-89BD-4b04-88EB-625FBE52EBFB}</UniqueIdentifier>
      <Extensions>h;hh;hpp;hxx;hm;inl;inc;xsd</Extensions>
    </Filter>
    <Filter Include="Resource Files">
      <UniqueIdentifier>{67DA6AB6-F800-4c08-8B7A-83BB121AAD01}</UniqueIdentifier>
      <Extensions>rc;ico;cur;bmp;dlg;rc2;rct;bin;rgs;gif;jpg;jpeg;jpe;resx;tiff;tif;png;wav;mfcribbon-ms</Extensions>
    </Filter>
    <Filter Include="Shaders">
      <UniqueIdentifier>{cb05b2bf-a8de-4244-bcda-a767347c7fc0}</UniqueIdentifier>
    </Filter>
    <Filter Include="Header Files\Tasks">
      <UniqueIdentifier>{acd92bc5-8351-4a1c-9110-a90e31c88433}</UniqueIdentifier>
    </Filter>
    <Filter Include="Source Files\Tasks">
      <UniqueIdentifier>{43d312a1-b43f-4c8e-898c-af615f49da02}</UniqueIdentifier>
    </Filter>
    <Filter Include="Header Files\Gpu">
      <UniqueIdentifier>{9f126c40-d39a-43b0-9715-9bc48e3332c4}</UniqueIdentifier>
    </Filter>
    <Filter Include="Shaders\draw quad">
      <UniqueIdentifier>{e3ee47c7-3d3c-4c01-af6b-410060a4c8f2}</UniqueIdentifier>
    </Filter>
    <Filter Include="Header Files\RenderPass">
      <UniqueIdentifier>{3f0a05dc-d901-4d8b-a5b4-e682219cd32a}</UniqueIdentifier>
    </Filter>
    <Filter Include="Shaders\ao">
      <UniqueIdentifier>{e3325321-421f-4f8c-acad-49568a03a04b}</UniqueIdentifier>
    </Filter>
    <Filter Include="Shaders\create gbuffer">
      <UniqueIdentifier>{c0397c63-136b-4df8-84e8-19a52375ddf1}</UniqueIdentifier>
    </Filter>
    <Filter Include="Header Files\math">
      <UniqueIdentifier>{d1518f71-b303-466f-a769-211daa75df82}</UniqueIdentifier>
    </Filter>
    <Filter Include="Source Files\RenderPass">
      <UniqueIdentifier>{8c6d3612-fef3-49b9-887d-08478163003f}</UniqueIdentifier>
    </Filter>
    <Filter Include="Shaders\final">
      <UniqueIdentifier>{8ac29fe5-861d-410d-81d6-20b50bb3295a}</UniqueIdentifier>
    </Filter>
    <Filter Include="Shaders\cull lights">
      <UniqueIdentifier>{8ba0b537-e930-4fa5-a75d-d2121d3c70f4}</UniqueIdentifier>
    </Filter>
    <Filter Include="Shaders\draw voxel">
      <UniqueIdentifier>{5acf76d7-2750-4b90-ba9a-bad01ab71542}</UniqueIdentifier>
    </Filter>
    <Filter Include="Shaders\shadowmap">
      <UniqueIdentifier>{ee91f01d-b48d-4d43-8852-eb83b4bc1ca7}</UniqueIdentifier>
    </Filter>
    <Filter Include="Shaders\radiosity">
      <UniqueIdentifier>{d621decb-3d3f-40a4-b1fa-07ee204a4f2a}</UniqueIdentifier>
    </Filter>
    <Filter Include="Shaders\text">
      <UniqueIdentifier>{0dfbb9f8-341e-4dea-9a9f-91e1b2e3b04e}</UniqueIdentifier>
    </Filter>
    <Filter Include="Header Files\Layers">
      <UniqueIdentifier>{fb169311-186f-4248-b581-83108dde10dc}</UniqueIdentifier>
    </Filter>
    <Filter Include="Source Files\Objects">
      <UniqueIdentifier>{a7fb374b-4841-43d0-8cbb-5981e9a340ab}</UniqueIdentifier>
    </Filter>
    <Filter Include="Source Files\Layers">
      <UniqueIdentifier>{85f11ca9-9e92-4026-8acf-7e78b2743cf0}</UniqueIdentifier>
    </Filter>
    <Filter Include="Shaders\shading">
      <UniqueIdentifier>{4485ffa2-6b42-4005-a754-ea11f94d8c76}</UniqueIdentifier>
    </Filter>
    <Filter Include="Shaders\voxel">
      <UniqueIdentifier>{42cc15f4-49a9-460d-8a28-3baed8539e37}</UniqueIdentifier>
    </Filter>
    <Filter Include="Header Files\d3d">
      <UniqueIdentifier>{997c810f-41dc-4cdd-8957-1ba7e8d3eca3}</UniqueIdentifier>
    </Filter>
    <Filter Include="Shaders\ssgi">
      <UniqueIdentifier>{25fa0de8-ee85-49e4-b4b0-ebf682f09c35}</UniqueIdentifier>
    </Filter>
    <Filter Include="Shaders\vpl">
      <UniqueIdentifier>{83001473-4b61-4b5b-909b-efed4ce44d52}</UniqueIdentifier>
    </Filter>
  </ItemGroup>
  <ItemGroup>
    <ClInclude Include="d3dHelper.h">
      <Filter>Header Files</Filter>
    </ClInclude>
    <ClInclude Include="d3dx12.h">
      <Filter>Header Files</Filter>
    </ClInclude>
    <ClInclude Include="dllExport.h">
      <Filter>Header Files</Filter>
    </ClInclude>
    <ClInclude Include="RenderAspect.h">
      <Filter>Header Files</Filter>
    </ClInclude>
    <ClInclude Include="TaskUploadGeometry.h">
      <Filter>Header Files\Tasks</Filter>
    </ClInclude>
    <ClInclude Include="d3d.h">
      <Filter>Header Files</Filter>
    </ClInclude>
    <ClInclude Include="UploadManager.h">
      <Filter>Header Files</Filter>
    </ClInclude>
    <ClInclude Include="MeshManager.h">
      <Filter>Header Files</Filter>
    </ClInclude>
    <ClInclude Include="Vertex.h">
      <Filter>Header Files</Filter>
    </ClInclude>
    <ClInclude Include="MaterialManager.h">
      <Filter>Header Files</Filter>
    </ClInclude>
    <ClInclude Include="TextureManager.h">
      <Filter>Header Files</Filter>
    </ClInclude>
    <ClInclude Include="GpuCameraBufferData.h">
      <Filter>Header Files\Gpu</Filter>
    </ClInclude>
    <ClInclude Include="Quaternion.h">
      <Filter>Header Files</Filter>
    </ClInclude>
    <ClInclude Include="ConverterMesh.h">
      <Filter>Header Files</Filter>
    </ClInclude>
    <ClInclude Include="AdjacencyTreeBuilder.h">
      <Filter>Header Files</Filter>
    </ClInclude>
    <ClInclude Include="GpuTransform.h">
      <Filter>Header Files\Gpu</Filter>
    </ClInclude>
    <ClInclude Include="GpuLight.h">
      <Filter>Header Files\Gpu</Filter>
    </ClInclude>
    <ClInclude Include="Gpu.h">
      <Filter>Header Files\Gpu</Filter>
    </ClInclude>
    <ClInclude Include="GpuMath.h">
      <Filter>Header Files\Gpu</Filter>
    </ClInclude>
    <ClInclude Include="RenderPass.h">
      <Filter>Header Files\RenderPass</Filter>
    </ClInclude>
    <ClInclude Include="RenderPassZBuffer.h">
      <Filter>Header Files\RenderPass</Filter>
    </ClInclude>
    <ClInclude Include="ResourceManager.h">
      <Filter>Header Files</Filter>
    </ClInclude>
    <ClInclude Include="mat3.h">
      <Filter>Header Files\math</Filter>
    </ClInclude>
    <ClInclude Include="RenderPassZBufferCreateMipmaps.h">
      <Filter>Header Files\RenderPass</Filter>
    </ClInclude>
    <ClInclude Include="GpuSaoBuffer.h">
      <Filter>Header Files\Gpu</Filter>
    </ClInclude>
    <ClInclude Include="RenderPassAo.h">
      <Filter>Header Files\RenderPass</Filter>
    </ClInclude>
    <ClInclude Include="CreateResourceDesc.h">
      <Filter>Header Files</Filter>
    </ClInclude>
    <ClInclude Include="Debug.h">
      <Filter>Header Files</Filter>
    </ClInclude>
    <ClInclude Include="RenderPassShading.h">
      <Filter>Header Files\RenderPass</Filter>
    </ClInclude>
    <ClInclude Include="LightManager.h">
      <Filter>Header Files</Filter>
    </ClInclude>
    <ClInclude Include="Frustum.h">
      <Filter>Header Files</Filter>
    </ClInclude>
    <ClInclude Include="RenderPassCullLights.h">
      <Filter>Header Files\RenderPass</Filter>
    </ClInclude>
    <ClInclude Include="RenderPassVisibleLights.h">
      <Filter>Header Files\RenderPass</Filter>
    </ClInclude>
    <ClInclude Include="RenderSettings.h">
      <Filter>Header Files</Filter>
    </ClInclude>
    <ClInclude Include="RenderPassShadow.h">
      <Filter>Header Files\RenderPass</Filter>
    </ClInclude>
    <ClInclude Include="GpuVoxel.h">
      <Filter>Header Files\Gpu</Filter>
    </ClInclude>
    <ClInclude Include="RenderPassDrawVoxel.h">
      <Filter>Header Files\RenderPass</Filter>
    </ClInclude>
    <ClInclude Include="GpuShadowTransform.h">
      <Filter>Header Files\Gpu</Filter>
    </ClInclude>
    <ClInclude Include="GpuProfiler.h">
      <Filter>Header Files</Filter>
    </ClInclude>
    <ClInclude Include="GpuShading.h">
      <Filter>Header Files\Gpu</Filter>
    </ClInclude>
    <ClInclude Include="RenderPassRadiosity.h">
      <Filter>Header Files\RenderPass</Filter>
    </ClInclude>
    <ClInclude Include="TextRenderer.h">
      <Filter>Header Files</Filter>
    </ClInclude>
    <ClInclude Include="RenderPassFinal.h">
      <Filter>Header Files\RenderPass</Filter>
    </ClInclude>
    <ClInclude Include="CopyManager.h">
      <Filter>Header Files</Filter>
    </ClInclude>
    <ClInclude Include="BufferView.h">
      <Filter>Header Files\d3d</Filter>
    </ClInclude>
    <ClInclude Include="CommandList.h">
      <Filter>Header Files\d3d</Filter>
    </ClInclude>
    <ClInclude Include="CommandQueue.h">
      <Filter>Header Files\d3d</Filter>
    </ClInclude>
    <ClInclude Include="d3dObject.h">
      <Filter>Header Files\d3d</Filter>
    </ClInclude>
    <ClInclude Include="DescriptorHeap.h">
      <Filter>Header Files\d3d</Filter>
    </ClInclude>
    <ClInclude Include="Device.h">
      <Filter>Header Files\d3d</Filter>
    </ClInclude>
    <ClInclude Include="Heap.h">
      <Filter>Header Files\d3d</Filter>
    </ClInclude>
    <ClInclude Include="PipelineState.h">
      <Filter>Header Files\d3d</Filter>
    </ClInclude>
    <ClInclude Include="RenderLayerGame.h">
      <Filter>Header Files\Layers</Filter>
    </ClInclude>
    <ClInclude Include="ShaderManager.h">
      <Filter>Header Files\d3d</Filter>
    </ClInclude>
    <ClInclude Include="CommandAllocator.h">
      <Filter>Header Files\d3d</Filter>
    </ClInclude>
    <ClInclude Include="DrawIndexedIndirectCommand.h">
      <Filter>Header Files\d3d</Filter>
    </ClInclude>
    <ClInclude Include="Resource.h">
      <Filter>Header Files\d3d</Filter>
    </ClInclude>
    <ClInclude Include="ResourceBarrier.h">
      <Filter>Header Files\d3d</Filter>
    </ClInclude>
    <ClInclude Include="ResourceView.h">
      <Filter>Header Files\d3d</Filter>
    </ClInclude>
    <ClInclude Include="DownloadMananger.h">
      <Filter>Header Files</Filter>
    </ClInclude>
    <ClInclude Include="RenderPassSSIL.h">
      <Filter>Header Files\RenderPass</Filter>
    </ClInclude>
    <ClInclude Include="RenderLayerPerfOverlay.h">
      <Filter>Header Files\Layers</Filter>
    </ClInclude>
    <ClInclude Include="RenderPassFilterRSM.h">
      <Filter>Header Files\RenderPass</Filter>
    </ClInclude>
    <ClInclude Include="GpuLpv.h">
      <Filter>Header Files\Gpu</Filter>
    </ClInclude>
    <ClInclude Include="RenderPassInjectRSM.h">
      <Filter>Header Files\RenderPass</Filter>
    </ClInclude>
    <ClInclude Include="RenderPassVoxelize.h">
      <Filter>Header Files\RenderPass</Filter>
    </ClInclude>
    <ClInclude Include="RenderPassVoxelMip.h">
      <Filter>Header Files\RenderPass</Filter>
    </ClInclude>
    <ClInclude Include="RenderPassLight.h">
      <Filter>Header Files\RenderPass</Filter>
    </ClInclude>
    <ClInclude Include="ShaderResourceViewDesc.h">
      <Filter>Header Files\d3d</Filter>
    </ClInclude>
    <ClInclude Include="ResourceDesc.h">
      <Filter>Header Files\d3d</Filter>
    </ClInclude>
    <ClInclude Include="RootSignature.h">
      <Filter>Header Files\d3d</Filter>
    </ClInclude>
    <ClInclude Include="RenderPassVoxelizeLight.h">
      <Filter>Header Files\RenderPass</Filter>
    </ClInclude>
    <ClInclude Include="RenderPassBlurVoxel.h">
      <Filter>Header Files\RenderPass</Filter>
    </ClInclude>
    <ClInclude Include="RenderPassVoxelPropagate.h">
      <Filter>Header Files\RenderPass</Filter>
    </ClInclude>
    <ClInclude Include="RenderPassText.h">
      <Filter>Header Files\RenderPass</Filter>
    </ClInclude>
    <ClInclude Include="RenderStage.h">
      <Filter>Header Files</Filter>
    </ClInclude>
    <ClInclude Include="RenderPassGBuffer.h">
      <Filter>Header Files\RenderPass</Filter>
    </ClInclude>
    <ClInclude Include="RenderPassRenderLpv.h">
      <Filter>Header Files\RenderPass</Filter>
    </ClInclude>
    <ClInclude Include="RenderPassCreateVpl.h">
      <Filter>Header Files\RenderPass</Filter>
    </ClInclude>
    <ClInclude Include="GpuSH.h">
      <Filter>Header Files\Gpu</Filter>
    </ClInclude>
  </ItemGroup>
  <ItemGroup>
    <ClCompile Include="dllExport.cpp">
      <Filter>Source Files</Filter>
    </ClCompile>
    <ClCompile Include="TaskUploadGeometry.cpp">
      <Filter>Source Files\Tasks</Filter>
    </ClCompile>
    <ClCompile Include="UploadManager.cpp">
      <Filter>Source Files</Filter>
    </ClCompile>
    <ClCompile Include="MeshManager.cpp">
      <Filter>Source Files</Filter>
    </ClCompile>
    <ClCompile Include="MaterialManager.cpp">
      <Filter>Source Files</Filter>
    </ClCompile>
    <ClCompile Include="TextureManager.cpp">
      <Filter>Source Files</Filter>
    </ClCompile>
    <ClCompile Include="ConverterMesh.cpp">
      <Filter>Source Files</Filter>
    </ClCompile>
    <ClCompile Include="ShaderManager.cpp">
      <Filter>Source Files</Filter>
    </ClCompile>
    <ClCompile Include="ResourceManager.cpp">
      <Filter>Source Files</Filter>
    </ClCompile>
    <ClCompile Include="RenderPassZBufferCreateMipmaps.cpp">
      <Filter>Source Files\RenderPass</Filter>
    </ClCompile>
    <ClCompile Include="RenderPassZBuffer.cpp">
      <Filter>Source Files\RenderPass</Filter>
    </ClCompile>
    <ClCompile Include="RenderPass.cpp">
      <Filter>Source Files\RenderPass</Filter>
    </ClCompile>
    <ClCompile Include="RenderPassAo.cpp">
      <Filter>Source Files\RenderPass</Filter>
    </ClCompile>
    <ClCompile Include="RenderPassShading.cpp">
      <Filter>Source Files\RenderPass</Filter>
    </ClCompile>
    <ClCompile Include="RenderPassFinal.cpp">
      <Filter>Source Files\RenderPass</Filter>
    </ClCompile>
    <ClCompile Include="LightManager.cpp">
      <Filter>Source Files</Filter>
    </ClCompile>
    <ClCompile Include="Frustum.cpp">
      <Filter>Source Files</Filter>
    </ClCompile>
    <ClCompile Include="RenderPassCullLights.cpp">
      <Filter>Source Files\RenderPass</Filter>
    </ClCompile>
    <ClCompile Include="RenderPassVisibleLights.cpp">
      <Filter>Source Files\RenderPass</Filter>
    </ClCompile>
    <ClCompile Include="RenderPassDrawVoxel.cpp">
      <Filter>Source Files\RenderPass</Filter>
    </ClCompile>
    <ClCompile Include="RenderPassShadow.cpp">
      <Filter>Source Files\RenderPass</Filter>
    </ClCompile>
    <ClCompile Include="GpuProfiler.cpp">
      <Filter>Source Files</Filter>
    </ClCompile>
    <ClCompile Include="RenderPassRadiosity.cpp">
      <Filter>Source Files\RenderPass</Filter>
    </ClCompile>
    <ClCompile Include="TextRenderer.cpp">
      <Filter>Source Files</Filter>
    </ClCompile>
    <ClCompile Include="CopyManager.cpp">
      <Filter>Source Files</Filter>
    </ClCompile>
    <ClCompile Include="RenderAspect.cpp">
      <Filter>Source Files</Filter>
    </ClCompile>
    <ClCompile Include="DescriptorHeap.cpp">
      <Filter>Source Files\Objects</Filter>
    </ClCompile>
    <ClCompile Include="Device.cpp">
      <Filter>Source Files\Objects</Filter>
    </ClCompile>
    <ClCompile Include="CommandList.cpp">
      <Filter>Source Files\Objects</Filter>
    </ClCompile>
    <ClCompile Include="CommandQueue.cpp">
      <Filter>Source Files\Objects</Filter>
    </ClCompile>
    <ClCompile Include="CommandAllocator.cpp">
      <Filter>Source Files\Objects</Filter>
    </ClCompile>
    <ClCompile Include="BufferView.cpp">
      <Filter>Source Files\Objects</Filter>
    </ClCompile>
    <ClCompile Include="Heap.cpp">
      <Filter>Source Files\Objects</Filter>
    </ClCompile>
    <ClCompile Include="PipelineState.cpp">
      <Filter>Source Files\Objects</Filter>
    </ClCompile>
    <ClCompile Include="DrawIndexedIndirectCommand.cpp">
      <Filter>Source Files\Objects</Filter>
    </ClCompile>
    <ClCompile Include="RenderLayerGame.cpp">
      <Filter>Source Files\Layers</Filter>
    </ClCompile>
    <ClCompile Include="DownloadManager.cpp">
      <Filter>Source Files</Filter>
    </ClCompile>
    <ClCompile Include="RenderPassSSIL.cpp">
      <Filter>Source Files\RenderPass</Filter>
    </ClCompile>
    <ClCompile Include="Debug.cpp">
      <Filter>Source Files\Objects</Filter>
    </ClCompile>
    <ClCompile Include="RenderLayerPerfOverlay.cpp">
      <Filter>Source Files\Layers</Filter>
    </ClCompile>
    <ClCompile Include="RenderPassFilterRSM.cpp">
      <Filter>Source Files\RenderPass</Filter>
    </ClCompile>
    <ClCompile Include="RenderPassInjectRSM.cpp">
      <Filter>Source Files\RenderPass</Filter>
    </ClCompile>
    <ClCompile Include="RenderPassVoxelize.cpp">
      <Filter>Source Files\RenderPass</Filter>
    </ClCompile>
    <ClCompile Include="RenderPassVoxelMip.cpp">
      <Filter>Source Files\RenderPass</Filter>
    </ClCompile>
    <ClCompile Include="RenderPassBlurVoxel.cpp">
      <Filter>Source Files\RenderPass</Filter>
    </ClCompile>
    <ClCompile Include="RenderPassVoxelPropagate.cpp">
      <Filter>Source Files\RenderPass</Filter>
    </ClCompile>
    <ClCompile Include="RenderPassText.cpp">
      <Filter>Source Files\RenderPass</Filter>
    </ClCompile>
    <ClCompile Include="RenderPassGBuffer.cpp">
      <Filter>Source Files\RenderPass</Filter>
    </ClCompile>
    <ClCompile Include="RenderPassRenderLpv.cpp">
      <Filter>Source Files\RenderPass</Filter>
    </ClCompile>
    <ClCompile Include="RenderPassCreateVpl.cpp">
      <Filter>Source Files\RenderPass</Filter>
    </ClCompile>
  </ItemGroup>
  <ItemGroup>
    <FxCompile Include="PsGBuffer.hlsl">
      <Filter>Shaders\create gbuffer</Filter>
    </FxCompile>
    <FxCompile Include="MeshVertex.hlsl">
      <Filter>Shaders\create gbuffer</Filter>
    </FxCompile>
    <FxCompile Include="DrawQuadVs.hlsl">
      <Filter>Shaders\draw quad</Filter>
    </FxCompile>
    <FxCompile Include="DrawQuadGs.hlsl">
      <Filter>Shaders\draw quad</Filter>
    </FxCompile>
    <FxCompile Include="DeepGBufferGs.hlsl">
      <Filter>Shaders\create gbuffer</Filter>
    </FxCompile>
    <FxCompile Include="CreateZBufferPS.hlsl">
      <Filter>Shaders\ao</Filter>
    </FxCompile>
    <FxCompile Include="SAO_minify.hlsl">
      <Filter>Shaders\ao</Filter>
    </FxCompile>
    <FxCompile Include="SAO_aoPS.hlsl">
      <Filter>Shaders\ao</Filter>
    </FxCompile>
    <FxCompile Include="SAO_blurX.hlsl">
      <Filter>Shaders\ao</Filter>
    </FxCompile>
    <FxCompile Include="SAO_blurY.hlsl">
      <Filter>Shaders\ao</Filter>
    </FxCompile>
    <FxCompile Include="FinalPS.hlsl">
      <Filter>Shaders\final</Filter>
    </FxCompile>
    <FxCompile Include="CullLightsPS.hlsl">
      <Filter>Shaders\cull lights</Filter>
    </FxCompile>
    <FxCompile Include="CopyLightsVS.hlsl">
      <Filter>Shaders\cull lights</Filter>
    </FxCompile>
    <FxCompile Include="ZeroLightsVS.hlsl">
      <Filter>Shaders\cull lights</Filter>
    </FxCompile>
    <FxCompile Include="DrawVoxelVS.hlsl">
      <Filter>Shaders\draw voxel</Filter>
    </FxCompile>
    <FxCompile Include="DrawVoxelGS.hlsl">
      <Filter>Shaders\draw voxel</Filter>
    </FxCompile>
    <FxCompile Include="DrawVoxelPS.hlsl">
      <Filter>Shaders\draw voxel</Filter>
    </FxCompile>
    <FxCompile Include="ShadowMapVS.hlsl">
      <Filter>Shaders\shadowmap</Filter>
    </FxCompile>
    <FxCompile Include="ShadowMapGS.hlsl">
      <Filter>Shaders\shadowmap</Filter>
    </FxCompile>
    <FxCompile Include="ShadowMapPS.hlsl">
      <Filter>Shaders\shadowmap</Filter>
    </FxCompile>
    <FxCompile Include="ShadePS.hlsl">
      <Filter>Shaders\shading</Filter>
    </FxCompile>
    <FxCompile Include="RadiosityPS.hlsl">
      <Filter>Shaders\radiosity</Filter>
    </FxCompile>
    <FxCompile Include="RadiosityBouncePS.hlsl">
      <Filter>Shaders\radiosity</Filter>
    </FxCompile>
    <FxCompile Include="TextPS.hlsl">
      <Filter>Shaders\text</Filter>
    </FxCompile>
    <FxCompile Include="TextVS.hlsl">
      <Filter>Shaders\text</Filter>
    </FxCompile>
    <FxCompile Include="ShadowMapFilterPS.hlsl">
      <Filter>Shaders\shadowmap</Filter>
    </FxCompile>
    <FxCompile Include="ShadeVS.hlsl">
      <Filter>Shaders\shading</Filter>
    </FxCompile>
    <FxCompile Include="ShadeGS.hlsl">
      <Filter>Shaders\shading</Filter>
    </FxCompile>
    <FxCompile Include="SsilPS.hlsl">
      <Filter>Shaders\ssgi</Filter>
    </FxCompile>
    <FxCompile Include="ShadowMapFilterGS.hlsl">
      <Filter>Shaders\shadowmap</Filter>
    </FxCompile>
    <FxCompile Include="ShadowMapFilterVS.hlsl">
      <Filter>Shaders\shadowmap</Filter>
    </FxCompile>
    <FxCompile Include="VoxelMipVS.hlsl">
      <Filter>Shaders\voxel</Filter>
    </FxCompile>
    <FxCompile Include="InjectRsmVoxelPS.hlsl">
      <Filter>Shaders\voxel</Filter>
    </FxCompile>
    <FxCompile Include="InjectRsmVoxelVS.hlsl">
      <Filter>Shaders\voxel</Filter>
    </FxCompile>
    <FxCompile Include="CreateMipVS.hlsl">
      <Filter>Shaders</Filter>
    </FxCompile>
    <FxCompile Include="VoxelInjectPointLight.hlsl">
      <Filter>Shaders\voxel</Filter>
    </FxCompile>
    <FxCompile Include="VoxelBlurPS.hlsl">
      <Filter>Shaders\voxel</Filter>
    </FxCompile>
    <FxCompile Include="VoxelBlurPass2PS.hlsl">
      <Filter>Shaders\voxel</Filter>
    </FxCompile>
    <FxCompile Include="VoxelPropagateVS.hlsl">
      <Filter>Shaders\voxel</Filter>
    </FxCompile>
    <FxCompile Include="CullLightsBackfaceGS.hlsl">
      <Filter>Shaders\cull lights</Filter>
    </FxCompile>
    <FxCompile Include="CullLightsFrontfaceGS.hlsl">
      <Filter>Shaders\cull lights</Filter>
    </FxCompile>
    <FxCompile Include="CullLightsFrontPS.hlsl">
      <Filter>Shaders\cull lights</Filter>
    </FxCompile>
    <FxCompile Include="CullLightsFrontVS.hlsl">
      <Filter>Shaders\cull lights</Filter>
    </FxCompile>
    <FxCompile Include="CullLightsBackVS.hlsl">
      <Filter>Shaders\cull lights</Filter>
    </FxCompile>
    <FxCompile Include="CullLightsNewVS.hlsl">
      <Filter>Shaders\cull lights</Filter>
    </FxCompile>
    <FxCompile Include="CreateVplVS.hlsl">
      <Filter>Shaders\vpl</Filter>
    </FxCompile>
    <FxCompile Include="RenderLpvPS.hlsl">
      <Filter>Shaders\vpl</Filter>
    </FxCompile>
    <FxCompile Include="RenderLpvVS.hlsl">
      <Filter>Shaders\vpl</Filter>
    </FxCompile>
  </ItemGroup>
</Project>