<?xml version="1.0" encoding="utf-8"?>
<Project ToolsVersion="4.0" xmlns="http://schemas.microsoft.com/developer/msbuild/2003">
  <ItemGroup>
    <Filter Include="Source Files">
      <UniqueIdentifier>{4FC737F1-C7A5-4376-A066-2A32D752A2FF}</UniqueIdentifier>
      <Extensions>cpp;c;cc;cxx;def;odl;idl;hpj;bat;asm;asmx</Extensions>
    </Filter>
    <Filter Include="Header Files">
      <UniqueIdentifier>{93995380-89BD-4b04-88EB-625FBE52EBFB}</UniqueIdentifier>
      <Extensions>h;hh;hpp;hxx;hm;inl;inc;xsd</Extensions>
    </Filter>
    <Filter Include="Resource Files">
      <UniqueIdentifier>{67DA6AB6-F800-4c08-8B7A-83BB121AAD01}</UniqueIdentifier>
      <Extensions>rc;ico;cur;bmp;dlg;rc2;rct;bin;rgs;gif;jpg;jpeg;jpe;resx;tiff;tif;png;wav;mfcribbon-ms</Extensions>
    </Filter>
    <Filter Include="Source Files\unity">
      <UniqueIdentifier>{4d8f417d-d68e-4093-be3e-da151ef154e8}</UniqueIdentifier>
    </Filter>
    <Filter Include="Header Files\Graphics">
      <UniqueIdentifier>{126b0277-d3d5-48f5-9d29-14ededa0fcea}</UniqueIdentifier>
    </Filter>
    <Filter Include="Source Files\Graphics">
      <UniqueIdentifier>{2071a0fb-b723-4169-ab74-5128943adaf1}</UniqueIdentifier>
    </Filter>
    <Filter Include="Header Files\Converter">
      <UniqueIdentifier>{8dcaab95-a8de-49d4-875c-abf2ce666ca2}</UniqueIdentifier>
    </Filter>
    <Filter Include="Source Files\Converter">
      <UniqueIdentifier>{28b3c1c9-aac5-4ab9-8f1a-9c1af83a9a80}</UniqueIdentifier>
    </Filter>
  </ItemGroup>
  <ItemGroup>
    <ClInclude Include="include\vxEngineLib\Graphics\Surface.h">
      <Filter>Header Files\Graphics</Filter>
    </ClInclude>
    <ClInclude Include="include\vxEngineLib\Graphics\Texture.h">
      <Filter>Header Files\Graphics</Filter>
    </ClInclude>
    <ClInclude Include="include\vxEngineLib\Graphics\TextureFactory.h">
      <Filter>Header Files\Graphics</Filter>
    </ClInclude>
    <ClInclude Include="include\vxEngineLib\Graphics\dds.h">
      <Filter>Header Files\Graphics</Filter>
    </ClInclude>
    <ClInclude Include="include\vxEngineLib\SceneFile.h">
      <Filter>Header Files</Filter>
    </ClInclude>
    <ClInclude Include="include\vxEngineLib\Serializable.h">
      <Filter>Header Files</Filter>
    </ClInclude>
    <ClInclude Include="include\vxEngineLib\Spawn.h">
      <Filter>Header Files</Filter>
    </ClInclude>
    <ClInclude Include="include\vxEngineLib\SRWMutex.h">
      <Filter>Header Files</Filter>
    </ClInclude>
    <ClInclude Include="include\vxEngineLib\Timer.h">
      <Filter>Header Files</Filter>
    </ClInclude>
    <ClInclude Include="include\vxEngineLib\Transform.h">
      <Filter>Header Files</Filter>
    </ClInclude>
    <ClInclude Include="include\vxEngineLib\Triangle.h">
      <Filter>Header Files</Filter>
    </ClInclude>
    <ClInclude Include="include\vxEngineLib\Waypoint.h">
      <Filter>Header Files</Filter>
    </ClInclude>
    <ClInclude Include="include\vxEngineLib\AABB.h">
      <Filter>Header Files</Filter>
    </ClInclude>
    <ClInclude Include="include\vxEngineLib\Actor.h">
      <Filter>Header Files</Filter>
    </ClInclude>
    <ClInclude Include="include\vxEngineLib\Animation.h">
      <Filter>Header Files</Filter>
    </ClInclude>
    <ClInclude Include="include\vxEngineLib\AnimationFile.h">
      <Filter>Header Files</Filter>
    </ClInclude>
    <ClInclude Include="include\vxEngineLib\ArrayAllocator.h">
      <Filter>Header Files</Filter>
    </ClInclude>
    <ClInclude Include="include\vxEngineLib\copy.h">
      <Filter>Header Files</Filter>
    </ClInclude>
    <ClInclude Include="include\vxEngineLib\CreateActorData.h">
      <Filter>Header Files</Filter>
    </ClInclude>
    <ClInclude Include="include\vxEngineLib\debugPrint.h">
      <Filter>Header Files</Filter>
    </ClInclude>
    <ClInclude Include="include\vxEngineLib\DoubleBufferRaw.h">
      <Filter>Header Files</Filter>
    </ClInclude>
    <ClInclude Include="include\vxEngineLib\EditorMeshInstance.h">
      <Filter>Header Files</Filter>
    </ClInclude>
    <ClInclude Include="include\vxEngineLib\EditorRenderAspectInterface.h">
      <Filter>Header Files</Filter>
    </ClInclude>
    <ClInclude Include="include\vxEngineLib\EditorScene.h">
      <Filter>Header Files</Filter>
    </ClInclude>
    <ClInclude Include="include\vxEngineLib\EngineConfig.h">
      <Filter>Header Files</Filter>
    </ClInclude>
    <ClInclude Include="include\vxEngineLib\Entity.h">
      <Filter>Header Files</Filter>
    </ClInclude>
    <ClInclude Include="include\vxEngineLib\FileAspectInterface.h">
      <Filter>Header Files</Filter>
    </ClInclude>
    <ClInclude Include="include\vxEngineLib\FileFactory.h">
      <Filter>Header Files</Filter>
    </ClInclude>
    <ClInclude Include="include\vxEngineLib\GpuFunctions.h">
      <Filter>Header Files</Filter>
    </ClInclude>
    <ClInclude Include="include\vxEngineLib\InfluenceMap.h">
      <Filter>Header Files</Filter>
    </ClInclude>
    <ClInclude Include="include\vxEngineLib\Light.h">
      <Filter>Header Files</Filter>
    </ClInclude>
    <ClInclude Include="include\vxEngineLib\Locator.h">
      <Filter>Header Files</Filter>
    </ClInclude>
    <ClInclude Include="include\vxEngineLib\Logfile.h">
      <Filter>Header Files</Filter>
    </ClInclude>
    <ClInclude Include="include\vxEngineLib\managed_ptr.h">
      <Filter>Header Files</Filter>
    </ClInclude>
    <ClInclude Include="include\vxEngineLib\Material.h">
      <Filter>Header Files</Filter>
    </ClInclude>
    <ClInclude Include="include\vxEngineLib\memcpy.h">
      <Filter>Header Files</Filter>
    </ClInclude>
    <ClInclude Include="include\vxEngineLib\memory.h">
      <Filter>Header Files</Filter>
    </ClInclude>
    <ClInclude Include="include\vxEngineLib\MeshFile.h">
      <Filter>Header Files</Filter>
    </ClInclude>
    <ClInclude Include="include\vxEngineLib\MeshInstance.h">
      <Filter>Header Files</Filter>
    </ClInclude>
    <ClInclude Include="include\vxEngineLib\MeshInstanceFile.h">
      <Filter>Header Files</Filter>
    </ClInclude>
    <ClInclude Include="include\vxEngineLib\mutex.h">
      <Filter>Header Files</Filter>
    </ClInclude>
    <ClInclude Include="include\vxEngineLib\NavConnection.h">
      <Filter>Header Files</Filter>
    </ClInclude>
    <ClInclude Include="include\vxEngineLib\NavGraph.h">
      <Filter>Header Files</Filter>
    </ClInclude>
    <ClInclude Include="include\vxEngineLib\NavMesh.h">
      <Filter>Header Files</Filter>
    </ClInclude>
    <ClInclude Include="include\vxEngineLib\NavMeshGraph.h">
      <Filter>Header Files</Filter>
    </ClInclude>
    <ClInclude Include="include\vxEngineLib\NavMeshTriangle.h">
      <Filter>Header Files</Filter>
    </ClInclude>
    <ClInclude Include="include\vxEngineLib\NavNode.h">
      <Filter>Header Files</Filter>
    </ClInclude>
    <ClInclude Include="include\vxEngineLib\OpenGLTypes.h">
      <Filter>Header Files</Filter>
    </ClInclude>
    <ClInclude Include="include\vxEngineLib\ParserConverter.h">
      <Filter>Header Files</Filter>
    </ClInclude>
    <ClInclude Include="include\vxEngineLib\ParserNode.h">
      <Filter>Header Files</Filter>
    </ClInclude>
    <ClInclude Include="include\vxEngineLib\Plane.h">
      <Filter>Header Files</Filter>
    </ClInclude>
    <ClInclude Include="include\vxEngineLib\Pool.h">
      <Filter>Header Files</Filter>
    </ClInclude>
    <ClInclude Include="include\vxEngineLib\Ray.h">
      <Filter>Header Files</Filter>
    </ClInclude>
    <ClInclude Include="include\vxEngineLib\Reference.h">
      <Filter>Header Files</Filter>
    </ClInclude>
    <ClInclude Include="include\vxEngineLib\RenderAspectInterface.h">
      <Filter>Header Files</Filter>
    </ClInclude>
    <ClInclude Include="include\vxEngineLib\RendererSettings.h">
      <Filter>Header Files</Filter>
    </ClInclude>
    <ClInclude Include="include\vxEngineLib\RenderUpdateTask.h">
      <Filter>Header Files</Filter>
    </ClInclude>
    <ClInclude Include="include\vxEngineLib\Scene.h">
      <Filter>Header Files</Filter>
    </ClInclude>
    <ClInclude Include="include\vxEngineLib\SceneBase.h">
      <Filter>Header Files</Filter>
    </ClInclude>
    <ClInclude Include="include\vxEngineLib\Component.h">
      <Filter>Header Files</Filter>
    </ClInclude>
    <ClInclude Include="include\vxEngineLib\CreateDynamicMeshData.h">
      <Filter>Header Files</Filter>
    </ClInclude>
    <ClInclude Include="include\vxEngineLib\Joint.h">
      <Filter>Header Files</Filter>
    </ClInclude>
    <ClInclude Include="include\vxEngineLib\PhysxEnums.h">
      <Filter>Header Files</Filter>
    </ClInclude>
    <ClInclude Include="include\vxEngineLib\ConverterSceneFileV5.h">
      <Filter>Header Files\Converter</Filter>
    </ClInclude>
    <ClInclude Include="include\vxEngineLib\ConverterSceneFileV6.h">
      <Filter>Header Files\Converter</Filter>
    </ClInclude>
    <ClInclude Include="include\vxEngineLib\Task.h">
      <Filter>Header Files</Filter>
    </ClInclude>
    <ClInclude Include="include\vxEngineLib\TaskManager.h">
      <Filter>Header Files</Filter>
    </ClInclude>
    <ClInclude Include="include\vxEngineLib\CpuTimer.h">
      <Filter>Header Files</Filter>
    </ClInclude>
    <ClInclude Include="include\vxEngineLib\SmallObject.h">
      <Filter>Header Files</Filter>
    </ClInclude>
    <ClInclude Include="include\vxEngineLib\SmallObjAllocator.h">
      <Filter>Header Files</Filter>
    </ClInclude>
    <ClInclude Include="include\vxEngineLib\Message.h">
      <Filter>Header Files</Filter>
    </ClInclude>
    <ClInclude Include="include\vxEngineLib\MessageTypes.h">
      <Filter>Header Files</Filter>
    </ClInclude>
    <ClInclude Include="include\vxEngineLib\MessageListener.h">
      <Filter>Header Files</Filter>
    </ClInclude>
    <ClInclude Include="include\vxEngineLib\MessageManager.h">
      <Filter>Header Files</Filter>
    </ClInclude>
    <ClInclude Include="include\vxEngineLib\IngameMessage.h">
      <Filter>Header Files</Filter>
    </ClInclude>
    <ClInclude Include="include\vxEngineLib\FileMessage.h">
      <Filter>Header Files</Filter>
    </ClInclude>
    <ClInclude Include="include\vxEngineLib\Event.h">
      <Filter>Header Files</Filter>
    </ClInclude>
    <ClInclude Include="include\vxEngineLib\SmallObjectThreaded.h">
      <Filter>Header Files</Filter>
    </ClInclude>
    <ClInclude Include="include\vxEngineLib\shared_ptr.h">
      <Filter>Header Files</Filter>
    </ClInclude>
    <ClInclude Include="include\vxEngineLib\ResourceAspectInterface.h">
      <Filter>Header Files</Filter>
    </ClInclude>
    <ClInclude Include="ConverterMeshFileV0.h">
      <Filter>Header Files\Converter</Filter>
    </ClInclude>
    <ClInclude Include="ConverterMeshFileV1.h">
      <Filter>Header Files\Converter</Filter>
    </ClInclude>
  </ItemGroup>
  <ItemGroup>
    <ClCompile Include="MeshFile.cpp">
      <Filter>Source Files</Filter>
    </ClCompile>
    <ClCompile Include="Pool.cpp">
      <Filter>Source Files</Filter>
    </ClCompile>
    <ClCompile Include="Material.cpp">
      <Filter>Source Files</Filter>
    </ClCompile>
    <ClCompile Include="Logfile.cpp">
      <Filter>Source Files</Filter>
    </ClCompile>
    <ClCompile Include="Light.cpp">
      <Filter>Source Files</Filter>
    </ClCompile>
    <ClCompile Include="NavMesh.cpp">
      <Filter>Source Files</Filter>
    </ClCompile>
    <ClCompile Include="EditorScene.cpp">
      <Filter>Source Files</Filter>
    </ClCompile>
    <ClCompile Include="Scene.cpp">
      <Filter>Source Files</Filter>
    </ClCompile>
    <ClCompile Include="SceneBase.cpp">
      <Filter>Source Files</Filter>
    </ClCompile>
    <ClCompile Include="AABB.cpp">
      <Filter>Source Files</Filter>
    </ClCompile>
    <ClCompile Include="Triangle.cpp">
      <Filter>Source Files</Filter>
    </ClCompile>
    <ClCompile Include="ParserNode.cpp">
      <Filter>Source Files</Filter>
    </ClCompile>
    <ClCompile Include="Timer.cpp">
      <Filter>Source Files</Filter>
    </ClCompile>
    <ClCompile Include="unity\Unity_vxEngine1.cpp">
      <Filter>Source Files\unity</Filter>
    </ClCompile>
    <ClCompile Include="FileFactory.cpp">
      <Filter>Source Files</Filter>
    </ClCompile>
    <ClCompile Include="AnimationFile.cpp">
      <Filter>Source Files</Filter>
    </ClCompile>
    <ClCompile Include="Animation.cpp">
      <Filter>Source Files</Filter>
    </ClCompile>
    <ClCompile Include="MeshInstanceFile.cpp">
      <Filter>Source Files</Filter>
    </ClCompile>
    <ClCompile Include="SceneFile.cpp">
      <Filter>Source Files</Filter>
    </ClCompile>
    <ClCompile Include="MeshInstance.cpp">
      <Filter>Source Files</Filter>
    </ClCompile>
    <ClCompile Include="ArrayAllocator.cpp">
      <Filter>Source Files</Filter>
    </ClCompile>
    <ClCompile Include="managed_ptr.cpp">
      <Filter>Source Files</Filter>
    </ClCompile>
    <ClCompile Include="EngineConfig.cpp">
      <Filter>Source Files</Filter>
    </ClCompile>
    <ClCompile Include="Locator.cpp">
      <Filter>Source Files</Filter>
    </ClCompile>
    <ClCompile Include="Spawn.cpp">
      <Filter>Source Files</Filter>
    </ClCompile>
    <ClCompile Include="DoubleBufferRaw.cpp">
      <Filter>Source Files</Filter>
    </ClCompile>
    <ClCompile Include="NavMeshGraph.cpp">
      <Filter>Source Files</Filter>
    </ClCompile>
    <ClCompile Include="InfluenceMap.cpp">
      <Filter>Source Files</Filter>
    </ClCompile>
    <ClCompile Include="NavGraph.cpp">
      <Filter>Source Files</Filter>
    </ClCompile>
    <ClCompile Include="Graphics\Surface.cpp">
      <Filter>Source Files\Graphics</Filter>
    </ClCompile>
    <ClCompile Include="Graphics\Texture.cpp">
      <Filter>Source Files\Graphics</Filter>
    </ClCompile>
    <ClCompile Include="Graphics\TextureFactory.cpp">
      <Filter>Source Files\Graphics</Filter>
    </ClCompile>
    <ClCompile Include="ConverterSceneFileV5.cpp">
      <Filter>Source Files\Converter</Filter>
    </ClCompile>
    <ClCompile Include="ConverterSceneFileV6.cpp">
      <Filter>Source Files\Converter</Filter>
    </ClCompile>
    <ClCompile Include="TaskManager.cpp">
      <Filter>Source Files</Filter>
    </ClCompile>
    <ClCompile Include="CpuTimer.cpp">
      <Filter>Source Files</Filter>
    </ClCompile>
    <ClCompile Include="SmallObjAllocator.cpp">
      <Filter>Source Files</Filter>
    </ClCompile>
    <ClCompile Include="SmallObject.cpp">
      <Filter>Source Files</Filter>
    </ClCompile>
    <ClCompile Include="Task.cpp">
      <Filter>Source Files</Filter>
    </ClCompile>
    <ClCompile Include="MessageManager.cpp">
      <Filter>Source Files</Filter>
    </ClCompile>
    <ClCompile Include="Event.cpp">
      <Filter>Source Files</Filter>
    </ClCompile>
    <ClCompile Include="ConverterMeshFileV0.cpp">
      <Filter>Source Files\Converter</Filter>
    </ClCompile>
    <ClCompile Include="ConverterMeshFileV1.cpp">
      <Filter>Source Files\Converter</Filter>
    </ClCompile>
  </ItemGroup>
</Project>