<?xml version="1.0" encoding="utf-8"?>
<Project ToolsVersion="4.0" xmlns="http://schemas.microsoft.com/developer/msbuild/2003">
  <ItemGroup>
    <Filter Include="Source Files">
      <UniqueIdentifier>{4FC737F1-C7A5-4376-A066-2A32D752A2FF}</UniqueIdentifier>
      <Extensions>cpp;c;cc;cxx;def;odl;idl;hpj;bat;asm;asmx</Extensions>
    </Filter>
    <Filter Include="Header Files">
      <UniqueIdentifier>{93995380-89BD-4b04-88EB-625FBE52EBFB}</UniqueIdentifier>
      <Extensions>h;hh;hpp;hxx;hm;inl;inc;xsd</Extensions>
    </Filter>
    <Filter Include="Resource Files">
      <UniqueIdentifier>{67DA6AB6-F800-4c08-8B7A-83BB121AAD01}</UniqueIdentifier>
      <Extensions>rc;ico;cur;bmp;dlg;rc2;rct;bin;rgs;gif;jpg;jpeg;jpe;resx;tiff;tif;png;wav;mfcribbon-ms</Extensions>
    </Filter>
    <Filter Include="Source Files\unity">
      <UniqueIdentifier>{4d8f417d-d68e-4093-be3e-da151ef154e8}</UniqueIdentifier>
    </Filter>
  </ItemGroup>
  <ItemGroup>
    <ClInclude Include="include\vxEngineLib\AABB.h">
      <Filter>Header Files</Filter>
    </ClInclude>
    <ClInclude Include="include\vxEngineLib\Actor.h">
      <Filter>Header Files</Filter>
    </ClInclude>
    <ClInclude Include="include\vxEngineLib\copy.h">
      <Filter>Header Files</Filter>
    </ClInclude>
    <ClInclude Include="include\vxEngineLib\debugPrint.h">
      <Filter>Header Files</Filter>
    </ClInclude>
    <ClInclude Include="include\vxEngineLib\EditorMeshInstance.h">
      <Filter>Header Files</Filter>
    </ClInclude>
    <ClInclude Include="include\vxEngineLib\EditorScene.h">
      <Filter>Header Files</Filter>
    </ClInclude>
    <ClInclude Include="include\vxEngineLib\Event.h">
      <Filter>Header Files</Filter>
    </ClInclude>
    <ClInclude Include="include\vxEngineLib\EventListener.h">
      <Filter>Header Files</Filter>
    </ClInclude>
    <ClInclude Include="include\vxEngineLib\EventManager.h">
      <Filter>Header Files</Filter>
    </ClInclude>
    <ClInclude Include="include\vxEngineLib\EventTypes.h">
      <Filter>Header Files</Filter>
    </ClInclude>
    <ClInclude Include="include\vxEngineLib\EventTypesFwd.h">
      <Filter>Header Files</Filter>
    </ClInclude>
    <ClInclude Include="include\vxEngineLib\Light.h">
      <Filter>Header Files</Filter>
    </ClInclude>
    <ClInclude Include="include\vxEngineLib\Logfile.h">
      <Filter>Header Files</Filter>
    </ClInclude>
    <ClInclude Include="include\vxEngineLib\Material.h">
      <Filter>Header Files</Filter>
    </ClInclude>
    <ClInclude Include="include\vxEngineLib\memcpy.h">
      <Filter>Header Files</Filter>
    </ClInclude>
    <ClInclude Include="include\vxEngineLib\MeshFile.h">
      <Filter>Header Files</Filter>
    </ClInclude>
    <ClInclude Include="include\vxEngineLib\MeshInstance.h">
      <Filter>Header Files</Filter>
    </ClInclude>
    <ClInclude Include="include\vxEngineLib\NavMesh.h">
      <Filter>Header Files</Filter>
    </ClInclude>
    <ClInclude Include="include\vxEngineLib\NavMeshTriangle.h">
      <Filter>Header Files</Filter>
    </ClInclude>
    <ClInclude Include="include\vxEngineLib\ParserConverter.h">
      <Filter>Header Files</Filter>
    </ClInclude>
    <ClInclude Include="include\vxEngineLib\ParserNode.h">
      <Filter>Header Files</Filter>
    </ClInclude>
    <ClInclude Include="include\vxEngineLib\Plane.h">
      <Filter>Header Files</Filter>
    </ClInclude>
    <ClInclude Include="include\vxEngineLib\Pool.h">
      <Filter>Header Files</Filter>
    </ClInclude>
    <ClInclude Include="include\vxEngineLib\Ray.h">
      <Filter>Header Files</Filter>
    </ClInclude>
    <ClInclude Include="include\vxEngineLib\Reference.h">
      <Filter>Header Files</Filter>
    </ClInclude>
    <ClInclude Include="include\vxEngineLib\Scene.h">
      <Filter>Header Files</Filter>
    </ClInclude>
    <ClInclude Include="include\vxEngineLib\SceneBase.h">
      <Filter>Header Files</Filter>
    </ClInclude>
    <ClInclude Include="include\vxEngineLib\Serializable.h">
      <Filter>Header Files</Filter>
    </ClInclude>
    <ClInclude Include="include\vxEngineLib\Spawn.h">
      <Filter>Header Files</Filter>
    </ClInclude>
    <ClInclude Include="include\vxEngineLib\TextureFile.h">
      <Filter>Header Files</Filter>
    </ClInclude>
    <ClInclude Include="include\vxEngineLib\TextureRef.h">
      <Filter>Header Files</Filter>
    </ClInclude>
    <ClInclude Include="include\vxEngineLib\Timer.h">
      <Filter>Header Files</Filter>
    </ClInclude>
    <ClInclude Include="include\vxEngineLib\Transform.h">
      <Filter>Header Files</Filter>
    </ClInclude>
    <ClInclude Include="include\vxEngineLib\Triangle.h">
      <Filter>Header Files</Filter>
    </ClInclude>
    <ClInclude Include="include\vxEngineLib\Waypoint.h">
      <Filter>Header Files</Filter>
    </ClInclude>
    <ClInclude Include="include\vxEngineLib\Animation.h">
      <Filter>Header Files</Filter>
    </ClInclude>
    <ClInclude Include="include\vxEngineLib\FileFactory.h">
      <Filter>Header Files</Filter>
    </ClInclude>
    <ClInclude Include="include\vxEngineLib\AnimationFile.h">
      <Filter>Header Files</Filter>
    </ClInclude>
    <ClInclude Include="include\vxEngineLib\MeshInstanceFile.h">
      <Filter>Header Files</Filter>
    </ClInclude>
    <ClInclude Include="include\vxEngineLib\SceneFile.h">
      <Filter>Header Files</Filter>
    </ClInclude>
    <ClInclude Include="include\vxEngineLib\OpenGLTypes.h">
      <Filter>Header Files</Filter>
    </ClInclude>
    <ClInclude Include="include\vxEngineLib\SRWMutex.h">
      <Filter>Header Files</Filter>
    </ClInclude>
    <ClInclude Include="include\vxEngineLib\ArrayAllocator.h">
      <Filter>Header Files</Filter>
    </ClInclude>
    <ClInclude Include="include\vxEngineLib\managed_ptr.h">
      <Filter>Header Files</Filter>
    </ClInclude>
    <ClInclude Include="include\vxEngineLib\memory.h">
      <Filter>Header Files</Filter>
    </ClInclude>
    <ClInclude Include="include\vxEngineLib\mutex.h">
      <Filter>Header Files</Filter>
    </ClInclude>
    <ClInclude Include="include\vxEngineLib\EngineConfig.h">
      <Filter>Header Files</Filter>
    </ClInclude>
    <ClInclude Include="include\vxEngineLib\RendererSettings.h">
      <Filter>Header Files</Filter>
    </ClInclude>
    <ClInclude Include="include\vxEngineLib\EventsIngame.h">
      <Filter>Header Files</Filter>
    </ClInclude>
    <ClInclude Include="include\vxEngineLib\CreateActorData.h">
      <Filter>Header Files</Filter>
    </ClInclude>
    <ClInclude Include="include\vxEngineLib\Locator.h">
      <Filter>Header Files</Filter>
    </ClInclude>
  </ItemGroup>
  <ItemGroup>
    <ClCompile Include="MeshFile.cpp">
      <Filter>Source Files</Filter>
    </ClCompile>
    <ClCompile Include="Pool.cpp">
      <Filter>Source Files</Filter>
    </ClCompile>
    <ClCompile Include="Material.cpp">
      <Filter>Source Files</Filter>
    </ClCompile>
    <ClCompile Include="Logfile.cpp">
      <Filter>Source Files</Filter>
    </ClCompile>
    <ClCompile Include="EventManager.cpp">
      <Filter>Source Files</Filter>
    </ClCompile>
    <ClCompile Include="Light.cpp">
      <Filter>Source Files</Filter>
    </ClCompile>
    <ClCompile Include="NavMesh.cpp">
      <Filter>Source Files</Filter>
    </ClCompile>
    <ClCompile Include="EditorScene.cpp">
      <Filter>Source Files</Filter>
    </ClCompile>
    <ClCompile Include="Scene.cpp">
      <Filter>Source Files</Filter>
    </ClCompile>
    <ClCompile Include="SceneBase.cpp">
      <Filter>Source Files</Filter>
    </ClCompile>
    <ClCompile Include="AABB.cpp">
      <Filter>Source Files</Filter>
    </ClCompile>
    <ClCompile Include="Triangle.cpp">
      <Filter>Source Files</Filter>
    </ClCompile>
    <ClCompile Include="ParserNode.cpp">
      <Filter>Source Files</Filter>
    </ClCompile>
    <ClCompile Include="TextureFile.cpp">
      <Filter>Source Files</Filter>
    </ClCompile>
    <ClCompile Include="TextureRef.cpp">
      <Filter>Source Files</Filter>
    </ClCompile>
    <ClCompile Include="Timer.cpp">
      <Filter>Source Files</Filter>
    </ClCompile>
    <ClCompile Include="unity\Unity_vxEngine1.cpp">
      <Filter>Source Files\unity</Filter>
    </ClCompile>
    <ClCompile Include="Transform.cpp">
      <Filter>Source Files</Filter>
    </ClCompile>
    <ClCompile Include="FileFactory.cpp">
      <Filter>Source Files</Filter>
    </ClCompile>
    <ClCompile Include="AnimationFile.cpp">
      <Filter>Source Files</Filter>
    </ClCompile>
    <ClCompile Include="Animation.cpp">
      <Filter>Source Files</Filter>
    </ClCompile>
    <ClCompile Include="MeshInstanceFile.cpp">
      <Filter>Source Files</Filter>
    </ClCompile>
    <ClCompile Include="SceneFile.cpp">
      <Filter>Source Files</Filter>
    </ClCompile>
    <ClCompile Include="MeshInstance.cpp">
      <Filter>Source Files</Filter>
    </ClCompile>
    <ClCompile Include="ArrayAllocator.cpp">
      <Filter>Source Files</Filter>
    </ClCompile>
    <ClCompile Include="managed_ptr.cpp">
      <Filter>Source Files</Filter>
    </ClCompile>
    <ClCompile Include="EngineConfig.cpp">
      <Filter>Source Files</Filter>
    </ClCompile>
    <ClCompile Include="Locator.cpp">
      <Filter>Source Files</Filter>
    </ClCompile>
  </ItemGroup>
</Project>