<?xml version="1.0" encoding="utf-8"?>
<Project ToolsVersion="4.0" xmlns="http://schemas.microsoft.com/developer/msbuild/2003">
  <ItemGroup>
    <Filter Include="Source Files">
      <UniqueIdentifier>{4FC737F1-C7A5-4376-A066-2A32D752A2FF}</UniqueIdentifier>
      <Extensions>cpp;c;cc;cxx;def;odl;idl;hpj;bat;asm;asmx</Extensions>
    </Filter>
    <Filter Include="Header Files">
      <UniqueIdentifier>{93995380-89BD-4b04-88EB-625FBE52EBFB}</UniqueIdentifier>
      <Extensions>h;hh;hpp;hxx;hm;inl;inc;xsd</Extensions>
    </Filter>
    <Filter Include="Resource Files">
      <UniqueIdentifier>{67DA6AB6-F800-4c08-8B7A-83BB121AAD01}</UniqueIdentifier>
      <Extensions>rc;ico;cur;bmp;dlg;rc2;rct;bin;rgs;gif;jpg;jpeg;jpe;resx;tiff;tif;png;wav;mfcribbon-ms</Extensions>
    </Filter>
    <Filter Include="Header Files\gl">
      <UniqueIdentifier>{82c53669-5c3a-4ed8-adb4-82c971c109a4}</UniqueIdentifier>
    </Filter>
    <Filter Include="Source Files\gl">
      <UniqueIdentifier>{9aaec1a6-467a-4a54-aea2-f7b0aac6f169}</UniqueIdentifier>
    </Filter>
    <Filter Include="Header Files\Graphics">
      <UniqueIdentifier>{db0ee559-031e-4900-9479-9e32b8405a85}</UniqueIdentifier>
    </Filter>
    <Filter Include="Source Files\Graphics">
      <UniqueIdentifier>{96501e9d-1b8c-4ed4-ad51-1c678711ed34}</UniqueIdentifier>
    </Filter>
    <Filter Include="Header Files\opencl">
      <UniqueIdentifier>{654a37bf-ccdf-4210-8969-a436021049f8}</UniqueIdentifier>
    </Filter>
    <Filter Include="Header Files\Graphics\Commands">
      <UniqueIdentifier>{103e7a6a-ced3-4bd7-92a2-3aa438fadccb}</UniqueIdentifier>
    </Filter>
    <Filter Include="Source Files\Graphics\Commands">
      <UniqueIdentifier>{a2d24d12-e7f1-44e6-8bd2-6e4e3e033639}</UniqueIdentifier>
    </Filter>
    <Filter Include="Shader Pipelines">
      <UniqueIdentifier>{af74f2f5-695a-40ee-ae98-abe2b195b819}</UniqueIdentifier>
    </Filter>
    <Filter Include="Shaders">
      <UniqueIdentifier>{116277c7-a3d6-4e4c-a492-777d3bb09603}</UniqueIdentifier>
    </Filter>
    <Filter Include="Shaders\include">
      <UniqueIdentifier>{59a2d11c-91c7-4e6f-9e8f-6d8b9a502864}</UniqueIdentifier>
    </Filter>
    <Filter Include="unity">
      <UniqueIdentifier>{c897a364-d8aa-49aa-bc9e-3e8d05581b87}</UniqueIdentifier>
    </Filter>
    <Filter Include="Header Files\Graphics\Renderer">
      <UniqueIdentifier>{9f64ff07-c1ad-4a8d-8fb6-e9bdd133b296}</UniqueIdentifier>
    </Filter>
    <Filter Include="Source Files\Graphics\Renderer">
      <UniqueIdentifier>{4f71d882-5e4d-41bf-9b35-07024e7b23f2}</UniqueIdentifier>
    </Filter>
  </ItemGroup>
  <ItemGroup>
    <ClCompile Include="source\DDS_File.cpp">
      <Filter>Source Files</Filter>
    </ClCompile>
    <ClCompile Include="source\DoubleBufferRaw.cpp">
      <Filter>Source Files</Filter>
    </ClCompile>
    <ClCompile Include="source\Font.cpp">
      <Filter>Source Files</Filter>
    </ClCompile>
    <ClCompile Include="source\FontAtlas.cpp">
      <Filter>Source Files</Filter>
    </ClCompile>
    <ClCompile Include="source\GpuProfiler.cpp">
      <Filter>Source Files</Filter>
    </ClCompile>
    <ClCompile Include="source\LightBufferManager.cpp">
      <Filter>Source Files</Filter>
    </ClCompile>
    <ClCompile Include="source\RenderAspect.cpp">
      <Filter>Source Files</Filter>
    </ClCompile>
    <ClCompile Include="source\RenderCommand.cpp">
      <Filter>Source Files</Filter>
    </ClCompile>
    <ClCompile Include="source\RenderCommandFinalImage.cpp">
      <Filter>Source Files</Filter>
    </ClCompile>
    <ClCompile Include="source\SceneRenderer.cpp">
      <Filter>Source Files</Filter>
    </ClCompile>
    <ClCompile Include="source\SegmentFactory.cpp">
      <Filter>Source Files</Filter>
    </ClCompile>
    <ClCompile Include="source\TextureManager.cpp">
      <Filter>Source Files</Filter>
    </ClCompile>
    <ClCompile Include="source\Vertex.cpp">
      <Filter>Source Files</Filter>
    </ClCompile>
    <ClCompile Include="source\Graphics\CommandFactory.cpp">
      <Filter>Source Files\Graphics</Filter>
    </ClCompile>
    <ClCompile Include="source\Graphics\CommandList.cpp">
      <Filter>Source Files\Graphics</Filter>
    </ClCompile>
    <ClCompile Include="source\Graphics\CommandListFactory.cpp">
      <Filter>Source Files\Graphics</Filter>
    </ClCompile>
    <ClCompile Include="source\Graphics\Frame.cpp">
      <Filter>Source Files\Graphics</Filter>
    </ClCompile>
    <ClCompile Include="source\Graphics\Renderer.cpp">
      <Filter>Source Files\Graphics</Filter>
    </ClCompile>
    <ClCompile Include="source\Graphics\Segment.cpp">
      <Filter>Source Files\Graphics</Filter>
    </ClCompile>
    <ClCompile Include="source\Graphics\State.cpp">
      <Filter>Source Files\Graphics</Filter>
    </ClCompile>
    <ClCompile Include="source\Graphics\Surface.cpp">
      <Filter>Source Files\Graphics</Filter>
    </ClCompile>
    <ClCompile Include="source\Graphics\Commands\CpuProfileCommand.cpp">
      <Filter>Source Files\Graphics\Commands</Filter>
    </ClCompile>
    <ClCompile Include="source\Graphics\Commands\CullFaceCommand.cpp">
      <Filter>Source Files\Graphics\Commands</Filter>
    </ClCompile>
    <ClCompile Include="source\Graphics\Commands\DepthRangeCommand.cpp">
      <Filter>Source Files\Graphics\Commands</Filter>
    </ClCompile>
    <ClCompile Include="source\Graphics\Commands\DrawArraysCommand.cpp">
      <Filter>Source Files\Graphics\Commands</Filter>
    </ClCompile>
    <ClCompile Include="source\Graphics\Commands\DrawArraysIndirectCommand.cpp">
      <Filter>Source Files\Graphics\Commands</Filter>
    </ClCompile>
    <ClCompile Include="source\Graphics\Commands\DrawElementsIndirectCommand.cpp">
      <Filter>Source Files\Graphics\Commands</Filter>
    </ClCompile>
    <ClCompile Include="source\Graphics\Commands\FramebufferTextureCommand.cpp">
      <Filter>Source Files\Graphics\Commands</Filter>
    </ClCompile>
    <ClCompile Include="source\Graphics\Commands\GpuProfileCommand.cpp">
      <Filter>Source Files\Graphics\Commands</Filter>
    </ClCompile>
    <ClCompile Include="source\Graphics\Commands\MultiDrawArraysIndirectCountCommand.cpp">
      <Filter>Source Files\Graphics\Commands</Filter>
    </ClCompile>
    <ClCompile Include="source\Graphics\Commands\MultiDrawElementsIndirectCountCommand.cpp">
      <Filter>Source Files\Graphics\Commands</Filter>
    </ClCompile>
    <ClCompile Include="source\Graphics\Commands\PointSizeCommand.cpp">
      <Filter>Source Files\Graphics\Commands</Filter>
    </ClCompile>
    <ClCompile Include="source\Graphics\Commands\PolygonOffsetCommand.cpp">
      <Filter>Source Files\Graphics\Commands</Filter>
    </ClCompile>
    <ClCompile Include="source\Graphics\Commands\ProgramUniformCommand.cpp">
      <Filter>Source Files\Graphics\Commands</Filter>
    </ClCompile>
    <ClCompile Include="source\Graphics\Commands\ViewportCommand.cpp">
      <Filter>Source Files\Graphics\Commands</Filter>
    </ClCompile>
    <ClCompile Include="source\Graphics\Commands\BarrierCommand.cpp">
      <Filter>Source Files\Graphics\Commands</Filter>
    </ClCompile>
    <ClCompile Include="source\Graphics\Commands\ClearColorCommand.cpp">
      <Filter>Source Files\Graphics\Commands</Filter>
    </ClCompile>
    <ClCompile Include="source\Graphics\Commands\ClearCommand.cpp">
      <Filter>Source Files\Graphics\Commands</Filter>
    </ClCompile>
    <ClCompile Include="source\gl\BufferManager.cpp">
      <Filter>Source Files\gl</Filter>
    </ClCompile>
    <ClCompile Include="source\gl\ObjectManager.cpp">
      <Filter>Source Files\gl</Filter>
    </ClCompile>
    <ClCompile Include="source\gl\BufferBindingManager.cpp">
      <Filter>Source Files\gl</Filter>
    </ClCompile>
    <ClCompile Include="source\dllExport.cpp">
      <Filter>Source Files</Filter>
    </ClCompile>
    <ClCompile Include="unity\Unity_vxEngine1.cpp">
      <Filter>unity</Filter>
    </ClCompile>
    <ClCompile Include="source\Graphics\VoxelRenderer.cpp">
      <Filter>Source Files\Graphics\Renderer</Filter>
    </ClCompile>
    <ClCompile Include="source\Graphics\ShadowRenderer.cpp">
      <Filter>Source Files\Graphics\Renderer</Filter>
    </ClCompile>
    <ClCompile Include="source\Graphics\GBufferRenderer.cpp">
      <Filter>Source Files\Graphics\Renderer</Filter>
    </ClCompile>
    <ClCompile Include="source\Graphics\TextRenderer.cpp">
      <Filter>Source Files\Graphics\Renderer</Filter>
    </ClCompile>
    <ClCompile Include="source\Graphics\Commands\BlendFuncCommand.cpp">
      <Filter>Source Files\Graphics\Commands</Filter>
    </ClCompile>
    <ClCompile Include="source\Graphics\Commands\BlendEquationCommand.cpp">
      <Filter>Source Files\Graphics\Commands</Filter>
    </ClCompile>
  </ItemGroup>
  <ItemGroup>
    <ClInclude Include="include\vxRenderAspect\RenderCommand.h">
      <Filter>Header Files</Filter>
    </ClInclude>
    <ClInclude Include="include\vxRenderAspect\RenderCommandFinalImage.h">
      <Filter>Header Files</Filter>
    </ClInclude>
    <ClInclude Include="include\vxRenderAspect\SceneRenderer.h">
      <Filter>Header Files</Filter>
    </ClInclude>
    <ClInclude Include="include\vxRenderAspect\SegmentFactory.h">
      <Filter>Header Files</Filter>
    </ClInclude>
    <ClInclude Include="include\vxRenderAspect\TextureManager.h">
      <Filter>Header Files</Filter>
    </ClInclude>
    <ClInclude Include="include\vxRenderAspect\Vertex.h">
      <Filter>Header Files</Filter>
    </ClInclude>
    <ClInclude Include="include\vxRenderAspect\dds.h">
      <Filter>Header Files</Filter>
    </ClInclude>
    <ClInclude Include="include\vxRenderAspect\DDS_File.h">
      <Filter>Header Files</Filter>
    </ClInclude>
    <ClInclude Include="include\vxRenderAspect\DebugRenderSettings.h">
      <Filter>Header Files</Filter>
    </ClInclude>
    <ClInclude Include="include\vxRenderAspect\DoubleBufferRaw.h">
      <Filter>Header Files</Filter>
    </ClInclude>
    <ClInclude Include="include\vxRenderAspect\Font.h">
      <Filter>Header Files</Filter>
    </ClInclude>
    <ClInclude Include="include\vxRenderAspect\FontAtlas.h">
      <Filter>Header Files</Filter>
    </ClInclude>
    <ClInclude Include="include\vxRenderAspect\Frustum.h">
      <Filter>Header Files</Filter>
    </ClInclude>
    <ClInclude Include="include\vxRenderAspect\GpuProfiler.h">
      <Filter>Header Files</Filter>
    </ClInclude>
    <ClInclude Include="include\vxRenderAspect\GpuStructs.h">
      <Filter>Header Files</Filter>
    </ClInclude>
    <ClInclude Include="include\vxRenderAspect\LightBufferManager.h">
      <Filter>Header Files</Filter>
    </ClInclude>
    <ClInclude Include="include\vxRenderAspect\RenderAspect.h">
      <Filter>Header Files</Filter>
    </ClInclude>
    <ClInclude Include="include\vxRenderAspect\RenderAspectDescription.h">
      <Filter>Header Files</Filter>
    </ClInclude>
    <ClInclude Include="include\vxRenderAspect\opencl\Context.h">
      <Filter>Header Files\opencl</Filter>
    </ClInclude>
    <ClInclude Include="include\vxRenderAspect\opencl\Device.h">
      <Filter>Header Files\opencl</Filter>
    </ClInclude>
    <ClInclude Include="include\vxRenderAspect\opencl\Image.h">
      <Filter>Header Files\opencl</Filter>
    </ClInclude>
    <ClInclude Include="include\vxRenderAspect\opencl\Platform.h">
      <Filter>Header Files\opencl</Filter>
    </ClInclude>
    <ClInclude Include="include\vxRenderAspect\Graphics\CommandFactory.h">
      <Filter>Header Files\Graphics</Filter>
    </ClInclude>
    <ClInclude Include="include\vxRenderAspect\Graphics\CommandList.h">
      <Filter>Header Files\Graphics</Filter>
    </ClInclude>
    <ClInclude Include="include\vxRenderAspect\Graphics\CommandListFactory.h">
      <Filter>Header Files\Graphics</Filter>
    </ClInclude>
    <ClInclude Include="include\vxRenderAspect\Graphics\Commands.h">
      <Filter>Header Files\Graphics</Filter>
    </ClInclude>
    <ClInclude Include="include\vxRenderAspect\Graphics\Frame.h">
      <Filter>Header Files\Graphics</Filter>
    </ClInclude>
    <ClInclude Include="include\vxRenderAspect\Graphics\Renderer.h">
      <Filter>Header Files\Graphics</Filter>
    </ClInclude>
    <ClInclude Include="include\vxRenderAspect\Graphics\Segment.h">
      <Filter>Header Files\Graphics</Filter>
    </ClInclude>
    <ClInclude Include="include\vxRenderAspect\Graphics\State.h">
      <Filter>Header Files\Graphics</Filter>
    </ClInclude>
    <ClInclude Include="include\vxRenderAspect\Graphics\Surface.h">
      <Filter>Header Files\Graphics</Filter>
    </ClInclude>
    <ClInclude Include="include\vxRenderAspect\Graphics\Commands\ClearCommand.h">
      <Filter>Header Files\Graphics\Commands</Filter>
    </ClInclude>
    <ClInclude Include="include\vxRenderAspect\Graphics\Commands\Command.h">
      <Filter>Header Files\Graphics\Commands</Filter>
    </ClInclude>
    <ClInclude Include="include\vxRenderAspect\Graphics\Commands\CpuProfileCommand.h">
      <Filter>Header Files\Graphics\Commands</Filter>
    </ClInclude>
    <ClInclude Include="include\vxRenderAspect\Graphics\Commands\CullFaceCommand.h">
      <Filter>Header Files\Graphics\Commands</Filter>
    </ClInclude>
    <ClInclude Include="include\vxRenderAspect\Graphics\Commands\DepthRangeCommand.h">
      <Filter>Header Files\Graphics\Commands</Filter>
    </ClInclude>
    <ClInclude Include="include\vxRenderAspect\Graphics\Commands\DrawArraysCommand.h">
      <Filter>Header Files\Graphics\Commands</Filter>
    </ClInclude>
    <ClInclude Include="include\vxRenderAspect\Graphics\Commands\DrawArraysIndirectCommand.h">
      <Filter>Header Files\Graphics\Commands</Filter>
    </ClInclude>
    <ClInclude Include="include\vxRenderAspect\Graphics\Commands\DrawElementsIndirectCommand.h">
      <Filter>Header Files\Graphics\Commands</Filter>
    </ClInclude>
    <ClInclude Include="include\vxRenderAspect\Graphics\Commands\FramebufferTextureCommand.h">
      <Filter>Header Files\Graphics\Commands</Filter>
    </ClInclude>
    <ClInclude Include="include\vxRenderAspect\Graphics\Commands\GpuProfileCommand.h">
      <Filter>Header Files\Graphics\Commands</Filter>
    </ClInclude>
    <ClInclude Include="include\vxRenderAspect\Graphics\Commands\MultiDrawArraysIndirectCountCommand.h">
      <Filter>Header Files\Graphics\Commands</Filter>
    </ClInclude>
    <ClInclude Include="include\vxRenderAspect\Graphics\Commands\MultiDrawElementsIndirectCountCommand.h">
      <Filter>Header Files\Graphics\Commands</Filter>
    </ClInclude>
    <ClInclude Include="include\vxRenderAspect\Graphics\Commands\PointSizeCommand.h">
      <Filter>Header Files\Graphics\Commands</Filter>
    </ClInclude>
    <ClInclude Include="include\vxRenderAspect\Graphics\Commands\PolygonOffsetCommand.h">
      <Filter>Header Files\Graphics\Commands</Filter>
    </ClInclude>
    <ClInclude Include="include\vxRenderAspect\Graphics\Commands\ProgramUniformCommand.h">
      <Filter>Header Files\Graphics\Commands</Filter>
    </ClInclude>
    <ClInclude Include="include\vxRenderAspect\Graphics\Commands\ViewportCommand.h">
      <Filter>Header Files\Graphics\Commands</Filter>
    </ClInclude>
    <ClInclude Include="include\vxRenderAspect\Graphics\Commands\BarrierCommand.h">
      <Filter>Header Files\Graphics\Commands</Filter>
    </ClInclude>
    <ClInclude Include="include\vxRenderAspect\Graphics\Commands\ClearColorCommand.h">
      <Filter>Header Files\Graphics\Commands</Filter>
    </ClInclude>
    <ClInclude Include="include\vxRenderAspect\gl\BufferManager.h">
      <Filter>Header Files\gl</Filter>
    </ClInclude>
    <ClInclude Include="include\vxRenderAspect\gl\ObjectManager.h">
      <Filter>Header Files\gl</Filter>
    </ClInclude>
    <ClInclude Include="include\vxRenderAspect\gl\BufferBindingManager.h">
      <Filter>Header Files\gl</Filter>
    </ClInclude>
    <ClInclude Include="include\vxRenderAspect\dllExport.h">
      <Filter>Header Files</Filter>
    </ClInclude>
    <ClInclude Include="..\..\game\data\shaders\include\common.h">
      <Filter>Shaders\include</Filter>
    </ClInclude>
    <ClInclude Include="..\..\game\data\shaders\include\UniformFrustumBuffer.h">
      <Filter>Shaders\include</Filter>
    </ClInclude>
    <ClInclude Include="..\..\game\data\shaders\include\UniformReflectionBuffer.h">
      <Filter>Shaders\include</Filter>
    </ClInclude>
    <ClInclude Include="..\..\game\data\shaders\include\UniformShadowTextureBuffer.h">
      <Filter>Shaders\include</Filter>
    </ClInclude>
    <ClInclude Include="..\..\game\data\shaders\include\UniformShadowTransformBuffer.h">
      <Filter>Shaders\include</Filter>
    </ClInclude>
    <ClInclude Include="..\..\game\data\shaders\include\UniformCameraBufferStatic.h">
      <Filter>Shaders\include</Filter>
    </ClInclude>
    <ClInclude Include="include\vxRenderAspect\ProgramUniformBinding.h">
      <Filter>Header Files</Filter>
    </ClInclude>
    <ClInclude Include="include\vxRenderAspect\Graphics\GBufferRenderer.h">
      <Filter>Header Files\Graphics\Renderer</Filter>
    </ClInclude>
    <ClInclude Include="include\vxRenderAspect\Graphics\ShadowRenderer.h">
      <Filter>Header Files\Graphics\Renderer</Filter>
    </ClInclude>
    <ClInclude Include="include\vxRenderAspect\Graphics\VoxelRenderer.h">
      <Filter>Header Files\Graphics\Renderer</Filter>
    </ClInclude>
    <ClInclude Include="include\vxRenderAspect\Graphics\TextRenderer.h">
      <Filter>Header Files\Graphics\Renderer</Filter>
    </ClInclude>
    <ClInclude Include="include\vxRenderAspect\Graphics\Commands\BlendFuncCommand.h">
      <Filter>Header Files\Graphics\Commands</Filter>
    </ClInclude>
    <ClInclude Include="include\vxRenderAspect\Graphics\Commands\BlendEquationCommand.h">
      <Filter>Header Files\Graphics\Commands</Filter>
    </ClInclude>
  </ItemGroup>
  <ItemGroup>
    <None Include="..\..\game\data\shaders\blurpass.pipe">
      <Filter>Shader Pipelines</Filter>
    </None>
    <None Include="..\..\game\data\shaders\blurpass2.pipe">
      <Filter>Shader Pipelines</Filter>
    </None>
    <None Include="..\..\game\data\shaders\blurShadowY.pipe">
      <Filter>Shader Pipelines</Filter>
    </None>
    <None Include="..\..\game\data\shaders\coneTrace.pipe">
      <Filter>Shader Pipelines</Filter>
    </None>
    <None Include="..\..\game\data\shaders\createConeTraceList.pipe">
      <Filter>Shader Pipelines</Filter>
    </None>
    <None Include="..\..\game\data\shaders\drawFinalImageAlbedo.pipe">
      <Filter>Shader Pipelines</Filter>
    </None>
    <None Include="..\..\game\data\shaders\drawFinalImageNormals.pipe">
      <Filter>Shader Pipelines</Filter>
    </None>
    <None Include="..\..\game\data\shaders\drawMeshToGBuffer.pipe">
      <Filter>Shader Pipelines</Filter>
    </None>
    <None Include="..\..\game\data\shaders\draw_aabb.pipe">
      <Filter>Shader Pipelines</Filter>
    </None>
    <None Include="..\..\game\data\shaders\draw_final_image.pipe">
      <Filter>Shader Pipelines</Filter>
    </None>
    <None Include="..\..\game\data\shaders\editorDrawMesh.pipe">
      <Filter>Shader Pipelines</Filter>
    </None>
    <None Include="..\..\game\data\shaders\editorDrawNavmeshConnection.pipe">
      <Filter>Shader Pipelines</Filter>
    </None>
    <None Include="..\..\game\data\shaders\editorDrawPointColor.pipe">
      <Filter>Shader Pipelines</Filter>
    </None>
    <None Include="..\..\game\data\shaders\editorDrawLights.pipe">
      <Filter>Shader Pipelines</Filter>
    </None>
    <None Include="..\..\game\data\shaders\editorDrawSpawn.pipe">
      <Filter>Shader Pipelines</Filter>
    </None>
    <None Include="..\..\game\data\shaders\editorDrawPoint.pipe">
      <Filter>Shader Pipelines</Filter>
    </None>
    <None Include="..\..\game\data\shaders\editorDrawInfluenceCell.pipe">
      <Filter>Shader Pipelines</Filter>
    </None>
    <None Include="..\..\game\data\shaders\editorSelectedMesh.pipe">
      <Filter>Shader Pipelines</Filter>
    </None>
    <None Include="..\..\game\data\shaders\forward_render.pipe">
      <Filter>Shader Pipelines</Filter>
    </None>
    <None Include="..\..\game\data\shaders\graph.pipe">
      <Filter>Shader Pipelines</Filter>
    </None>
    <None Include="..\..\game\data\shaders\influenceMap.pipe">
      <Filter>Shader Pipelines</Filter>
    </None>
    <None Include="..\..\game\data\shaders\navmesh.pipe">
      <Filter>Shader Pipelines</Filter>
    </None>
    <None Include="..\..\game\data\shaders\resetLightCmdBuffer.pipe">
      <Filter>Shader Pipelines</Filter>
    </None>
    <None Include="..\..\game\data\shaders\shadow.pipe">
      <Filter>Shader Pipelines</Filter>
    </None>
    <None Include="..\..\game\data\shaders\shadowVsm.pipe">
      <Filter>Shader Pipelines</Filter>
    </None>
    <None Include="..\..\game\data\shaders\text.pipe">
      <Filter>Shader Pipelines</Filter>
    </None>
    <None Include="..\..\game\data\shaders\volume.pipe">
      <Filter>Shader Pipelines</Filter>
    </None>
    <None Include="..\..\game\data\shaders\voxelize.pipe">
      <Filter>Shader Pipelines</Filter>
    </None>
    <None Include="..\..\game\data\shaders\voxelMipmap.pipe">
      <Filter>Shader Pipelines</Filter>
    </None>
    <None Include="..\..\game\data\shaders\voxel_debug.pipe">
      <Filter>Shader Pipelines</Filter>
    </None>
    <None Include="..\..\game\data\shaders\programs\blurNew.frag">
      <Filter>Shaders</Filter>
    </None>
    <None Include="..\..\game\data\shaders\programs\blurpass.frag">
      <Filter>Shaders</Filter>
    </None>
    <None Include="..\..\game\data\shaders\programs\blurpass2.frag">
      <Filter>Shaders</Filter>
    </None>
    <None Include="..\..\game\data\shaders\programs\coneTrace.frag">
      <Filter>Shaders</Filter>
    </None>
    <None Include="..\..\game\data\shaders\programs\coneTrace.vert">
      <Filter>Shaders</Filter>
    </None>
    <None Include="..\..\game\data\shaders\programs\createConeTraceList.frag">
      <Filter>Shaders</Filter>
    </None>
    <None Include="..\..\game\data\shaders\programs\createConeTraceList.geom">
      <Filter>Shaders</Filter>
    </None>
    <None Include="..\..\game\data\shaders\programs\createLightCmdBuffer.vert">
      <Filter>Shaders</Filter>
    </None>
    <None Include="..\..\game\data\shaders\programs\drawDynamicMesh.vert">
      <Filter>Shaders</Filter>
    </None>
    <None Include="..\..\game\data\shaders\programs\drawMesh.vert">
      <Filter>Shaders</Filter>
    </None>
    <None Include="..\..\game\data\shaders\programs\drawMeshToGBuffer.frag">
      <Filter>Shaders</Filter>
    </None>
    <None Include="..\..\game\data\shaders\programs\create_aabb.fs.glsl">
      <Filter>Shaders</Filter>
    </None>
    <None Include="..\..\game\data\shaders\programs\create_aabb.gs.glsl">
      <Filter>Shaders</Filter>
    </None>
    <None Include="..\..\game\data\shaders\programs\create_aabb.vs.glsl">
      <Filter>Shaders</Filter>
    </None>
    <None Include="..\..\game\data\shaders\programs\drawFinalImageAlbedo.frag">
      <Filter>Shaders</Filter>
    </None>
    <None Include="..\..\game\data\shaders\programs\drawFinalImageNormals.frag">
      <Filter>Shaders</Filter>
    </None>
    <None Include="..\..\game\data\shaders\programs\draw_aabb.fs.glsl">
      <Filter>Shaders</Filter>
    </None>
    <None Include="..\..\game\data\shaders\programs\draw_aabb.gs.glsl">
      <Filter>Shaders</Filter>
    </None>
    <None Include="..\..\game\data\shaders\programs\draw_aabb.vs.glsl">
      <Filter>Shaders</Filter>
    </None>
    <None Include="..\..\game\data\shaders\programs\draw_final_image.fs.glsl">
      <Filter>Shaders</Filter>
    </None>
    <None Include="..\..\game\data\shaders\programs\editor.frag">
      <Filter>Shaders</Filter>
    </None>
    <None Include="..\..\game\data\shaders\programs\editorDrawMesh.frag">
      <Filter>Shaders</Filter>
    </None>
    <None Include="..\..\game\data\shaders\programs\editorDrawMesh.vert">
      <Filter>Shaders</Filter>
    </None>
    <None Include="..\..\game\data\shaders\programs\editorDrawLights.frag">
      <Filter>Shaders</Filter>
    </None>
    <None Include="..\..\game\data\shaders\programs\editorDrawLights.geom">
      <Filter>Shaders</Filter>
    </None>
    <None Include="..\..\game\data\shaders\programs\editorDrawLights.vert">
      <Filter>Shaders</Filter>
    </None>
    <None Include="..\..\game\data\shaders\programs\editorDrawPointColor.frag">
      <Filter>Shaders</Filter>
    </None>
    <None Include="..\..\game\data\shaders\programs\editorDrawPointColor.vert">
      <Filter>Shaders</Filter>
    </None>
    <None Include="..\..\game\data\shaders\programs\editorDrawPoint.frag">
      <Filter>Shaders</Filter>
    </None>
    <None Include="..\..\game\data\shaders\programs\editorDrawPoint.vert">
      <Filter>Shaders</Filter>
    </None>
    <None Include="..\..\game\data\shaders\programs\editorDrawSpawn.frag">
      <Filter>Shaders</Filter>
    </None>
    <None Include="..\..\game\data\shaders\programs\editorDrawSpawn.geom">
      <Filter>Shaders</Filter>
    </None>
    <None Include="..\..\game\data\shaders\programs\editorDrawSpawn.vert">
      <Filter>Shaders</Filter>
    </None>
    <None Include="..\..\game\data\shaders\programs\editorDrawInfluenceCell.frag">
      <Filter>Shaders</Filter>
    </None>
    <None Include="..\..\game\data\shaders\programs\editorDrawInfluenceCell.vert">
      <Filter>Shaders</Filter>
    </None>
    <None Include="..\..\game\data\shaders\programs\editorSelectedMesh.frag">
      <Filter>Shaders</Filter>
    </None>
    <None Include="..\..\game\data\shaders\programs\graph.fs.glsl">
      <Filter>Shaders</Filter>
    </None>
    <None Include="..\..\game\data\shaders\programs\graph.vs.glsl">
      <Filter>Shaders</Filter>
    </None>
    <None Include="..\..\game\data\shaders\programs\influenceMap.frag">
      <Filter>Shaders</Filter>
    </None>
    <None Include="..\..\game\data\shaders\programs\influenceMap.geom">
      <Filter>Shaders</Filter>
    </None>
    <None Include="..\..\game\data\shaders\programs\influenceMap.vert">
      <Filter>Shaders</Filter>
    </None>
    <None Include="..\..\game\data\shaders\programs\navmesh.fs.glsl">
      <Filter>Shaders</Filter>
    </None>
    <None Include="..\..\game\data\shaders\programs\navmesh.vs.glsl">
      <Filter>Shaders</Filter>
    </None>
    <None Include="..\..\game\data\shaders\programs\reflectionCubemap.frag">
      <Filter>Shaders</Filter>
    </None>
    <None Include="..\..\game\data\shaders\programs\reflectionCubemap.geom">
      <Filter>Shaders</Filter>
    </None>
    <None Include="..\..\game\data\shaders\programs\resetLightCmdBuffer.vert">
      <Filter>Shaders</Filter>
    </None>
    <None Include="..\..\game\data\shaders\programs\screenquad.fs.glsl">
      <Filter>Shaders</Filter>
    </None>
    <None Include="..\..\game\data\shaders\programs\screenquad.gs.glsl">
      <Filter>Shaders</Filter>
    </None>
    <None Include="..\..\game\data\shaders\programs\screenquad.vs.glsl">
      <Filter>Shaders</Filter>
    </None>
    <None Include="..\..\game\data\shaders\programs\screenquadRay.gs.glsl">
      <Filter>Shaders</Filter>
    </None>
    <None Include="..\..\game\data\shaders\programs\shadow.frag">
      <Filter>Shaders</Filter>
    </None>
    <None Include="..\..\game\data\shaders\programs\shadow.gs.glsl">
      <Filter>Shaders</Filter>
    </None>
    <None Include="..\..\game\data\shaders\programs\shadow.vs.glsl">
      <Filter>Shaders</Filter>
    </None>
    <None Include="..\..\game\data\shaders\programs\shadowParaboloid.frag">
      <Filter>Shaders</Filter>
    </None>
    <None Include="..\..\game\data\shaders\programs\shadowParaboloid.geom">
      <Filter>Shaders</Filter>
    </None>
    <None Include="..\..\game\data\shaders\programs\text.fs.glsl">
      <Filter>Shaders</Filter>
    </None>
    <None Include="..\..\game\data\shaders\programs\text.vs.glsl">
      <Filter>Shaders</Filter>
    </None>
    <None Include="..\..\game\data\shaders\programs\volume.frag">
      <Filter>Shaders</Filter>
    </None>
    <None Include="..\..\game\data\shaders\programs\volume.geom">
      <Filter>Shaders</Filter>
    </None>
    <None Include="..\..\game\data\shaders\programs\volume.vert">
      <Filter>Shaders</Filter>
    </None>
    <None Include="..\..\game\data\shaders\programs\voxelize.fs.glsl">
      <Filter>Shaders</Filter>
    </None>
    <None Include="..\..\game\data\shaders\programs\voxelize.gs.glsl">
      <Filter>Shaders</Filter>
    </None>
    <None Include="..\..\game\data\shaders\programs\voxelize.vs.glsl">
      <Filter>Shaders</Filter>
    </None>
    <None Include="..\..\game\data\shaders\programs\voxelizeLight.frag">
      <Filter>Shaders</Filter>
    </None>
    <None Include="..\..\game\data\shaders\programs\voxelizeLight.geom">
      <Filter>Shaders</Filter>
    </None>
    <None Include="..\..\game\data\shaders\programs\voxelizeLight.vert">
      <Filter>Shaders</Filter>
    </None>
    <None Include="..\..\game\data\shaders\programs\voxelMipmap.comp">
      <Filter>Shaders</Filter>
    </None>
    <None Include="..\..\game\data\shaders\programs\voxelMipmap.vert">
      <Filter>Shaders</Filter>
    </None>
    <None Include="..\..\game\data\shaders\programs\voxel_debug.fs.glsl">
      <Filter>Shaders</Filter>
    </None>
    <None Include="..\..\game\data\shaders\programs\voxel_debug.gs.glsl">
      <Filter>Shaders</Filter>
    </None>
    <None Include="..\..\game\data\shaders\programs\voxel_debug.vs.glsl">
      <Filter>Shaders</Filter>
    </None>
    <None Include="..\..\game\data\shaders\include\atomicCounters.glsl">
      <Filter>Shaders\include</Filter>
    </None>
    <None Include="..\..\game\data\shaders\include\math.glsl">
      <Filter>Shaders\include</Filter>
    </None>
    <None Include="..\..\game\data\shaders\include\mesh.glsl">
      <Filter>Shaders\include</Filter>
    </None>
    <None Include="..\..\game\data\shaders\include\structs.glsl">
      <Filter>Shaders\include</Filter>
    </None>
    <None Include="..\..\game\data\shaders\include\UniformCameraBuffer.h">
      <Filter>Shaders\include</Filter>
    </None>
    <None Include="..\..\game\data\shaders\include\uniform_buffers.glsl">
      <Filter>Shaders\include</Filter>
    </None>
    <None Include="..\..\game\data\shaders\include\buffers.glsl">
      <Filter>Shaders\include</Filter>
    </None>
    <None Include="..\..\game\data\shaders\include\quaternion.glsl">
      <Filter>Shaders\include</Filter>
    </None>
  </ItemGroup>
</Project>